
Microsoft Visual Studio Solution File, Format Version 12.00
# Visual Studio Version 16
VisualStudioVersion = 16.0.30011.22
MinimumVisualStudioVersion = 10.0.40219.1
Project("{9A19103F-16F7-4668-BE54-9A1E7A4F7556}") = "StringManipulator1", "StringManipulator1\StringManipulator1.csproj", "{EF4AD6CE-8EAF-4345-80CD-F932B55F73C5}"
EndProject
Project("{FAE04EC0-301F-11D3-BF4B-00C04F79EFBC}") = "MessageDecrypter1", "MessageDecrypter1\MessageDecrypter1.csproj", "{8AB2F012-9D2D-49D8-BEB2-05B8A1A3911C}"
EndProject
Project("{FAE04EC0-301F-11D3-BF4B-00C04F79EFBC}") = "MessageManager", "MessageManager\MessageManager.csproj", "{4299D47A-BD3C-43A5-B35B-D363D7C10A2E}"
EndProject
Global
	GlobalSection(SolutionConfigurationPlatforms) = preSolution
		Debug|Any CPU = Debug|Any CPU
		Release|Any CPU = Release|Any CPU
	EndGlobalSection
	GlobalSection(ProjectConfigurationPlatforms) = postSolution
		{EF4AD6CE-8EAF-4345-80CD-F932B55F73C5}.Debug|Any CPU.ActiveCfg = Debug|Any CPU
		{EF4AD6CE-8EAF-4345-80CD-F932B55F73C5}.Debug|Any CPU.Build.0 = Debug|Any CPU
		{EF4AD6CE-8EAF-4345-80CD-F932B55F73C5}.Release|Any CPU.ActiveCfg = Release|Any CPU
		{EF4AD6CE-8EAF-4345-80CD-F932B55F73C5}.Release|Any CPU.Build.0 = Release|Any CPU
		{8AB2F012-9D2D-49D8-BEB2-05B8A1A3911C}.Debug|Any CPU.ActiveCfg = Debug|Any CPU
		{8AB2F012-9D2D-49D8-BEB2-05B8A1A3911C}.Debug|Any CPU.Build.0 = Debug|Any CPU
		{8AB2F012-9D2D-49D8-BEB2-05B8A1A3911C}.Release|Any CPU.ActiveCfg = Release|Any CPU
		{8AB2F012-9D2D-49D8-BEB2-05B8A1A3911C}.Release|Any CPU.Build.0 = Release|Any CPU
		{4299D47A-BD3C-43A5-B35B-D363D7C10A2E}.Debug|Any CPU.ActiveCfg = Debug|Any CPU
		{4299D47A-BD3C-43A5-B35B-D363D7C10A2E}.Debug|Any CPU.Build.0 = Debug|Any CPU
		{4299D47A-BD3C-43A5-B35B-D363D7C10A2E}.Release|Any CPU.ActiveCfg = Release|Any CPU
		{4299D47A-BD3C-43A5-B35B-D363D7C10A2E}.Release|Any CPU.Build.0 = Release|Any CPU
	EndGlobalSection
	GlobalSection(SolutionProperties) = preSolution
		HideSolutionNode = FALSE
	EndGlobalSection
	GlobalSection(ExtensibilityGlobals) = postSolution
		SolutionGuid = {0680CB48-24FD-487D-A297-12D87EE5224E}
	EndGlobalSection
EndGlobal
