
Microsoft Visual Studio Solution File, Format Version 12.00
# Visual Studio Version 16
VisualStudioVersion = 16.0.30011.22
MinimumVisualStudioVersion = 10.0.40219.1
Project("{9A19103F-16F7-4668-BE54-9A1E7A4F7556}") = "Practice", "ObjectsAndClassesLab\Practice.csproj", "{83F8A838-3B9D-466C-AE6C-4A796434E030}"
EndProject
Project("{2150E333-8FDC-42A3-9474-1A3956D46DE8}") = "ObjectsAndClassesLab", "ObjectsAndClassesLab", "{588500DC-939A-4967-8A81-80810BADAB3E}"
EndProject
Project("{9A19103F-16F7-4668-BE54-9A1E7A4F7556}") = "DayOfWeek", "DayOfWeek\DayOfWeek.csproj", "{5DF9DE65-A2B6-48BD-BEFD-E3F6C75037D8}"
EndProject
Project("{9A19103F-16F7-4668-BE54-9A1E7A4F7556}") = "RandomizeWords", "RandomizeWords\RandomizeWords.csproj", "{4095455A-E709-4654-B1C1-A64B5B26E4C8}"
EndProject
Project("{9A19103F-16F7-4668-BE54-9A1E7A4F7556}") = "BigFactorial", "BigFactorial\BigFactorial.csproj", "{8BCAD9F2-6BB7-46AF-B440-49D47DFA7520}"
EndProject
Project("{9A19103F-16F7-4668-BE54-9A1E7A4F7556}") = "Songs", "Songs\Songs.csproj", "{1CA51217-5CF9-4CD2-A3C0-BC1AA7D360E2}"
EndProject
Project("{9A19103F-16F7-4668-BE54-9A1E7A4F7556}") = "Students", "Students\Students.csproj", "{8A3C04C7-EF80-4F89-9C97-014AD80DCDA8}"
EndProject
Project("{9A19103F-16F7-4668-BE54-9A1E7A4F7556}") = "Students2.0", "Students2.0\Students2.0.csproj", "{28755732-2F4D-468C-8892-D89C2C554FD8}"
EndProject
Project("{9A19103F-16F7-4668-BE54-9A1E7A4F7556}") = "StoreBoxes", "StoreBoxes\StoreBoxes.csproj", "{A78E4487-36CD-4619-BB32-6CAD79D299B1}"
EndProject
Project("{9A19103F-16F7-4668-BE54-9A1E7A4F7556}") = "VehicleCatalogue", "VehicleCatalogue\VehicleCatalogue.csproj", "{C400F4B7-7C22-44C9-BB3A-A3A544F07992}"
EndProject
Project("{2150E333-8FDC-42A3-9474-1A3956D46DE8}") = "ObjectsAndClassesExercise", "ObjectsAndClassesExercise", "{213172F2-C27F-4DAB-A8E1-487CC824EBD2}"
EndProject
Project("{9A19103F-16F7-4668-BE54-9A1E7A4F7556}") = "AdvertisementMessage", "AdvertisementMessage\AdvertisementMessage.csproj", "{7B054DD4-0FAB-4791-8130-29BB9BD3C9F5}"
EndProject
Project("{9A19103F-16F7-4668-BE54-9A1E7A4F7556}") = "Articles", "Articles\Articles.csproj", "{67D6B022-3F84-4037-9771-A38638766E34}"
EndProject
Project("{9A19103F-16F7-4668-BE54-9A1E7A4F7556}") = "BitWise", "BitWise\BitWise.csproj", "{14674FE0-CF1F-41C1-9AD2-E686E53482E0}"
EndProject
Project("{9A19103F-16F7-4668-BE54-9A1E7A4F7556}") = "Articles2", "Articles2\Articles2.csproj", "{B474C74E-462C-4490-AA6C-4C881F32E301}"
EndProject
Project("{9A19103F-16F7-4668-BE54-9A1E7A4F7556}") = "StudentsEx", "StudentsEx\StudentsEx.csproj", "{EF0FA6CE-B2BE-4B58-815B-064BA783DB8B}"
EndProject
Project("{9A19103F-16F7-4668-BE54-9A1E7A4F7556}") = "TeamworkProjects", "TeamworkProjects\TeamworkProjects.csproj", "{D0D2268B-FF56-431E-8B4A-A02B15FD19AE}"
EndProject
Project("{9A19103F-16F7-4668-BE54-9A1E7A4F7556}") = "VehicleCatalogueEx", "VehicleCatalogueEx\VehicleCatalogueEx.csproj", "{0C2A04C2-E3FB-4355-8367-4612B5D38127}"
EndProject
Project("{9A19103F-16F7-4668-BE54-9A1E7A4F7556}") = "OrderByAge", "OrderByAge\OrderByAge.csproj", "{5C03BC44-556F-4DC2-94B2-87D626B103AB}"
EndProject
Project("{2150E333-8FDC-42A3-9474-1A3956D46DE8}") = "ObjectAndClassesMoreExercises", "ObjectAndClassesMoreExercises", "{6A8BB0BE-1507-4E5B-9A08-1FF646F51B39}"
EndProject
Project("{9A19103F-16F7-4668-BE54-9A1E7A4F7556}") = "CompanyRoster", "CompanyRoster\CompanyRoster.csproj", "{5B37A80D-8FF9-4A33-8283-71F595C577F3}"
EndProject
Project("{9A19103F-16F7-4668-BE54-9A1E7A4F7556}") = "OldestFamilyMember", "OldestFamilyMember\OldestFamilyMember.csproj", "{706146A5-6D00-4171-8194-E7D938886125}"
EndProject
Project("{9A19103F-16F7-4668-BE54-9A1E7A4F7556}") = "SpeedRacing", "SpeedRacing\SpeedRacing.csproj", "{BC536366-E6C0-489E-AD23-A57BF52C4556}"
EndProject
Project("{9A19103F-16F7-4668-BE54-9A1E7A4F7556}") = "RawData", "RawData\RawData.csproj", "{96988C1D-6F51-4DF4-805E-12FE9896E691}"
EndProject
Project("{9A19103F-16F7-4668-BE54-9A1E7A4F7556}") = "ShoppingSpree", "ShoppingSpree\ShoppingSpree.csproj", "{767E2B45-B3E2-46F8-BC13-1385B1398BFC}"
EndProject
Project("{2150E333-8FDC-42A3-9474-1A3956D46DE8}") = "ObjectAndClassesArchive", "ObjectAndClassesArchive", "{7999A479-8328-452E-BDA0-A83F5E6D3829}"
EndProject
Project("{FAE04EC0-301F-11D3-BF4B-00C04F79EFBC}") = "CountWorkingDays", "CountWorkingDays\CountWorkingDays.csproj", "{AD641A75-9255-40A5-B466-1DBDA5ACD963}"
EndProject
Global
	GlobalSection(SolutionConfigurationPlatforms) = preSolution
		Debug|Any CPU = Debug|Any CPU
		Release|Any CPU = Release|Any CPU
	EndGlobalSection
	GlobalSection(ProjectConfigurationPlatforms) = postSolution
		{83F8A838-3B9D-466C-AE6C-4A796434E030}.Debug|Any CPU.ActiveCfg = Debug|Any CPU
		{83F8A838-3B9D-466C-AE6C-4A796434E030}.Debug|Any CPU.Build.0 = Debug|Any CPU
		{83F8A838-3B9D-466C-AE6C-4A796434E030}.Release|Any CPU.ActiveCfg = Release|Any CPU
		{83F8A838-3B9D-466C-AE6C-4A796434E030}.Release|Any CPU.Build.0 = Release|Any CPU
		{5DF9DE65-A2B6-48BD-BEFD-E3F6C75037D8}.Debug|Any CPU.ActiveCfg = Debug|Any CPU
		{5DF9DE65-A2B6-48BD-BEFD-E3F6C75037D8}.Debug|Any CPU.Build.0 = Debug|Any CPU
		{5DF9DE65-A2B6-48BD-BEFD-E3F6C75037D8}.Release|Any CPU.ActiveCfg = Release|Any CPU
		{5DF9DE65-A2B6-48BD-BEFD-E3F6C75037D8}.Release|Any CPU.Build.0 = Release|Any CPU
		{4095455A-E709-4654-B1C1-A64B5B26E4C8}.Debug|Any CPU.ActiveCfg = Debug|Any CPU
		{4095455A-E709-4654-B1C1-A64B5B26E4C8}.Debug|Any CPU.Build.0 = Debug|Any CPU
		{4095455A-E709-4654-B1C1-A64B5B26E4C8}.Release|Any CPU.ActiveCfg = Release|Any CPU
		{4095455A-E709-4654-B1C1-A64B5B26E4C8}.Release|Any CPU.Build.0 = Release|Any CPU
		{8BCAD9F2-6BB7-46AF-B440-49D47DFA7520}.Debug|Any CPU.ActiveCfg = Debug|Any CPU
		{8BCAD9F2-6BB7-46AF-B440-49D47DFA7520}.Debug|Any CPU.Build.0 = Debug|Any CPU
		{8BCAD9F2-6BB7-46AF-B440-49D47DFA7520}.Release|Any CPU.ActiveCfg = Release|Any CPU
		{8BCAD9F2-6BB7-46AF-B440-49D47DFA7520}.Release|Any CPU.Build.0 = Release|Any CPU
		{1CA51217-5CF9-4CD2-A3C0-BC1AA7D360E2}.Debug|Any CPU.ActiveCfg = Debug|Any CPU
		{1CA51217-5CF9-4CD2-A3C0-BC1AA7D360E2}.Debug|Any CPU.Build.0 = Debug|Any CPU
		{1CA51217-5CF9-4CD2-A3C0-BC1AA7D360E2}.Release|Any CPU.ActiveCfg = Release|Any CPU
		{1CA51217-5CF9-4CD2-A3C0-BC1AA7D360E2}.Release|Any CPU.Build.0 = Release|Any CPU
		{8A3C04C7-EF80-4F89-9C97-014AD80DCDA8}.Debug|Any CPU.ActiveCfg = Debug|Any CPU
		{8A3C04C7-EF80-4F89-9C97-014AD80DCDA8}.Debug|Any CPU.Build.0 = Debug|Any CPU
		{8A3C04C7-EF80-4F89-9C97-014AD80DCDA8}.Release|Any CPU.ActiveCfg = Release|Any CPU
		{8A3C04C7-EF80-4F89-9C97-014AD80DCDA8}.Release|Any CPU.Build.0 = Release|Any CPU
		{28755732-2F4D-468C-8892-D89C2C554FD8}.Debug|Any CPU.ActiveCfg = Debug|Any CPU
		{28755732-2F4D-468C-8892-D89C2C554FD8}.Debug|Any CPU.Build.0 = Debug|Any CPU
		{28755732-2F4D-468C-8892-D89C2C554FD8}.Release|Any CPU.ActiveCfg = Release|Any CPU
		{28755732-2F4D-468C-8892-D89C2C554FD8}.Release|Any CPU.Build.0 = Release|Any CPU
		{A78E4487-36CD-4619-BB32-6CAD79D299B1}.Debug|Any CPU.ActiveCfg = Debug|Any CPU
		{A78E4487-36CD-4619-BB32-6CAD79D299B1}.Debug|Any CPU.Build.0 = Debug|Any CPU
		{A78E4487-36CD-4619-BB32-6CAD79D299B1}.Release|Any CPU.ActiveCfg = Release|Any CPU
		{A78E4487-36CD-4619-BB32-6CAD79D299B1}.Release|Any CPU.Build.0 = Release|Any CPU
		{C400F4B7-7C22-44C9-BB3A-A3A544F07992}.Debug|Any CPU.ActiveCfg = Debug|Any CPU
		{C400F4B7-7C22-44C9-BB3A-A3A544F07992}.Debug|Any CPU.Build.0 = Debug|Any CPU
		{C400F4B7-7C22-44C9-BB3A-A3A544F07992}.Release|Any CPU.ActiveCfg = Release|Any CPU
		{C400F4B7-7C22-44C9-BB3A-A3A544F07992}.Release|Any CPU.Build.0 = Release|Any CPU
		{7B054DD4-0FAB-4791-8130-29BB9BD3C9F5}.Debug|Any CPU.ActiveCfg = Debug|Any CPU
		{7B054DD4-0FAB-4791-8130-29BB9BD3C9F5}.Debug|Any CPU.Build.0 = Debug|Any CPU
		{7B054DD4-0FAB-4791-8130-29BB9BD3C9F5}.Release|Any CPU.ActiveCfg = Release|Any CPU
		{7B054DD4-0FAB-4791-8130-29BB9BD3C9F5}.Release|Any CPU.Build.0 = Release|Any CPU
		{67D6B022-3F84-4037-9771-A38638766E34}.Debug|Any CPU.ActiveCfg = Debug|Any CPU
		{67D6B022-3F84-4037-9771-A38638766E34}.Debug|Any CPU.Build.0 = Debug|Any CPU
		{67D6B022-3F84-4037-9771-A38638766E34}.Release|Any CPU.ActiveCfg = Release|Any CPU
		{67D6B022-3F84-4037-9771-A38638766E34}.Release|Any CPU.Build.0 = Release|Any CPU
		{14674FE0-CF1F-41C1-9AD2-E686E53482E0}.Debug|Any CPU.ActiveCfg = Debug|Any CPU
		{14674FE0-CF1F-41C1-9AD2-E686E53482E0}.Debug|Any CPU.Build.0 = Debug|Any CPU
		{14674FE0-CF1F-41C1-9AD2-E686E53482E0}.Release|Any CPU.ActiveCfg = Release|Any CPU
		{14674FE0-CF1F-41C1-9AD2-E686E53482E0}.Release|Any CPU.Build.0 = Release|Any CPU
		{B474C74E-462C-4490-AA6C-4C881F32E301}.Debug|Any CPU.ActiveCfg = Debug|Any CPU
		{B474C74E-462C-4490-AA6C-4C881F32E301}.Debug|Any CPU.Build.0 = Debug|Any CPU
		{B474C74E-462C-4490-AA6C-4C881F32E301}.Release|Any CPU.ActiveCfg = Release|Any CPU
		{B474C74E-462C-4490-AA6C-4C881F32E301}.Release|Any CPU.Build.0 = Release|Any CPU
		{EF0FA6CE-B2BE-4B58-815B-064BA783DB8B}.Debug|Any CPU.ActiveCfg = Debug|Any CPU
		{EF0FA6CE-B2BE-4B58-815B-064BA783DB8B}.Debug|Any CPU.Build.0 = Debug|Any CPU
		{EF0FA6CE-B2BE-4B58-815B-064BA783DB8B}.Release|Any CPU.ActiveCfg = Release|Any CPU
		{EF0FA6CE-B2BE-4B58-815B-064BA783DB8B}.Release|Any CPU.Build.0 = Release|Any CPU
		{D0D2268B-FF56-431E-8B4A-A02B15FD19AE}.Debug|Any CPU.ActiveCfg = Debug|Any CPU
		{D0D2268B-FF56-431E-8B4A-A02B15FD19AE}.Debug|Any CPU.Build.0 = Debug|Any CPU
		{D0D2268B-FF56-431E-8B4A-A02B15FD19AE}.Release|Any CPU.ActiveCfg = Release|Any CPU
		{D0D2268B-FF56-431E-8B4A-A02B15FD19AE}.Release|Any CPU.Build.0 = Release|Any CPU
		{0C2A04C2-E3FB-4355-8367-4612B5D38127}.Debug|Any CPU.ActiveCfg = Debug|Any CPU
		{0C2A04C2-E3FB-4355-8367-4612B5D38127}.Debug|Any CPU.Build.0 = Debug|Any CPU
		{0C2A04C2-E3FB-4355-8367-4612B5D38127}.Release|Any CPU.ActiveCfg = Release|Any CPU
		{0C2A04C2-E3FB-4355-8367-4612B5D38127}.Release|Any CPU.Build.0 = Release|Any CPU
		{5C03BC44-556F-4DC2-94B2-87D626B103AB}.Debug|Any CPU.ActiveCfg = Debug|Any CPU
		{5C03BC44-556F-4DC2-94B2-87D626B103AB}.Debug|Any CPU.Build.0 = Debug|Any CPU
		{5C03BC44-556F-4DC2-94B2-87D626B103AB}.Release|Any CPU.ActiveCfg = Release|Any CPU
		{5C03BC44-556F-4DC2-94B2-87D626B103AB}.Release|Any CPU.Build.0 = Release|Any CPU
		{5B37A80D-8FF9-4A33-8283-71F595C577F3}.Debug|Any CPU.ActiveCfg = Debug|Any CPU
		{5B37A80D-8FF9-4A33-8283-71F595C577F3}.Debug|Any CPU.Build.0 = Debug|Any CPU
		{5B37A80D-8FF9-4A33-8283-71F595C577F3}.Release|Any CPU.ActiveCfg = Release|Any CPU
		{5B37A80D-8FF9-4A33-8283-71F595C577F3}.Release|Any CPU.Build.0 = Release|Any CPU
		{706146A5-6D00-4171-8194-E7D938886125}.Debug|Any CPU.ActiveCfg = Debug|Any CPU
		{706146A5-6D00-4171-8194-E7D938886125}.Debug|Any CPU.Build.0 = Debug|Any CPU
		{706146A5-6D00-4171-8194-E7D938886125}.Release|Any CPU.ActiveCfg = Release|Any CPU
		{706146A5-6D00-4171-8194-E7D938886125}.Release|Any CPU.Build.0 = Release|Any CPU
		{BC536366-E6C0-489E-AD23-A57BF52C4556}.Debug|Any CPU.ActiveCfg = Debug|Any CPU
		{BC536366-E6C0-489E-AD23-A57BF52C4556}.Debug|Any CPU.Build.0 = Debug|Any CPU
		{BC536366-E6C0-489E-AD23-A57BF52C4556}.Release|Any CPU.ActiveCfg = Release|Any CPU
		{BC536366-E6C0-489E-AD23-A57BF52C4556}.Release|Any CPU.Build.0 = Release|Any CPU
		{96988C1D-6F51-4DF4-805E-12FE9896E691}.Debug|Any CPU.ActiveCfg = Debug|Any CPU
		{96988C1D-6F51-4DF4-805E-12FE9896E691}.Debug|Any CPU.Build.0 = Debug|Any CPU
		{96988C1D-6F51-4DF4-805E-12FE9896E691}.Release|Any CPU.ActiveCfg = Release|Any CPU
		{96988C1D-6F51-4DF4-805E-12FE9896E691}.Release|Any CPU.Build.0 = Release|Any CPU
		{767E2B45-B3E2-46F8-BC13-1385B1398BFC}.Debug|Any CPU.ActiveCfg = Debug|Any CPU
		{767E2B45-B3E2-46F8-BC13-1385B1398BFC}.Debug|Any CPU.Build.0 = Debug|Any CPU
		{767E2B45-B3E2-46F8-BC13-1385B1398BFC}.Release|Any CPU.ActiveCfg = Release|Any CPU
		{767E2B45-B3E2-46F8-BC13-1385B1398BFC}.Release|Any CPU.Build.0 = Release|Any CPU
		{AD641A75-9255-40A5-B466-1DBDA5ACD963}.Debug|Any CPU.ActiveCfg = Debug|Any CPU
		{AD641A75-9255-40A5-B466-1DBDA5ACD963}.Debug|Any CPU.Build.0 = Debug|Any CPU
		{AD641A75-9255-40A5-B466-1DBDA5ACD963}.Release|Any CPU.ActiveCfg = Release|Any CPU
		{AD641A75-9255-40A5-B466-1DBDA5ACD963}.Release|Any CPU.Build.0 = Release|Any CPU
	EndGlobalSection
	GlobalSection(SolutionProperties) = preSolution
		HideSolutionNode = FALSE
	EndGlobalSection
	GlobalSection(NestedProjects) = preSolution
		{5DF9DE65-A2B6-48BD-BEFD-E3F6C75037D8} = {588500DC-939A-4967-8A81-80810BADAB3E}
		{4095455A-E709-4654-B1C1-A64B5B26E4C8} = {588500DC-939A-4967-8A81-80810BADAB3E}
		{8BCAD9F2-6BB7-46AF-B440-49D47DFA7520} = {588500DC-939A-4967-8A81-80810BADAB3E}
		{1CA51217-5CF9-4CD2-A3C0-BC1AA7D360E2} = {588500DC-939A-4967-8A81-80810BADAB3E}
		{8A3C04C7-EF80-4F89-9C97-014AD80DCDA8} = {588500DC-939A-4967-8A81-80810BADAB3E}
		{28755732-2F4D-468C-8892-D89C2C554FD8} = {588500DC-939A-4967-8A81-80810BADAB3E}
		{A78E4487-36CD-4619-BB32-6CAD79D299B1} = {588500DC-939A-4967-8A81-80810BADAB3E}
		{C400F4B7-7C22-44C9-BB3A-A3A544F07992} = {588500DC-939A-4967-8A81-80810BADAB3E}
		{7B054DD4-0FAB-4791-8130-29BB9BD3C9F5} = {213172F2-C27F-4DAB-A8E1-487CC824EBD2}
		{67D6B022-3F84-4037-9771-A38638766E34} = {213172F2-C27F-4DAB-A8E1-487CC824EBD2}
		{B474C74E-462C-4490-AA6C-4C881F32E301} = {213172F2-C27F-4DAB-A8E1-487CC824EBD2}
		{EF0FA6CE-B2BE-4B58-815B-064BA783DB8B} = {213172F2-C27F-4DAB-A8E1-487CC824EBD2}
		{D0D2268B-FF56-431E-8B4A-A02B15FD19AE} = {213172F2-C27F-4DAB-A8E1-487CC824EBD2}
		{0C2A04C2-E3FB-4355-8367-4612B5D38127} = {213172F2-C27F-4DAB-A8E1-487CC824EBD2}
		{5C03BC44-556F-4DC2-94B2-87D626B103AB} = {213172F2-C27F-4DAB-A8E1-487CC824EBD2}
		{5B37A80D-8FF9-4A33-8283-71F595C577F3} = {6A8BB0BE-1507-4E5B-9A08-1FF646F51B39}
		{706146A5-6D00-4171-8194-E7D938886125} = {6A8BB0BE-1507-4E5B-9A08-1FF646F51B39}
		{BC536366-E6C0-489E-AD23-A57BF52C4556} = {6A8BB0BE-1507-4E5B-9A08-1FF646F51B39}
		{96988C1D-6F51-4DF4-805E-12FE9896E691} = {6A8BB0BE-1507-4E5B-9A08-1FF646F51B39}
		{767E2B45-B3E2-46F8-BC13-1385B1398BFC} = {6A8BB0BE-1507-4E5B-9A08-1FF646F51B39}
		{AD641A75-9255-40A5-B466-1DBDA5ACD963} = {7999A479-8328-452E-BDA0-A83F5E6D3829}
	EndGlobalSection
	GlobalSection(ExtensibilityGlobals) = postSolution
		SolutionGuid = {AF8AA652-E858-47F0-BFF2-28B45F915F34}
	EndGlobalSection
EndGlobal
