
Microsoft Visual Studio Solution File, Format Version 12.00
# Visual Studio Version 16
VisualStudioVersion = 16.0.30011.22
MinimumVisualStudioVersion = 10.0.40219.1
Project("{FAE04EC0-301F-11D3-BF4B-00C04F79EFBC}") = "EasterCozonacs", "EasterCozonacs\EasterCozonacs.csproj", "{C271C52F-1ED4-4A47-8F68-40CB49CD170D}"
EndProject
Project("{FAE04EC0-301F-11D3-BF4B-00C04F79EFBC}") = "EasterGifts", "EasterGifts\EasterGifts.csproj", "{11CEBD9B-C939-4E44-8A09-CA52FEA08EBC}"
EndProject
Project("{FAE04EC0-301F-11D3-BF4B-00C04F79EFBC}") = "EasterShopping", "EasterShopping\EasterShopping.csproj", "{52EC8BE5-E838-4C14-979B-3DA46F2D9297}"
EndProject
Global
	GlobalSection(SolutionConfigurationPlatforms) = preSolution
		Debug|Any CPU = Debug|Any CPU
		Release|Any CPU = Release|Any CPU
	EndGlobalSection
	GlobalSection(ProjectConfigurationPlatforms) = postSolution
		{C271C52F-1ED4-4A47-8F68-40CB49CD170D}.Debug|Any CPU.ActiveCfg = Debug|Any CPU
		{C271C52F-1ED4-4A47-8F68-40CB49CD170D}.Debug|Any CPU.Build.0 = Debug|Any CPU
		{C271C52F-1ED4-4A47-8F68-40CB49CD170D}.Release|Any CPU.ActiveCfg = Release|Any CPU
		{C271C52F-1ED4-4A47-8F68-40CB49CD170D}.Release|Any CPU.Build.0 = Release|Any CPU
		{11CEBD9B-C939-4E44-8A09-CA52FEA08EBC}.Debug|Any CPU.ActiveCfg = Debug|Any CPU
		{11CEBD9B-C939-4E44-8A09-CA52FEA08EBC}.Debug|Any CPU.Build.0 = Debug|Any CPU
		{11CEBD9B-C939-4E44-8A09-CA52FEA08EBC}.Release|Any CPU.ActiveCfg = Release|Any CPU
		{11CEBD9B-C939-4E44-8A09-CA52FEA08EBC}.Release|Any CPU.Build.0 = Release|Any CPU
		{52EC8BE5-E838-4C14-979B-3DA46F2D9297}.Debug|Any CPU.ActiveCfg = Debug|Any CPU
		{52EC8BE5-E838-4C14-979B-3DA46F2D9297}.Debug|Any CPU.Build.0 = Debug|Any CPU
		{52EC8BE5-E838-4C14-979B-3DA46F2D9297}.Release|Any CPU.ActiveCfg = Release|Any CPU
		{52EC8BE5-E838-4C14-979B-3DA46F2D9297}.Release|Any CPU.Build.0 = Release|Any CPU
	EndGlobalSection
	GlobalSection(SolutionProperties) = preSolution
		HideSolutionNode = FALSE
	EndGlobalSection
	GlobalSection(ExtensibilityGlobals) = postSolution
		SolutionGuid = {69C9FCAC-562A-42AA-AC60-FE88BEF474B6}
	EndGlobalSection
EndGlobal
