
Microsoft Visual Studio Solution File, Format Version 12.00
# Visual Studio Version 16
VisualStudioVersion = 16.0.30011.22
MinimumVisualStudioVersion = 10.0.40219.1
Project("{9A19103F-16F7-4668-BE54-9A1E7A4F7556}") = "BlackFlag", "BlackFlag\BlackFlag.csproj", "{8CA7A8AD-7062-47D9-9D08-93982683DB29}"
EndProject
Project("{9A19103F-16F7-4668-BE54-9A1E7A4F7556}") = "TreasureHunt", "TreasureHunt\TreasureHunt.csproj", "{C133102F-7885-46FE-94FB-5D261D383C66}"
EndProject
Project("{FAE04EC0-301F-11D3-BF4B-00C04F79EFBC}") = "ManOWar", "ManOWar\ManOWar.csproj", "{F9299C5E-AD72-47B9-8B80-DD3ED6012018}"
EndProject
Global
	GlobalSection(SolutionConfigurationPlatforms) = preSolution
		Debug|Any CPU = Debug|Any CPU
		Release|Any CPU = Release|Any CPU
	EndGlobalSection
	GlobalSection(ProjectConfigurationPlatforms) = postSolution
		{8CA7A8AD-7062-47D9-9D08-93982683DB29}.Debug|Any CPU.ActiveCfg = Debug|Any CPU
		{8CA7A8AD-7062-47D9-9D08-93982683DB29}.Debug|Any CPU.Build.0 = Debug|Any CPU
		{8CA7A8AD-7062-47D9-9D08-93982683DB29}.Release|Any CPU.ActiveCfg = Release|Any CPU
		{8CA7A8AD-7062-47D9-9D08-93982683DB29}.Release|Any CPU.Build.0 = Release|Any CPU
		{C133102F-7885-46FE-94FB-5D261D383C66}.Debug|Any CPU.ActiveCfg = Debug|Any CPU
		{C133102F-7885-46FE-94FB-5D261D383C66}.Debug|Any CPU.Build.0 = Debug|Any CPU
		{C133102F-7885-46FE-94FB-5D261D383C66}.Release|Any CPU.ActiveCfg = Release|Any CPU
		{C133102F-7885-46FE-94FB-5D261D383C66}.Release|Any CPU.Build.0 = Release|Any CPU
		{F9299C5E-AD72-47B9-8B80-DD3ED6012018}.Debug|Any CPU.ActiveCfg = Debug|Any CPU
		{F9299C5E-AD72-47B9-8B80-DD3ED6012018}.Debug|Any CPU.Build.0 = Debug|Any CPU
		{F9299C5E-AD72-47B9-8B80-DD3ED6012018}.Release|Any CPU.ActiveCfg = Release|Any CPU
		{F9299C5E-AD72-47B9-8B80-DD3ED6012018}.Release|Any CPU.Build.0 = Release|Any CPU
	EndGlobalSection
	GlobalSection(SolutionProperties) = preSolution
		HideSolutionNode = FALSE
	EndGlobalSection
	GlobalSection(ExtensibilityGlobals) = postSolution
		SolutionGuid = {E737F8CF-EAE5-4F99-B06B-62E8452D0F00}
	EndGlobalSection
EndGlobal
