
Microsoft Visual Studio Solution File, Format Version 12.00
# Visual Studio Version 16
VisualStudioVersion = 16.0.30011.22
MinimumVisualStudioVersion = 10.0.40219.1
Project("{FAE04EC0-301F-11D3-BF4B-00C04F79EFBC}") = "GiftboxCoverage", "GiftboxCoverage\GiftboxCoverage.csproj", "{680CF176-637C-4E48-8D22-2BE3B1E884B1}"
EndProject
Project("{FAE04EC0-301F-11D3-BF4B-00C04F79EFBC}") = "TasksPlanner", "TasksPlanner\TasksPlanner.csproj", "{4CF5A210-A400-4A0A-A657-6AEBC8DE4A83}"
EndProject
Project("{FAE04EC0-301F-11D3-BF4B-00C04F79EFBC}") = "FroggySquad", "FroggySquad\FroggySquad.csproj", "{5C6F6C19-131D-4B30-A0A6-CE2ED0A1D121}"
EndProject
Global
	GlobalSection(SolutionConfigurationPlatforms) = preSolution
		Debug|Any CPU = Debug|Any CPU
		Release|Any CPU = Release|Any CPU
	EndGlobalSection
	GlobalSection(ProjectConfigurationPlatforms) = postSolution
		{680CF176-637C-4E48-8D22-2BE3B1E884B1}.Debug|Any CPU.ActiveCfg = Debug|Any CPU
		{680CF176-637C-4E48-8D22-2BE3B1E884B1}.Debug|Any CPU.Build.0 = Debug|Any CPU
		{680CF176-637C-4E48-8D22-2BE3B1E884B1}.Release|Any CPU.ActiveCfg = Release|Any CPU
		{680CF176-637C-4E48-8D22-2BE3B1E884B1}.Release|Any CPU.Build.0 = Release|Any CPU
		{4CF5A210-A400-4A0A-A657-6AEBC8DE4A83}.Debug|Any CPU.ActiveCfg = Debug|Any CPU
		{4CF5A210-A400-4A0A-A657-6AEBC8DE4A83}.Debug|Any CPU.Build.0 = Debug|Any CPU
		{4CF5A210-A400-4A0A-A657-6AEBC8DE4A83}.Release|Any CPU.ActiveCfg = Release|Any CPU
		{4CF5A210-A400-4A0A-A657-6AEBC8DE4A83}.Release|Any CPU.Build.0 = Release|Any CPU
		{5C6F6C19-131D-4B30-A0A6-CE2ED0A1D121}.Debug|Any CPU.ActiveCfg = Debug|Any CPU
		{5C6F6C19-131D-4B30-A0A6-CE2ED0A1D121}.Debug|Any CPU.Build.0 = Debug|Any CPU
		{5C6F6C19-131D-4B30-A0A6-CE2ED0A1D121}.Release|Any CPU.ActiveCfg = Release|Any CPU
		{5C6F6C19-131D-4B30-A0A6-CE2ED0A1D121}.Release|Any CPU.Build.0 = Release|Any CPU
	EndGlobalSection
	GlobalSection(SolutionProperties) = preSolution
		HideSolutionNode = FALSE
	EndGlobalSection
	GlobalSection(ExtensibilityGlobals) = postSolution
		SolutionGuid = {962CC2C5-6893-4FA2-A845-C1A23A631B33}
	EndGlobalSection
EndGlobal
