
Microsoft Visual Studio Solution File, Format Version 12.00
# Visual Studio Version 16
VisualStudioVersion = 16.0.30011.22
MinimumVisualStudioVersion = 10.0.40219.1
Project("{FAE04EC0-301F-11D3-BF4B-00C04F79EFBC}") = "BiscuitsFactory", "BiscuitsFactory\BiscuitsFactory.csproj", "{FA3BBFD2-0984-43FE-968B-ADB214B8355F}"
EndProject
Project("{FAE04EC0-301F-11D3-BF4B-00C04F79EFBC}") = "Weaponsmith", "Weaponsmith\Weaponsmith.csproj", "{A7621ECA-F016-4A6C-921E-926AD951F31F}"
EndProject
Project("{FAE04EC0-301F-11D3-BF4B-00C04F79EFBC}") = "WizardPoker", "WizardPoker\WizardPoker.csproj", "{CAD25148-DFD3-44E9-8D86-95256AAAD802}"
EndProject
Global
	GlobalSection(SolutionConfigurationPlatforms) = preSolution
		Debug|Any CPU = Debug|Any CPU
		Release|Any CPU = Release|Any CPU
	EndGlobalSection
	GlobalSection(ProjectConfigurationPlatforms) = postSolution
		{FA3BBFD2-0984-43FE-968B-ADB214B8355F}.Debug|Any CPU.ActiveCfg = Debug|Any CPU
		{FA3BBFD2-0984-43FE-968B-ADB214B8355F}.Debug|Any CPU.Build.0 = Debug|Any CPU
		{FA3BBFD2-0984-43FE-968B-ADB214B8355F}.Release|Any CPU.ActiveCfg = Release|Any CPU
		{FA3BBFD2-0984-43FE-968B-ADB214B8355F}.Release|Any CPU.Build.0 = Release|Any CPU
		{A7621ECA-F016-4A6C-921E-926AD951F31F}.Debug|Any CPU.ActiveCfg = Debug|Any CPU
		{A7621ECA-F016-4A6C-921E-926AD951F31F}.Debug|Any CPU.Build.0 = Debug|Any CPU
		{A7621ECA-F016-4A6C-921E-926AD951F31F}.Release|Any CPU.ActiveCfg = Release|Any CPU
		{A7621ECA-F016-4A6C-921E-926AD951F31F}.Release|Any CPU.Build.0 = Release|Any CPU
		{CAD25148-DFD3-44E9-8D86-95256AAAD802}.Debug|Any CPU.ActiveCfg = Debug|Any CPU
		{CAD25148-DFD3-44E9-8D86-95256AAAD802}.Debug|Any CPU.Build.0 = Debug|Any CPU
		{CAD25148-DFD3-44E9-8D86-95256AAAD802}.Release|Any CPU.ActiveCfg = Release|Any CPU
		{CAD25148-DFD3-44E9-8D86-95256AAAD802}.Release|Any CPU.Build.0 = Release|Any CPU
	EndGlobalSection
	GlobalSection(SolutionProperties) = preSolution
		HideSolutionNode = FALSE
	EndGlobalSection
	GlobalSection(ExtensibilityGlobals) = postSolution
		SolutionGuid = {8A96F636-442B-4EB0-BFE4-BB81061F5B46}
	EndGlobalSection
EndGlobal
