
Microsoft Visual Studio Solution File, Format Version 12.00
# Visual Studio Version 16
VisualStudioVersion = 16.0.30330.147
MinimumVisualStudioVersion = 10.0.40219.1
Project("{FAE04EC0-301F-11D3-BF4B-00C04F79EFBC}") = "WorldTur", "WorldTur\WorldTur.csproj", "{6EAE6091-5D40-47F0-BA00-F198BB3F2A5C}"
EndProject
Project("{FAE04EC0-301F-11D3-BF4B-00C04F79EFBC}") = "DestinationMapper", "DestinationMapper\DestinationMapper.csproj", "{C5E212D2-E8A5-455F-8B41-20AA0A081CF8}"
EndProject
Project("{FAE04EC0-301F-11D3-BF4B-00C04F79EFBC}") = "PlantDiscovery", "PlantDiscovery\PlantDiscovery.csproj", "{D1988C49-49F2-4B81-9BAA-F2107C668DD7}"
EndProject
Global
	GlobalSection(SolutionConfigurationPlatforms) = preSolution
		Debug|Any CPU = Debug|Any CPU
		Release|Any CPU = Release|Any CPU
	EndGlobalSection
	GlobalSection(ProjectConfigurationPlatforms) = postSolution
		{6EAE6091-5D40-47F0-BA00-F198BB3F2A5C}.Debug|Any CPU.ActiveCfg = Debug|Any CPU
		{6EAE6091-5D40-47F0-BA00-F198BB3F2A5C}.Debug|Any CPU.Build.0 = Debug|Any CPU
		{6EAE6091-5D40-47F0-BA00-F198BB3F2A5C}.Release|Any CPU.ActiveCfg = Release|Any CPU
		{6EAE6091-5D40-47F0-BA00-F198BB3F2A5C}.Release|Any CPU.Build.0 = Release|Any CPU
		{C5E212D2-E8A5-455F-8B41-20AA0A081CF8}.Debug|Any CPU.ActiveCfg = Debug|Any CPU
		{C5E212D2-E8A5-455F-8B41-20AA0A081CF8}.Debug|Any CPU.Build.0 = Debug|Any CPU
		{C5E212D2-E8A5-455F-8B41-20AA0A081CF8}.Release|Any CPU.ActiveCfg = Release|Any CPU
		{C5E212D2-E8A5-455F-8B41-20AA0A081CF8}.Release|Any CPU.Build.0 = Release|Any CPU
		{D1988C49-49F2-4B81-9BAA-F2107C668DD7}.Debug|Any CPU.ActiveCfg = Debug|Any CPU
		{D1988C49-49F2-4B81-9BAA-F2107C668DD7}.Debug|Any CPU.Build.0 = Debug|Any CPU
		{D1988C49-49F2-4B81-9BAA-F2107C668DD7}.Release|Any CPU.ActiveCfg = Release|Any CPU
		{D1988C49-49F2-4B81-9BAA-F2107C668DD7}.Release|Any CPU.Build.0 = Release|Any CPU
	EndGlobalSection
	GlobalSection(SolutionProperties) = preSolution
		HideSolutionNode = FALSE
	EndGlobalSection
	GlobalSection(ExtensibilityGlobals) = postSolution
		SolutionGuid = {7F89A6FB-3A68-46E9-AA1D-CCD3781ED476}
	EndGlobalSection
EndGlobal
