
Microsoft Visual Studio Solution File, Format Version 12.00
# Visual Studio Version 16
VisualStudioVersion = 16.0.30011.22
MinimumVisualStudioVersion = 10.0.40219.1
Project("{FAE04EC0-301F-11D3-BF4B-00C04F79EFBC}") = "SecretChat", "SecretChat\SecretChat.csproj", "{DCB0F470-EF66-4356-BC45-EEC98C87D0FF}"
EndProject
Project("{FAE04EC0-301F-11D3-BF4B-00C04F79EFBC}") = "MirrorWords", "MirrorWords\MirrorWords.csproj", "{A5FA48E0-F03D-4CD6-9722-779A23484A4E}"
EndProject
Project("{FAE04EC0-301F-11D3-BF4B-00C04F79EFBC}") = "NeedForSpeedIII", "NeedForSpeedIII\NeedForSpeedIII.csproj", "{2864CBC4-C26A-49C6-8232-CD574B67BAC2}"
EndProject
Global
	GlobalSection(SolutionConfigurationPlatforms) = preSolution
		Debug|Any CPU = Debug|Any CPU
		Release|Any CPU = Release|Any CPU
	EndGlobalSection
	GlobalSection(ProjectConfigurationPlatforms) = postSolution
		{DCB0F470-EF66-4356-BC45-EEC98C87D0FF}.Debug|Any CPU.ActiveCfg = Debug|Any CPU
		{DCB0F470-EF66-4356-BC45-EEC98C87D0FF}.Debug|Any CPU.Build.0 = Debug|Any CPU
		{DCB0F470-EF66-4356-BC45-EEC98C87D0FF}.Release|Any CPU.ActiveCfg = Release|Any CPU
		{DCB0F470-EF66-4356-BC45-EEC98C87D0FF}.Release|Any CPU.Build.0 = Release|Any CPU
		{A5FA48E0-F03D-4CD6-9722-779A23484A4E}.Debug|Any CPU.ActiveCfg = Debug|Any CPU
		{A5FA48E0-F03D-4CD6-9722-779A23484A4E}.Debug|Any CPU.Build.0 = Debug|Any CPU
		{A5FA48E0-F03D-4CD6-9722-779A23484A4E}.Release|Any CPU.ActiveCfg = Release|Any CPU
		{A5FA48E0-F03D-4CD6-9722-779A23484A4E}.Release|Any CPU.Build.0 = Release|Any CPU
		{2864CBC4-C26A-49C6-8232-CD574B67BAC2}.Debug|Any CPU.ActiveCfg = Debug|Any CPU
		{2864CBC4-C26A-49C6-8232-CD574B67BAC2}.Debug|Any CPU.Build.0 = Debug|Any CPU
		{2864CBC4-C26A-49C6-8232-CD574B67BAC2}.Release|Any CPU.ActiveCfg = Release|Any CPU
		{2864CBC4-C26A-49C6-8232-CD574B67BAC2}.Release|Any CPU.Build.0 = Release|Any CPU
	EndGlobalSection
	GlobalSection(SolutionProperties) = preSolution
		HideSolutionNode = FALSE
	EndGlobalSection
	GlobalSection(ExtensibilityGlobals) = postSolution
		SolutionGuid = {DC3BBF91-4702-412C-83C0-55EEABBB227E}
	EndGlobalSection
EndGlobal
