
Microsoft Visual Studio Solution File, Format Version 12.00
# Visual Studio Version 16
VisualStudioVersion = 16.0.30011.22
MinimumVisualStudioVersion = 10.0.40219.1
Project("{2150E333-8FDC-42A3-9474-1A3956D46DE8}") = "TextProcessingLab", "TextProcessingLab", "{D5E457CC-AB5A-4B00-B816-902230BC1CBC}"
EndProject
Project("{9A19103F-16F7-4668-BE54-9A1E7A4F7556}") = "ReverseStrings", "ReverseStrings\ReverseStrings.csproj", "{E413D0C3-5F51-421A-9142-F1CB57724D7D}"
EndProject
Project("{9A19103F-16F7-4668-BE54-9A1E7A4F7556}") = "RepeatStrings", "RepeatStrings\RepeatStrings.csproj", "{8FFEF7A2-00B2-46AB-AE90-DD3272B5CB5E}"
EndProject
Project("{9A19103F-16F7-4668-BE54-9A1E7A4F7556}") = "Substring", "Substring\Substring.csproj", "{71B52CE8-B9BF-448B-BC72-CDABA03022EC}"
EndProject
Project("{9A19103F-16F7-4668-BE54-9A1E7A4F7556}") = "TextFilter", "TextFilter\TextFilter.csproj", "{10A9621D-F2B6-4AAF-88A2-D05B999148A1}"
EndProject
Project("{9A19103F-16F7-4668-BE54-9A1E7A4F7556}") = "DigitsLettersAndOther", "DigitsLettersAndOther\DigitsLettersAndOther.csproj", "{A151F2AE-9B6B-43D2-AF1D-1208CA265CBE}"
EndProject
Project("{2150E333-8FDC-42A3-9474-1A3956D46DE8}") = "TextProcessingExercise", "TextProcessingExercise", "{712A090E-2D8A-4DC4-B982-4C13A40CF99E}"
EndProject
Project("{9A19103F-16F7-4668-BE54-9A1E7A4F7556}") = "ValidUserNames", "ValidUserNames\ValidUserNames.csproj", "{DF81B01F-88FF-4C33-8C65-40B884F9F986}"
EndProject
Project("{9A19103F-16F7-4668-BE54-9A1E7A4F7556}") = "CharacterMultiplier", "CharacterMultiplier\CharacterMultiplier.csproj", "{078C1107-5FC5-413E-84A5-532483C52FE2}"
EndProject
Project("{9A19103F-16F7-4668-BE54-9A1E7A4F7556}") = "ExtractFile", "ExtractFile\ExtractFile.csproj", "{534B4D2F-B8EE-41C7-9BF1-6A541B3BAAE0}"
EndProject
Project("{9A19103F-16F7-4668-BE54-9A1E7A4F7556}") = "CaesarCipher", "CaesarCipher\CaesarCipher.csproj", "{0574B866-F1A6-43C1-A8AA-4B54403ED1CF}"
EndProject
Project("{9A19103F-16F7-4668-BE54-9A1E7A4F7556}") = "MultiplyBigNumber", "MultiplyBigNumber\MultiplyBigNumber.csproj", "{0F03CAB8-C173-4B19-9D6F-4462A361BFFF}"
EndProject
Project("{9A19103F-16F7-4668-BE54-9A1E7A4F7556}") = "ReplaceRepeatingChars", "ReplaceRepeatingChars\ReplaceRepeatingChars.csproj", "{A932AFC0-4174-4139-9602-60945F6A6201}"
EndProject
Project("{9A19103F-16F7-4668-BE54-9A1E7A4F7556}") = "ExplosionString", "ExplosionString\ExplosionString.csproj", "{D012849B-330A-4B2A-A68E-6CBC11A6B38F}"
EndProject
Project("{9A19103F-16F7-4668-BE54-9A1E7A4F7556}") = "LettersChangeNumbers", "LettersChangeNumbers\LettersChangeNumbers.csproj", "{F740B19A-C361-447D-A10F-B30F0C3AF8C7}"
EndProject
Project("{2150E333-8FDC-42A3-9474-1A3956D46DE8}") = "TextProcessingMoreExercises", "TextProcessingMoreExercises", "{93F194D6-5BC0-42EA-A014-EFA821A77814}"
EndProject
Project("{9A19103F-16F7-4668-BE54-9A1E7A4F7556}") = "ExtractPersonInformation", "ExtractPersonInformation\ExtractPersonInformation.csproj", "{49A5272C-C1E8-4634-A47B-70A0CC39B633}"
EndProject
Project("{9A19103F-16F7-4668-BE54-9A1E7A4F7556}") = "AsciiSumator", "AsciiSumator\AsciiSumator.csproj", "{B94589A3-3968-41C9-B496-50CF5B27BB18}"
EndProject
Project("{9A19103F-16F7-4668-BE54-9A1E7A4F7556}") = "TreasureFinder", "TreasureFinder\TreasureFinder.csproj", "{1A51BC08-1B11-4940-A184-3A156DD7E93B}"
EndProject
Project("{9A19103F-16F7-4668-BE54-9A1E7A4F7556}") = "MorseCodeTranslator", "MorseCodeTranslator\MorseCodeTranslator.csproj", "{D4F7184F-63E8-4608-BAC1-E66F222CBD88}"
EndProject
Project("{FAE04EC0-301F-11D3-BF4B-00C04F79EFBC}") = "HTML", "HTML\HTML.csproj", "{1A1837E8-D36D-4011-8932-78BE822D3F41}"
EndProject
Global
	GlobalSection(SolutionConfigurationPlatforms) = preSolution
		Debug|Any CPU = Debug|Any CPU
		Release|Any CPU = Release|Any CPU
	EndGlobalSection
	GlobalSection(ProjectConfigurationPlatforms) = postSolution
		{E413D0C3-5F51-421A-9142-F1CB57724D7D}.Debug|Any CPU.ActiveCfg = Debug|Any CPU
		{E413D0C3-5F51-421A-9142-F1CB57724D7D}.Debug|Any CPU.Build.0 = Debug|Any CPU
		{E413D0C3-5F51-421A-9142-F1CB57724D7D}.Release|Any CPU.ActiveCfg = Release|Any CPU
		{E413D0C3-5F51-421A-9142-F1CB57724D7D}.Release|Any CPU.Build.0 = Release|Any CPU
		{8FFEF7A2-00B2-46AB-AE90-DD3272B5CB5E}.Debug|Any CPU.ActiveCfg = Debug|Any CPU
		{8FFEF7A2-00B2-46AB-AE90-DD3272B5CB5E}.Debug|Any CPU.Build.0 = Debug|Any CPU
		{8FFEF7A2-00B2-46AB-AE90-DD3272B5CB5E}.Release|Any CPU.ActiveCfg = Release|Any CPU
		{8FFEF7A2-00B2-46AB-AE90-DD3272B5CB5E}.Release|Any CPU.Build.0 = Release|Any CPU
		{71B52CE8-B9BF-448B-BC72-CDABA03022EC}.Debug|Any CPU.ActiveCfg = Debug|Any CPU
		{71B52CE8-B9BF-448B-BC72-CDABA03022EC}.Debug|Any CPU.Build.0 = Debug|Any CPU
		{71B52CE8-B9BF-448B-BC72-CDABA03022EC}.Release|Any CPU.ActiveCfg = Release|Any CPU
		{71B52CE8-B9BF-448B-BC72-CDABA03022EC}.Release|Any CPU.Build.0 = Release|Any CPU
		{10A9621D-F2B6-4AAF-88A2-D05B999148A1}.Debug|Any CPU.ActiveCfg = Debug|Any CPU
		{10A9621D-F2B6-4AAF-88A2-D05B999148A1}.Debug|Any CPU.Build.0 = Debug|Any CPU
		{10A9621D-F2B6-4AAF-88A2-D05B999148A1}.Release|Any CPU.ActiveCfg = Release|Any CPU
		{10A9621D-F2B6-4AAF-88A2-D05B999148A1}.Release|Any CPU.Build.0 = Release|Any CPU
		{A151F2AE-9B6B-43D2-AF1D-1208CA265CBE}.Debug|Any CPU.ActiveCfg = Debug|Any CPU
		{A151F2AE-9B6B-43D2-AF1D-1208CA265CBE}.Debug|Any CPU.Build.0 = Debug|Any CPU
		{A151F2AE-9B6B-43D2-AF1D-1208CA265CBE}.Release|Any CPU.ActiveCfg = Release|Any CPU
		{A151F2AE-9B6B-43D2-AF1D-1208CA265CBE}.Release|Any CPU.Build.0 = Release|Any CPU
		{DF81B01F-88FF-4C33-8C65-40B884F9F986}.Debug|Any CPU.ActiveCfg = Debug|Any CPU
		{DF81B01F-88FF-4C33-8C65-40B884F9F986}.Debug|Any CPU.Build.0 = Debug|Any CPU
		{DF81B01F-88FF-4C33-8C65-40B884F9F986}.Release|Any CPU.ActiveCfg = Release|Any CPU
		{DF81B01F-88FF-4C33-8C65-40B884F9F986}.Release|Any CPU.Build.0 = Release|Any CPU
		{078C1107-5FC5-413E-84A5-532483C52FE2}.Debug|Any CPU.ActiveCfg = Debug|Any CPU
		{078C1107-5FC5-413E-84A5-532483C52FE2}.Debug|Any CPU.Build.0 = Debug|Any CPU
		{078C1107-5FC5-413E-84A5-532483C52FE2}.Release|Any CPU.ActiveCfg = Release|Any CPU
		{078C1107-5FC5-413E-84A5-532483C52FE2}.Release|Any CPU.Build.0 = Release|Any CPU
		{534B4D2F-B8EE-41C7-9BF1-6A541B3BAAE0}.Debug|Any CPU.ActiveCfg = Debug|Any CPU
		{534B4D2F-B8EE-41C7-9BF1-6A541B3BAAE0}.Debug|Any CPU.Build.0 = Debug|Any CPU
		{534B4D2F-B8EE-41C7-9BF1-6A541B3BAAE0}.Release|Any CPU.ActiveCfg = Release|Any CPU
		{534B4D2F-B8EE-41C7-9BF1-6A541B3BAAE0}.Release|Any CPU.Build.0 = Release|Any CPU
		{0574B866-F1A6-43C1-A8AA-4B54403ED1CF}.Debug|Any CPU.ActiveCfg = Debug|Any CPU
		{0574B866-F1A6-43C1-A8AA-4B54403ED1CF}.Debug|Any CPU.Build.0 = Debug|Any CPU
		{0574B866-F1A6-43C1-A8AA-4B54403ED1CF}.Release|Any CPU.ActiveCfg = Release|Any CPU
		{0574B866-F1A6-43C1-A8AA-4B54403ED1CF}.Release|Any CPU.Build.0 = Release|Any CPU
		{0F03CAB8-C173-4B19-9D6F-4462A361BFFF}.Debug|Any CPU.ActiveCfg = Debug|Any CPU
		{0F03CAB8-C173-4B19-9D6F-4462A361BFFF}.Debug|Any CPU.Build.0 = Debug|Any CPU
		{0F03CAB8-C173-4B19-9D6F-4462A361BFFF}.Release|Any CPU.ActiveCfg = Release|Any CPU
		{0F03CAB8-C173-4B19-9D6F-4462A361BFFF}.Release|Any CPU.Build.0 = Release|Any CPU
		{A932AFC0-4174-4139-9602-60945F6A6201}.Debug|Any CPU.ActiveCfg = Debug|Any CPU
		{A932AFC0-4174-4139-9602-60945F6A6201}.Debug|Any CPU.Build.0 = Debug|Any CPU
		{A932AFC0-4174-4139-9602-60945F6A6201}.Release|Any CPU.ActiveCfg = Release|Any CPU
		{A932AFC0-4174-4139-9602-60945F6A6201}.Release|Any CPU.Build.0 = Release|Any CPU
		{D012849B-330A-4B2A-A68E-6CBC11A6B38F}.Debug|Any CPU.ActiveCfg = Debug|Any CPU
		{D012849B-330A-4B2A-A68E-6CBC11A6B38F}.Debug|Any CPU.Build.0 = Debug|Any CPU
		{D012849B-330A-4B2A-A68E-6CBC11A6B38F}.Release|Any CPU.ActiveCfg = Release|Any CPU
		{D012849B-330A-4B2A-A68E-6CBC11A6B38F}.Release|Any CPU.Build.0 = Release|Any CPU
		{F740B19A-C361-447D-A10F-B30F0C3AF8C7}.Debug|Any CPU.ActiveCfg = Debug|Any CPU
		{F740B19A-C361-447D-A10F-B30F0C3AF8C7}.Debug|Any CPU.Build.0 = Debug|Any CPU
		{F740B19A-C361-447D-A10F-B30F0C3AF8C7}.Release|Any CPU.ActiveCfg = Release|Any CPU
		{F740B19A-C361-447D-A10F-B30F0C3AF8C7}.Release|Any CPU.Build.0 = Release|Any CPU
		{49A5272C-C1E8-4634-A47B-70A0CC39B633}.Debug|Any CPU.ActiveCfg = Debug|Any CPU
		{49A5272C-C1E8-4634-A47B-70A0CC39B633}.Debug|Any CPU.Build.0 = Debug|Any CPU
		{49A5272C-C1E8-4634-A47B-70A0CC39B633}.Release|Any CPU.ActiveCfg = Release|Any CPU
		{49A5272C-C1E8-4634-A47B-70A0CC39B633}.Release|Any CPU.Build.0 = Release|Any CPU
		{B94589A3-3968-41C9-B496-50CF5B27BB18}.Debug|Any CPU.ActiveCfg = Debug|Any CPU
		{B94589A3-3968-41C9-B496-50CF5B27BB18}.Debug|Any CPU.Build.0 = Debug|Any CPU
		{B94589A3-3968-41C9-B496-50CF5B27BB18}.Release|Any CPU.ActiveCfg = Release|Any CPU
		{B94589A3-3968-41C9-B496-50CF5B27BB18}.Release|Any CPU.Build.0 = Release|Any CPU
		{1A51BC08-1B11-4940-A184-3A156DD7E93B}.Debug|Any CPU.ActiveCfg = Debug|Any CPU
		{1A51BC08-1B11-4940-A184-3A156DD7E93B}.Debug|Any CPU.Build.0 = Debug|Any CPU
		{1A51BC08-1B11-4940-A184-3A156DD7E93B}.Release|Any CPU.ActiveCfg = Release|Any CPU
		{1A51BC08-1B11-4940-A184-3A156DD7E93B}.Release|Any CPU.Build.0 = Release|Any CPU
		{D4F7184F-63E8-4608-BAC1-E66F222CBD88}.Debug|Any CPU.ActiveCfg = Debug|Any CPU
		{D4F7184F-63E8-4608-BAC1-E66F222CBD88}.Debug|Any CPU.Build.0 = Debug|Any CPU
		{D4F7184F-63E8-4608-BAC1-E66F222CBD88}.Release|Any CPU.ActiveCfg = Release|Any CPU
		{D4F7184F-63E8-4608-BAC1-E66F222CBD88}.Release|Any CPU.Build.0 = Release|Any CPU
		{1A1837E8-D36D-4011-8932-78BE822D3F41}.Debug|Any CPU.ActiveCfg = Debug|Any CPU
		{1A1837E8-D36D-4011-8932-78BE822D3F41}.Debug|Any CPU.Build.0 = Debug|Any CPU
		{1A1837E8-D36D-4011-8932-78BE822D3F41}.Release|Any CPU.ActiveCfg = Release|Any CPU
		{1A1837E8-D36D-4011-8932-78BE822D3F41}.Release|Any CPU.Build.0 = Release|Any CPU
	EndGlobalSection
	GlobalSection(SolutionProperties) = preSolution
		HideSolutionNode = FALSE
	EndGlobalSection
	GlobalSection(NestedProjects) = preSolution
		{E413D0C3-5F51-421A-9142-F1CB57724D7D} = {D5E457CC-AB5A-4B00-B816-902230BC1CBC}
		{8FFEF7A2-00B2-46AB-AE90-DD3272B5CB5E} = {D5E457CC-AB5A-4B00-B816-902230BC1CBC}
		{71B52CE8-B9BF-448B-BC72-CDABA03022EC} = {D5E457CC-AB5A-4B00-B816-902230BC1CBC}
		{10A9621D-F2B6-4AAF-88A2-D05B999148A1} = {D5E457CC-AB5A-4B00-B816-902230BC1CBC}
		{A151F2AE-9B6B-43D2-AF1D-1208CA265CBE} = {D5E457CC-AB5A-4B00-B816-902230BC1CBC}
		{DF81B01F-88FF-4C33-8C65-40B884F9F986} = {712A090E-2D8A-4DC4-B982-4C13A40CF99E}
		{078C1107-5FC5-413E-84A5-532483C52FE2} = {712A090E-2D8A-4DC4-B982-4C13A40CF99E}
		{534B4D2F-B8EE-41C7-9BF1-6A541B3BAAE0} = {712A090E-2D8A-4DC4-B982-4C13A40CF99E}
		{0574B866-F1A6-43C1-A8AA-4B54403ED1CF} = {712A090E-2D8A-4DC4-B982-4C13A40CF99E}
		{0F03CAB8-C173-4B19-9D6F-4462A361BFFF} = {712A090E-2D8A-4DC4-B982-4C13A40CF99E}
		{A932AFC0-4174-4139-9602-60945F6A6201} = {712A090E-2D8A-4DC4-B982-4C13A40CF99E}
		{D012849B-330A-4B2A-A68E-6CBC11A6B38F} = {712A090E-2D8A-4DC4-B982-4C13A40CF99E}
		{F740B19A-C361-447D-A10F-B30F0C3AF8C7} = {712A090E-2D8A-4DC4-B982-4C13A40CF99E}
		{49A5272C-C1E8-4634-A47B-70A0CC39B633} = {93F194D6-5BC0-42EA-A014-EFA821A77814}
		{B94589A3-3968-41C9-B496-50CF5B27BB18} = {93F194D6-5BC0-42EA-A014-EFA821A77814}
		{1A51BC08-1B11-4940-A184-3A156DD7E93B} = {93F194D6-5BC0-42EA-A014-EFA821A77814}
		{D4F7184F-63E8-4608-BAC1-E66F222CBD88} = {93F194D6-5BC0-42EA-A014-EFA821A77814}
		{1A1837E8-D36D-4011-8932-78BE822D3F41} = {93F194D6-5BC0-42EA-A014-EFA821A77814}
	EndGlobalSection
	GlobalSection(ExtensibilityGlobals) = postSolution
		SolutionGuid = {02470B0A-6AEB-480A-8D52-0D0DB07A447C}
	EndGlobalSection
EndGlobal
