
Microsoft Visual Studio Solution File, Format Version 12.00
# Visual Studio Version 16
VisualStudioVersion = 16.0.30011.22
MinimumVisualStudioVersion = 10.0.40219.1
Project("{2150E333-8FDC-42A3-9474-1A3956D46DE8}") = "ListsLab", "ListsLab", "{C166DDF4-5143-40A2-B083-2CB06D0FFDCA}"
EndProject
Project("{9A19103F-16F7-4668-BE54-9A1E7A4F7556}") = "ListDemo", "ListDemo\ListDemo.csproj", "{9711B323-BD0D-405F-BABE-5964EDEA4E67}"
EndProject
Project("{9A19103F-16F7-4668-BE54-9A1E7A4F7556}") = "GaussTrick", "GaussTrick\GaussTrick.csproj", "{7C46AB1C-CE7C-4CAD-8421-ABC4A67A1DD5}"
EndProject
Project("{9A19103F-16F7-4668-BE54-9A1E7A4F7556}") = "GaussTrick1", "GaussTrick1\GaussTrick1.csproj", "{4193ED2C-4F09-41C8-9FB8-463922449C1B}"
EndProject
Project("{9A19103F-16F7-4668-BE54-9A1E7A4F7556}") = "MergingLists", "MergingLists\MergingLists.csproj", "{85DC5503-65C2-488D-B445-EB57B6784BE5}"
EndProject
Project("{9A19103F-16F7-4668-BE54-9A1E7A4F7556}") = "SumAdjacentEqualNumbers", "SumAdjacentEqualNumbers\SumAdjacentEqualNumbers.csproj", "{460F11B7-F164-4CEF-A0C6-1CF985BE6D3C}"
EndProject
Project("{9A19103F-16F7-4668-BE54-9A1E7A4F7556}") = "ListOfProducts", "ListOfProducts\ListOfProducts.csproj", "{1A805727-F001-445C-A1BA-6BDE1C7467A9}"
EndProject
Project("{9A19103F-16F7-4668-BE54-9A1E7A4F7556}") = "AddRange", "AddRange\AddRange.csproj", "{C13AB764-49AA-4CDD-8FF6-C116137E0DEB}"
EndProject
Project("{9A19103F-16F7-4668-BE54-9A1E7A4F7556}") = "MergingLists1", "MergingLists1\MergingLists1.csproj", "{F6295349-68B2-4A30-8076-CF6EDC10BB83}"
EndProject
Project("{9A19103F-16F7-4668-BE54-9A1E7A4F7556}") = "RemoveNegativesAndReverse", "RemoveNegativesAndReverse\RemoveNegativesAndReverse.csproj", "{8D9FE205-F4BA-43CB-8EA1-B2F1FA9D470E}"
EndProject
Project("{9A19103F-16F7-4668-BE54-9A1E7A4F7556}") = "ListManipulationBasics", "ListManipulationBasics\ListManipulationBasics.csproj", "{DFF41B80-FBA4-4972-A70E-30453B85464F}"
EndProject
Project("{9A19103F-16F7-4668-BE54-9A1E7A4F7556}") = "ListImplementationDemo", "ListImplementationDemo\ListImplementationDemo.csproj", "{FA18F10F-D449-4958-8D88-A593D497C20D}"
EndProject
Project("{9A19103F-16F7-4668-BE54-9A1E7A4F7556}") = "SortListAlgorithm", "SortListAlgorithm\SortListAlgorithm.csproj", "{0AC4041A-A94D-4EC0-832D-09FB842ECE92}"
EndProject
Project("{9A19103F-16F7-4668-BE54-9A1E7A4F7556}") = "ListManipulationAdvanced", "ListManipulationAdvanced\ListManipulationAdvanced.csproj", "{B94E41ED-7627-4135-91D6-1DDC53021089}"
EndProject
Project("{9A19103F-16F7-4668-BE54-9A1E7A4F7556}") = "LongestIncreasingSequence", "LongestIncreasingSequence\LongestIncreasingSequence.csproj", "{E43B7D57-0C00-4CD6-9AD4-A7BF801A4F00}"
EndProject
Project("{9A19103F-16F7-4668-BE54-9A1E7A4F7556}") = "FibonacciRecursiveMeMorization", "FibonacciRecursiveMeMorization\FibonacciRecursiveMeMorization.csproj", "{5360F937-BE01-4BC3-9B99-2FC6674746EB}"
EndProject
Project("{2150E333-8FDC-42A3-9474-1A3956D46DE8}") = "ListExercise", "ListExercise", "{84AB4C3D-FF9C-48ED-8D80-C7A019BDBDDB}"
EndProject
Project("{9A19103F-16F7-4668-BE54-9A1E7A4F7556}") = "Train", "Train\Train.csproj", "{BB7AA671-1633-45B4-9F1C-307AE3F12129}"
EndProject
Project("{9A19103F-16F7-4668-BE54-9A1E7A4F7556}") = "ChangeList1", "ChangeList1\ChangeList1.csproj", "{9D794520-9D18-40E9-A7EA-2C16B31536F0}"
EndProject
Project("{9A19103F-16F7-4668-BE54-9A1E7A4F7556}") = "HouseParty1", "HouseParty1\HouseParty1.csproj", "{602D8159-3503-4C57-B0BC-9FFAF82B69BA}"
EndProject
Project("{9A19103F-16F7-4668-BE54-9A1E7A4F7556}") = "ListOperations", "ListOperations\ListOperations.csproj", "{1B7E6294-18A2-44A1-9682-2FBE9B848455}"
EndProject
Project("{9A19103F-16F7-4668-BE54-9A1E7A4F7556}") = "BombNumbers", "BombNumbers\BombNumbers.csproj", "{165C6AE3-F8C3-4DDB-85BC-56B2933239A6}"
EndProject
Project("{9A19103F-16F7-4668-BE54-9A1E7A4F7556}") = "CardsGame", "CardsGame\CardsGame.csproj", "{B4A12B0F-3F67-4C05-9173-A45858FA9EF3}"
EndProject
Project("{9A19103F-16F7-4668-BE54-9A1E7A4F7556}") = "AppendArrays", "AppendArrays\AppendArrays.csproj", "{3ED68090-141A-450F-989D-15460E05F529}"
EndProject
Project("{9A19103F-16F7-4668-BE54-9A1E7A4F7556}") = "AnonymousThreat", "AnonymousThreat\AnonymousThreat.csproj", "{31AA8872-08C7-41F2-9CE0-D6E706C1C6CF}"
EndProject
Project("{9A19103F-16F7-4668-BE54-9A1E7A4F7556}") = "PokemonDontGo", "PokemonDontGo\PokemonDontGo.csproj", "{FB9D2092-943C-492E-8811-482DDE2EE131}"
EndProject
Project("{9A19103F-16F7-4668-BE54-9A1E7A4F7556}") = "SoftUniCoursePlanning", "SoftUniCoursePlanning\SoftUniCoursePlanning.csproj", "{8C70151F-C769-4825-A786-55B186DAE29B}"
EndProject
Project("{2150E333-8FDC-42A3-9474-1A3956D46DE8}") = "ListMoreExercise", "ListMoreExercise", "{0F8DA8E1-177E-443A-A7CC-164DFFFAB116}"
EndProject
Project("{9A19103F-16F7-4668-BE54-9A1E7A4F7556}") = "Messaging", "Messaging\Messaging.csproj", "{E9E967A2-A9F2-4679-89CF-923DD868A920}"
EndProject
Project("{9A19103F-16F7-4668-BE54-9A1E7A4F7556}") = "CarRace", "CarRace\CarRace.csproj", "{7C66B39A-979E-4C73-9F5B-97C1BE3339EB}"
EndProject
Project("{9A19103F-16F7-4668-BE54-9A1E7A4F7556}") = "TakeSkipRope", "TakeSkipRope\TakeSkipRope.csproj", "{82204DE6-CCF0-4558-BF3B-AAC90D59D434}"
EndProject
Project("{9A19103F-16F7-4668-BE54-9A1E7A4F7556}") = "MixedUpLists", "MixedUpLists\MixedUpLists.csproj", "{920BC8A4-6E7E-4818-9C55-548D28476762}"
EndProject
Project("{9A19103F-16F7-4668-BE54-9A1E7A4F7556}") = "DrumSet", "DrumSet\DrumSet.csproj", "{B0E949AD-3E67-4800-A540-C57A31B11AAB}"
EndProject
Project("{9A19103F-16F7-4668-BE54-9A1E7A4F7556}") = "SplitByWordCasing", "SplitByWordCasing\SplitByWordCasing.csproj", "{02D9AB7C-B8C7-4C97-B705-6F76E36AFE37}"
EndProject
Project("{9A19103F-16F7-4668-BE54-9A1E7A4F7556}") = "SortNumbers", "SortNumbers\SortNumbers.csproj", "{B9F06537-B7FC-4A33-A826-CAC6546A12AA}"
EndProject
Project("{9A19103F-16F7-4668-BE54-9A1E7A4F7556}") = "SquareNumbers", "SquareNumbers\SquareNumbers.csproj", "{41A1A99F-A064-4D88-905F-3C88086F6986}"
EndProject
Project("{9A19103F-16F7-4668-BE54-9A1E7A4F7556}") = "CountNumbers", "CountNumbers\CountNumbers.csproj", "{C0030C08-7994-47C5-98AA-77451BDBCDA0}"
EndProject
Project("{9A19103F-16F7-4668-BE54-9A1E7A4F7556}") = "MessagingDrinoff", "MessagingDrinoff\MessagingDrinoff.csproj", "{C2E92C18-56DC-4873-8FDB-F2955D276B82}"
EndProject
Project("{9A19103F-16F7-4668-BE54-9A1E7A4F7556}") = "MaxSequenceOfEqualElements", "MaxSequenceOfEqualElements\MaxSequenceOfEqualElements.csproj", "{654F2684-3BAB-4DC3-A72E-1ADD5F7B4DA7}"
EndProject
Project("{9A19103F-16F7-4668-BE54-9A1E7A4F7556}") = "SearchForANumber", "SearchForANumber\SearchForANumber.csproj", "{4C8887AD-632C-430B-82A8-788842164935}"
EndProject
Project("{9A19103F-16F7-4668-BE54-9A1E7A4F7556}") = "ArrayManipulatorList", "ArrayManipulatorList\ArrayManipulatorList.csproj", "{C3213583-7BFF-466D-86C6-4A674E8B0F2E}"
EndProject
Project("{9A19103F-16F7-4668-BE54-9A1E7A4F7556}") = "SumReversedNumbers", "SumReversedNumbers\SumReversedNumbers.csproj", "{27271EFB-EF22-4997-AC32-CB39897E9548}"
EndProject
Project("{FAE04EC0-301F-11D3-BF4B-00C04F79EFBC}") = "SoftUniCoursePlanning1", "SoftUniCoursePlanning1\SoftUniCoursePlanning1.csproj", "{00815A1B-F1CF-466A-A284-BF520D6F03DD}"
EndProject
Global
	GlobalSection(SolutionConfigurationPlatforms) = preSolution
		Debug|Any CPU = Debug|Any CPU
		Release|Any CPU = Release|Any CPU
	EndGlobalSection
	GlobalSection(ProjectConfigurationPlatforms) = postSolution
		{9711B323-BD0D-405F-BABE-5964EDEA4E67}.Debug|Any CPU.ActiveCfg = Debug|Any CPU
		{9711B323-BD0D-405F-BABE-5964EDEA4E67}.Debug|Any CPU.Build.0 = Debug|Any CPU
		{9711B323-BD0D-405F-BABE-5964EDEA4E67}.Release|Any CPU.ActiveCfg = Release|Any CPU
		{9711B323-BD0D-405F-BABE-5964EDEA4E67}.Release|Any CPU.Build.0 = Release|Any CPU
		{7C46AB1C-CE7C-4CAD-8421-ABC4A67A1DD5}.Debug|Any CPU.ActiveCfg = Debug|Any CPU
		{7C46AB1C-CE7C-4CAD-8421-ABC4A67A1DD5}.Debug|Any CPU.Build.0 = Debug|Any CPU
		{7C46AB1C-CE7C-4CAD-8421-ABC4A67A1DD5}.Release|Any CPU.ActiveCfg = Release|Any CPU
		{7C46AB1C-CE7C-4CAD-8421-ABC4A67A1DD5}.Release|Any CPU.Build.0 = Release|Any CPU
		{4193ED2C-4F09-41C8-9FB8-463922449C1B}.Debug|Any CPU.ActiveCfg = Debug|Any CPU
		{4193ED2C-4F09-41C8-9FB8-463922449C1B}.Debug|Any CPU.Build.0 = Debug|Any CPU
		{4193ED2C-4F09-41C8-9FB8-463922449C1B}.Release|Any CPU.ActiveCfg = Release|Any CPU
		{4193ED2C-4F09-41C8-9FB8-463922449C1B}.Release|Any CPU.Build.0 = Release|Any CPU
		{85DC5503-65C2-488D-B445-EB57B6784BE5}.Debug|Any CPU.ActiveCfg = Debug|Any CPU
		{85DC5503-65C2-488D-B445-EB57B6784BE5}.Debug|Any CPU.Build.0 = Debug|Any CPU
		{85DC5503-65C2-488D-B445-EB57B6784BE5}.Release|Any CPU.ActiveCfg = Release|Any CPU
		{85DC5503-65C2-488D-B445-EB57B6784BE5}.Release|Any CPU.Build.0 = Release|Any CPU
		{460F11B7-F164-4CEF-A0C6-1CF985BE6D3C}.Debug|Any CPU.ActiveCfg = Debug|Any CPU
		{460F11B7-F164-4CEF-A0C6-1CF985BE6D3C}.Debug|Any CPU.Build.0 = Debug|Any CPU
		{460F11B7-F164-4CEF-A0C6-1CF985BE6D3C}.Release|Any CPU.ActiveCfg = Release|Any CPU
		{460F11B7-F164-4CEF-A0C6-1CF985BE6D3C}.Release|Any CPU.Build.0 = Release|Any CPU
		{1A805727-F001-445C-A1BA-6BDE1C7467A9}.Debug|Any CPU.ActiveCfg = Debug|Any CPU
		{1A805727-F001-445C-A1BA-6BDE1C7467A9}.Debug|Any CPU.Build.0 = Debug|Any CPU
		{1A805727-F001-445C-A1BA-6BDE1C7467A9}.Release|Any CPU.ActiveCfg = Release|Any CPU
		{1A805727-F001-445C-A1BA-6BDE1C7467A9}.Release|Any CPU.Build.0 = Release|Any CPU
		{C13AB764-49AA-4CDD-8FF6-C116137E0DEB}.Debug|Any CPU.ActiveCfg = Debug|Any CPU
		{C13AB764-49AA-4CDD-8FF6-C116137E0DEB}.Debug|Any CPU.Build.0 = Debug|Any CPU
		{C13AB764-49AA-4CDD-8FF6-C116137E0DEB}.Release|Any CPU.ActiveCfg = Release|Any CPU
		{C13AB764-49AA-4CDD-8FF6-C116137E0DEB}.Release|Any CPU.Build.0 = Release|Any CPU
		{F6295349-68B2-4A30-8076-CF6EDC10BB83}.Debug|Any CPU.ActiveCfg = Debug|Any CPU
		{F6295349-68B2-4A30-8076-CF6EDC10BB83}.Debug|Any CPU.Build.0 = Debug|Any CPU
		{F6295349-68B2-4A30-8076-CF6EDC10BB83}.Release|Any CPU.ActiveCfg = Release|Any CPU
		{F6295349-68B2-4A30-8076-CF6EDC10BB83}.Release|Any CPU.Build.0 = Release|Any CPU
		{8D9FE205-F4BA-43CB-8EA1-B2F1FA9D470E}.Debug|Any CPU.ActiveCfg = Debug|Any CPU
		{8D9FE205-F4BA-43CB-8EA1-B2F1FA9D470E}.Debug|Any CPU.Build.0 = Debug|Any CPU
		{8D9FE205-F4BA-43CB-8EA1-B2F1FA9D470E}.Release|Any CPU.ActiveCfg = Release|Any CPU
		{8D9FE205-F4BA-43CB-8EA1-B2F1FA9D470E}.Release|Any CPU.Build.0 = Release|Any CPU
		{DFF41B80-FBA4-4972-A70E-30453B85464F}.Debug|Any CPU.ActiveCfg = Debug|Any CPU
		{DFF41B80-FBA4-4972-A70E-30453B85464F}.Debug|Any CPU.Build.0 = Debug|Any CPU
		{DFF41B80-FBA4-4972-A70E-30453B85464F}.Release|Any CPU.ActiveCfg = Release|Any CPU
		{DFF41B80-FBA4-4972-A70E-30453B85464F}.Release|Any CPU.Build.0 = Release|Any CPU
		{FA18F10F-D449-4958-8D88-A593D497C20D}.Debug|Any CPU.ActiveCfg = Debug|Any CPU
		{FA18F10F-D449-4958-8D88-A593D497C20D}.Debug|Any CPU.Build.0 = Debug|Any CPU
		{FA18F10F-D449-4958-8D88-A593D497C20D}.Release|Any CPU.ActiveCfg = Release|Any CPU
		{FA18F10F-D449-4958-8D88-A593D497C20D}.Release|Any CPU.Build.0 = Release|Any CPU
		{0AC4041A-A94D-4EC0-832D-09FB842ECE92}.Debug|Any CPU.ActiveCfg = Debug|Any CPU
		{0AC4041A-A94D-4EC0-832D-09FB842ECE92}.Debug|Any CPU.Build.0 = Debug|Any CPU
		{0AC4041A-A94D-4EC0-832D-09FB842ECE92}.Release|Any CPU.ActiveCfg = Release|Any CPU
		{0AC4041A-A94D-4EC0-832D-09FB842ECE92}.Release|Any CPU.Build.0 = Release|Any CPU
		{B94E41ED-7627-4135-91D6-1DDC53021089}.Debug|Any CPU.ActiveCfg = Debug|Any CPU
		{B94E41ED-7627-4135-91D6-1DDC53021089}.Debug|Any CPU.Build.0 = Debug|Any CPU
		{B94E41ED-7627-4135-91D6-1DDC53021089}.Release|Any CPU.ActiveCfg = Release|Any CPU
		{B94E41ED-7627-4135-91D6-1DDC53021089}.Release|Any CPU.Build.0 = Release|Any CPU
		{E43B7D57-0C00-4CD6-9AD4-A7BF801A4F00}.Debug|Any CPU.ActiveCfg = Debug|Any CPU
		{E43B7D57-0C00-4CD6-9AD4-A7BF801A4F00}.Debug|Any CPU.Build.0 = Debug|Any CPU
		{E43B7D57-0C00-4CD6-9AD4-A7BF801A4F00}.Release|Any CPU.ActiveCfg = Release|Any CPU
		{E43B7D57-0C00-4CD6-9AD4-A7BF801A4F00}.Release|Any CPU.Build.0 = Release|Any CPU
		{5360F937-BE01-4BC3-9B99-2FC6674746EB}.Debug|Any CPU.ActiveCfg = Debug|Any CPU
		{5360F937-BE01-4BC3-9B99-2FC6674746EB}.Debug|Any CPU.Build.0 = Debug|Any CPU
		{5360F937-BE01-4BC3-9B99-2FC6674746EB}.Release|Any CPU.ActiveCfg = Release|Any CPU
		{5360F937-BE01-4BC3-9B99-2FC6674746EB}.Release|Any CPU.Build.0 = Release|Any CPU
		{BB7AA671-1633-45B4-9F1C-307AE3F12129}.Debug|Any CPU.ActiveCfg = Debug|Any CPU
		{BB7AA671-1633-45B4-9F1C-307AE3F12129}.Debug|Any CPU.Build.0 = Debug|Any CPU
		{BB7AA671-1633-45B4-9F1C-307AE3F12129}.Release|Any CPU.ActiveCfg = Release|Any CPU
		{BB7AA671-1633-45B4-9F1C-307AE3F12129}.Release|Any CPU.Build.0 = Release|Any CPU
		{9D794520-9D18-40E9-A7EA-2C16B31536F0}.Debug|Any CPU.ActiveCfg = Debug|Any CPU
		{9D794520-9D18-40E9-A7EA-2C16B31536F0}.Debug|Any CPU.Build.0 = Debug|Any CPU
		{9D794520-9D18-40E9-A7EA-2C16B31536F0}.Release|Any CPU.ActiveCfg = Release|Any CPU
		{9D794520-9D18-40E9-A7EA-2C16B31536F0}.Release|Any CPU.Build.0 = Release|Any CPU
		{602D8159-3503-4C57-B0BC-9FFAF82B69BA}.Debug|Any CPU.ActiveCfg = Debug|Any CPU
		{602D8159-3503-4C57-B0BC-9FFAF82B69BA}.Debug|Any CPU.Build.0 = Debug|Any CPU
		{602D8159-3503-4C57-B0BC-9FFAF82B69BA}.Release|Any CPU.ActiveCfg = Release|Any CPU
		{602D8159-3503-4C57-B0BC-9FFAF82B69BA}.Release|Any CPU.Build.0 = Release|Any CPU
		{1B7E6294-18A2-44A1-9682-2FBE9B848455}.Debug|Any CPU.ActiveCfg = Debug|Any CPU
		{1B7E6294-18A2-44A1-9682-2FBE9B848455}.Debug|Any CPU.Build.0 = Debug|Any CPU
		{1B7E6294-18A2-44A1-9682-2FBE9B848455}.Release|Any CPU.ActiveCfg = Release|Any CPU
		{1B7E6294-18A2-44A1-9682-2FBE9B848455}.Release|Any CPU.Build.0 = Release|Any CPU
		{165C6AE3-F8C3-4DDB-85BC-56B2933239A6}.Debug|Any CPU.ActiveCfg = Debug|Any CPU
		{165C6AE3-F8C3-4DDB-85BC-56B2933239A6}.Debug|Any CPU.Build.0 = Debug|Any CPU
		{165C6AE3-F8C3-4DDB-85BC-56B2933239A6}.Release|Any CPU.ActiveCfg = Release|Any CPU
		{165C6AE3-F8C3-4DDB-85BC-56B2933239A6}.Release|Any CPU.Build.0 = Release|Any CPU
		{B4A12B0F-3F67-4C05-9173-A45858FA9EF3}.Debug|Any CPU.ActiveCfg = Debug|Any CPU
		{B4A12B0F-3F67-4C05-9173-A45858FA9EF3}.Debug|Any CPU.Build.0 = Debug|Any CPU
		{B4A12B0F-3F67-4C05-9173-A45858FA9EF3}.Release|Any CPU.ActiveCfg = Release|Any CPU
		{B4A12B0F-3F67-4C05-9173-A45858FA9EF3}.Release|Any CPU.Build.0 = Release|Any CPU
		{3ED68090-141A-450F-989D-15460E05F529}.Debug|Any CPU.ActiveCfg = Debug|Any CPU
		{3ED68090-141A-450F-989D-15460E05F529}.Debug|Any CPU.Build.0 = Debug|Any CPU
		{3ED68090-141A-450F-989D-15460E05F529}.Release|Any CPU.ActiveCfg = Release|Any CPU
		{3ED68090-141A-450F-989D-15460E05F529}.Release|Any CPU.Build.0 = Release|Any CPU
		{31AA8872-08C7-41F2-9CE0-D6E706C1C6CF}.Debug|Any CPU.ActiveCfg = Debug|Any CPU
		{31AA8872-08C7-41F2-9CE0-D6E706C1C6CF}.Debug|Any CPU.Build.0 = Debug|Any CPU
		{31AA8872-08C7-41F2-9CE0-D6E706C1C6CF}.Release|Any CPU.ActiveCfg = Release|Any CPU
		{31AA8872-08C7-41F2-9CE0-D6E706C1C6CF}.Release|Any CPU.Build.0 = Release|Any CPU
		{FB9D2092-943C-492E-8811-482DDE2EE131}.Debug|Any CPU.ActiveCfg = Debug|Any CPU
		{FB9D2092-943C-492E-8811-482DDE2EE131}.Debug|Any CPU.Build.0 = Debug|Any CPU
		{FB9D2092-943C-492E-8811-482DDE2EE131}.Release|Any CPU.ActiveCfg = Release|Any CPU
		{FB9D2092-943C-492E-8811-482DDE2EE131}.Release|Any CPU.Build.0 = Release|Any CPU
		{8C70151F-C769-4825-A786-55B186DAE29B}.Debug|Any CPU.ActiveCfg = Debug|Any CPU
		{8C70151F-C769-4825-A786-55B186DAE29B}.Debug|Any CPU.Build.0 = Debug|Any CPU
		{8C70151F-C769-4825-A786-55B186DAE29B}.Release|Any CPU.ActiveCfg = Release|Any CPU
		{8C70151F-C769-4825-A786-55B186DAE29B}.Release|Any CPU.Build.0 = Release|Any CPU
		{E9E967A2-A9F2-4679-89CF-923DD868A920}.Debug|Any CPU.ActiveCfg = Debug|Any CPU
		{E9E967A2-A9F2-4679-89CF-923DD868A920}.Debug|Any CPU.Build.0 = Debug|Any CPU
		{E9E967A2-A9F2-4679-89CF-923DD868A920}.Release|Any CPU.ActiveCfg = Release|Any CPU
		{E9E967A2-A9F2-4679-89CF-923DD868A920}.Release|Any CPU.Build.0 = Release|Any CPU
		{7C66B39A-979E-4C73-9F5B-97C1BE3339EB}.Debug|Any CPU.ActiveCfg = Debug|Any CPU
		{7C66B39A-979E-4C73-9F5B-97C1BE3339EB}.Debug|Any CPU.Build.0 = Debug|Any CPU
		{7C66B39A-979E-4C73-9F5B-97C1BE3339EB}.Release|Any CPU.ActiveCfg = Release|Any CPU
		{7C66B39A-979E-4C73-9F5B-97C1BE3339EB}.Release|Any CPU.Build.0 = Release|Any CPU
		{82204DE6-CCF0-4558-BF3B-AAC90D59D434}.Debug|Any CPU.ActiveCfg = Debug|Any CPU
		{82204DE6-CCF0-4558-BF3B-AAC90D59D434}.Debug|Any CPU.Build.0 = Debug|Any CPU
		{82204DE6-CCF0-4558-BF3B-AAC90D59D434}.Release|Any CPU.ActiveCfg = Release|Any CPU
		{82204DE6-CCF0-4558-BF3B-AAC90D59D434}.Release|Any CPU.Build.0 = Release|Any CPU
		{920BC8A4-6E7E-4818-9C55-548D28476762}.Debug|Any CPU.ActiveCfg = Debug|Any CPU
		{920BC8A4-6E7E-4818-9C55-548D28476762}.Debug|Any CPU.Build.0 = Debug|Any CPU
		{920BC8A4-6E7E-4818-9C55-548D28476762}.Release|Any CPU.ActiveCfg = Release|Any CPU
		{920BC8A4-6E7E-4818-9C55-548D28476762}.Release|Any CPU.Build.0 = Release|Any CPU
		{B0E949AD-3E67-4800-A540-C57A31B11AAB}.Debug|Any CPU.ActiveCfg = Debug|Any CPU
		{B0E949AD-3E67-4800-A540-C57A31B11AAB}.Debug|Any CPU.Build.0 = Debug|Any CPU
		{B0E949AD-3E67-4800-A540-C57A31B11AAB}.Release|Any CPU.ActiveCfg = Release|Any CPU
		{B0E949AD-3E67-4800-A540-C57A31B11AAB}.Release|Any CPU.Build.0 = Release|Any CPU
		{02D9AB7C-B8C7-4C97-B705-6F76E36AFE37}.Debug|Any CPU.ActiveCfg = Debug|Any CPU
		{02D9AB7C-B8C7-4C97-B705-6F76E36AFE37}.Debug|Any CPU.Build.0 = Debug|Any CPU
		{02D9AB7C-B8C7-4C97-B705-6F76E36AFE37}.Release|Any CPU.ActiveCfg = Release|Any CPU
		{02D9AB7C-B8C7-4C97-B705-6F76E36AFE37}.Release|Any CPU.Build.0 = Release|Any CPU
		{B9F06537-B7FC-4A33-A826-CAC6546A12AA}.Debug|Any CPU.ActiveCfg = Debug|Any CPU
		{B9F06537-B7FC-4A33-A826-CAC6546A12AA}.Debug|Any CPU.Build.0 = Debug|Any CPU
		{B9F06537-B7FC-4A33-A826-CAC6546A12AA}.Release|Any CPU.ActiveCfg = Release|Any CPU
		{B9F06537-B7FC-4A33-A826-CAC6546A12AA}.Release|Any CPU.Build.0 = Release|Any CPU
		{41A1A99F-A064-4D88-905F-3C88086F6986}.Debug|Any CPU.ActiveCfg = Debug|Any CPU
		{41A1A99F-A064-4D88-905F-3C88086F6986}.Debug|Any CPU.Build.0 = Debug|Any CPU
		{41A1A99F-A064-4D88-905F-3C88086F6986}.Release|Any CPU.ActiveCfg = Release|Any CPU
		{41A1A99F-A064-4D88-905F-3C88086F6986}.Release|Any CPU.Build.0 = Release|Any CPU
		{C0030C08-7994-47C5-98AA-77451BDBCDA0}.Debug|Any CPU.ActiveCfg = Debug|Any CPU
		{C0030C08-7994-47C5-98AA-77451BDBCDA0}.Debug|Any CPU.Build.0 = Debug|Any CPU
		{C0030C08-7994-47C5-98AA-77451BDBCDA0}.Release|Any CPU.ActiveCfg = Release|Any CPU
		{C0030C08-7994-47C5-98AA-77451BDBCDA0}.Release|Any CPU.Build.0 = Release|Any CPU
		{C2E92C18-56DC-4873-8FDB-F2955D276B82}.Debug|Any CPU.ActiveCfg = Debug|Any CPU
		{C2E92C18-56DC-4873-8FDB-F2955D276B82}.Debug|Any CPU.Build.0 = Debug|Any CPU
		{C2E92C18-56DC-4873-8FDB-F2955D276B82}.Release|Any CPU.ActiveCfg = Release|Any CPU
		{C2E92C18-56DC-4873-8FDB-F2955D276B82}.Release|Any CPU.Build.0 = Release|Any CPU
		{654F2684-3BAB-4DC3-A72E-1ADD5F7B4DA7}.Debug|Any CPU.ActiveCfg = Debug|Any CPU
		{654F2684-3BAB-4DC3-A72E-1ADD5F7B4DA7}.Debug|Any CPU.Build.0 = Debug|Any CPU
		{654F2684-3BAB-4DC3-A72E-1ADD5F7B4DA7}.Release|Any CPU.ActiveCfg = Release|Any CPU
		{654F2684-3BAB-4DC3-A72E-1ADD5F7B4DA7}.Release|Any CPU.Build.0 = Release|Any CPU
		{4C8887AD-632C-430B-82A8-788842164935}.Debug|Any CPU.ActiveCfg = Debug|Any CPU
		{4C8887AD-632C-430B-82A8-788842164935}.Debug|Any CPU.Build.0 = Debug|Any CPU
		{4C8887AD-632C-430B-82A8-788842164935}.Release|Any CPU.ActiveCfg = Release|Any CPU
		{4C8887AD-632C-430B-82A8-788842164935}.Release|Any CPU.Build.0 = Release|Any CPU
		{C3213583-7BFF-466D-86C6-4A674E8B0F2E}.Debug|Any CPU.ActiveCfg = Debug|Any CPU
		{C3213583-7BFF-466D-86C6-4A674E8B0F2E}.Debug|Any CPU.Build.0 = Debug|Any CPU
		{C3213583-7BFF-466D-86C6-4A674E8B0F2E}.Release|Any CPU.ActiveCfg = Release|Any CPU
		{C3213583-7BFF-466D-86C6-4A674E8B0F2E}.Release|Any CPU.Build.0 = Release|Any CPU
		{27271EFB-EF22-4997-AC32-CB39897E9548}.Debug|Any CPU.ActiveCfg = Debug|Any CPU
		{27271EFB-EF22-4997-AC32-CB39897E9548}.Debug|Any CPU.Build.0 = Debug|Any CPU
		{27271EFB-EF22-4997-AC32-CB39897E9548}.Release|Any CPU.ActiveCfg = Release|Any CPU
		{27271EFB-EF22-4997-AC32-CB39897E9548}.Release|Any CPU.Build.0 = Release|Any CPU
		{00815A1B-F1CF-466A-A284-BF520D6F03DD}.Debug|Any CPU.ActiveCfg = Debug|Any CPU
		{00815A1B-F1CF-466A-A284-BF520D6F03DD}.Debug|Any CPU.Build.0 = Debug|Any CPU
		{00815A1B-F1CF-466A-A284-BF520D6F03DD}.Release|Any CPU.ActiveCfg = Release|Any CPU
		{00815A1B-F1CF-466A-A284-BF520D6F03DD}.Release|Any CPU.Build.0 = Release|Any CPU
	EndGlobalSection
	GlobalSection(SolutionProperties) = preSolution
		HideSolutionNode = FALSE
	EndGlobalSection
	GlobalSection(NestedProjects) = preSolution
		{9711B323-BD0D-405F-BABE-5964EDEA4E67} = {C166DDF4-5143-40A2-B083-2CB06D0FFDCA}
		{7C46AB1C-CE7C-4CAD-8421-ABC4A67A1DD5} = {C166DDF4-5143-40A2-B083-2CB06D0FFDCA}
		{4193ED2C-4F09-41C8-9FB8-463922449C1B} = {C166DDF4-5143-40A2-B083-2CB06D0FFDCA}
		{85DC5503-65C2-488D-B445-EB57B6784BE5} = {C166DDF4-5143-40A2-B083-2CB06D0FFDCA}
		{460F11B7-F164-4CEF-A0C6-1CF985BE6D3C} = {C166DDF4-5143-40A2-B083-2CB06D0FFDCA}
		{1A805727-F001-445C-A1BA-6BDE1C7467A9} = {C166DDF4-5143-40A2-B083-2CB06D0FFDCA}
		{C13AB764-49AA-4CDD-8FF6-C116137E0DEB} = {C166DDF4-5143-40A2-B083-2CB06D0FFDCA}
		{F6295349-68B2-4A30-8076-CF6EDC10BB83} = {C166DDF4-5143-40A2-B083-2CB06D0FFDCA}
		{8D9FE205-F4BA-43CB-8EA1-B2F1FA9D470E} = {C166DDF4-5143-40A2-B083-2CB06D0FFDCA}
		{DFF41B80-FBA4-4972-A70E-30453B85464F} = {C166DDF4-5143-40A2-B083-2CB06D0FFDCA}
		{FA18F10F-D449-4958-8D88-A593D497C20D} = {C166DDF4-5143-40A2-B083-2CB06D0FFDCA}
		{0AC4041A-A94D-4EC0-832D-09FB842ECE92} = {C166DDF4-5143-40A2-B083-2CB06D0FFDCA}
		{B94E41ED-7627-4135-91D6-1DDC53021089} = {C166DDF4-5143-40A2-B083-2CB06D0FFDCA}
		{E43B7D57-0C00-4CD6-9AD4-A7BF801A4F00} = {C166DDF4-5143-40A2-B083-2CB06D0FFDCA}
		{5360F937-BE01-4BC3-9B99-2FC6674746EB} = {C166DDF4-5143-40A2-B083-2CB06D0FFDCA}
		{BB7AA671-1633-45B4-9F1C-307AE3F12129} = {84AB4C3D-FF9C-48ED-8D80-C7A019BDBDDB}
		{9D794520-9D18-40E9-A7EA-2C16B31536F0} = {84AB4C3D-FF9C-48ED-8D80-C7A019BDBDDB}
		{602D8159-3503-4C57-B0BC-9FFAF82B69BA} = {84AB4C3D-FF9C-48ED-8D80-C7A019BDBDDB}
		{1B7E6294-18A2-44A1-9682-2FBE9B848455} = {84AB4C3D-FF9C-48ED-8D80-C7A019BDBDDB}
		{165C6AE3-F8C3-4DDB-85BC-56B2933239A6} = {84AB4C3D-FF9C-48ED-8D80-C7A019BDBDDB}
		{B4A12B0F-3F67-4C05-9173-A45858FA9EF3} = {84AB4C3D-FF9C-48ED-8D80-C7A019BDBDDB}
		{3ED68090-141A-450F-989D-15460E05F529} = {84AB4C3D-FF9C-48ED-8D80-C7A019BDBDDB}
		{31AA8872-08C7-41F2-9CE0-D6E706C1C6CF} = {84AB4C3D-FF9C-48ED-8D80-C7A019BDBDDB}
		{FB9D2092-943C-492E-8811-482DDE2EE131} = {84AB4C3D-FF9C-48ED-8D80-C7A019BDBDDB}
		{8C70151F-C769-4825-A786-55B186DAE29B} = {84AB4C3D-FF9C-48ED-8D80-C7A019BDBDDB}
		{E9E967A2-A9F2-4679-89CF-923DD868A920} = {0F8DA8E1-177E-443A-A7CC-164DFFFAB116}
		{7C66B39A-979E-4C73-9F5B-97C1BE3339EB} = {0F8DA8E1-177E-443A-A7CC-164DFFFAB116}
		{82204DE6-CCF0-4558-BF3B-AAC90D59D434} = {0F8DA8E1-177E-443A-A7CC-164DFFFAB116}
		{920BC8A4-6E7E-4818-9C55-548D28476762} = {0F8DA8E1-177E-443A-A7CC-164DFFFAB116}
		{B0E949AD-3E67-4800-A540-C57A31B11AAB} = {0F8DA8E1-177E-443A-A7CC-164DFFFAB116}
		{02D9AB7C-B8C7-4C97-B705-6F76E36AFE37} = {C166DDF4-5143-40A2-B083-2CB06D0FFDCA}
		{B9F06537-B7FC-4A33-A826-CAC6546A12AA} = {C166DDF4-5143-40A2-B083-2CB06D0FFDCA}
		{41A1A99F-A064-4D88-905F-3C88086F6986} = {C166DDF4-5143-40A2-B083-2CB06D0FFDCA}
		{C0030C08-7994-47C5-98AA-77451BDBCDA0} = {C166DDF4-5143-40A2-B083-2CB06D0FFDCA}
		{C2E92C18-56DC-4873-8FDB-F2955D276B82} = {0F8DA8E1-177E-443A-A7CC-164DFFFAB116}
		{654F2684-3BAB-4DC3-A72E-1ADD5F7B4DA7} = {0F8DA8E1-177E-443A-A7CC-164DFFFAB116}
		{4C8887AD-632C-430B-82A8-788842164935} = {84AB4C3D-FF9C-48ED-8D80-C7A019BDBDDB}
		{C3213583-7BFF-466D-86C6-4A674E8B0F2E} = {84AB4C3D-FF9C-48ED-8D80-C7A019BDBDDB}
		{27271EFB-EF22-4997-AC32-CB39897E9548} = {84AB4C3D-FF9C-48ED-8D80-C7A019BDBDDB}
		{00815A1B-F1CF-466A-A284-BF520D6F03DD} = {84AB4C3D-FF9C-48ED-8D80-C7A019BDBDDB}
	EndGlobalSection
	GlobalSection(ExtensibilityGlobals) = postSolution
		SolutionGuid = {FF2C9FFA-C62C-4CB5-849E-56D318DC4522}
	EndGlobalSection
EndGlobal
