
Microsoft Visual Studio Solution File, Format Version 12.00
# Visual Studio Version 16
VisualStudioVersion = 16.0.30011.22
MinimumVisualStudioVersion = 10.0.40219.1
Project("{9A19103F-16F7-4668-BE54-9A1E7A4F7556}") = "Train", "Train\Train.csproj", "{CED15F56-1B0E-4F13-A04A-B4227BE44BA6}"
EndProject
Project("{9A19103F-16F7-4668-BE54-9A1E7A4F7556}") = "CommonElements", "CommonElements\CommonElements.csproj", "{306D9825-97F7-469B-A49E-EEAE86DC2241}"
EndProject
Project("{9A19103F-16F7-4668-BE54-9A1E7A4F7556}") = "ZigZagArrays", "ZigZagArrays\ZigZagArrays.csproj", "{2A8CDFB4-316B-47FA-949D-FE840E543CC3}"
EndProject
Project("{9A19103F-16F7-4668-BE54-9A1E7A4F7556}") = "ZigZagArray1", "ZigZagArray1\ZigZagArray1.csproj", "{FCDBC13F-CB0B-470B-A182-1F64B1BE12F7}"
EndProject
Project("{9A19103F-16F7-4668-BE54-9A1E7A4F7556}") = "ArrayRotation", "ArrayRotation\ArrayRotation.csproj", "{CC66884E-5DD8-43D1-85AC-FB59272D0F25}"
EndProject
Project("{9A19103F-16F7-4668-BE54-9A1E7A4F7556}") = "TopIntegers", "UtopianTree\TopIntegers.csproj", "{E356EE03-E826-4072-A07C-5CC4B8A29999}"
EndProject
Project("{9A19103F-16F7-4668-BE54-9A1E7A4F7556}") = "EqualSum", "EqualSum\EqualSum.csproj", "{13BCCD8B-5455-427A-AAE3-75F43569BEA3}"
EndProject
Project("{9A19103F-16F7-4668-BE54-9A1E7A4F7556}") = "MaxSequenceOfEqualElements", "MaxSequenceOfEqualElements\MaxSequenceOfEqualElements.csproj", "{13CDCAD4-D925-44AD-8039-73BAD62E8A4E}"
EndProject
Project("{9A19103F-16F7-4668-BE54-9A1E7A4F7556}") = "MagicSum", "MagicSum\MagicSum.csproj", "{A030D539-3035-4FBA-B2F1-318174D28EC4}"
EndProject
Project("{9A19103F-16F7-4668-BE54-9A1E7A4F7556}") = "KaminoFactory", "KaminoFactory\KaminoFactory.csproj", "{5C6FA9FB-7617-4025-B4BD-5BB9890B70C0}"
EndProject
Project("{9A19103F-16F7-4668-BE54-9A1E7A4F7556}") = "KaminoFactoryLastSolution", "KaminoFactory1\KaminoFactoryLastSolution.csproj", "{DEF2076B-D54D-45BB-9187-B9C79D1E71A8}"
EndProject
Project("{9A19103F-16F7-4668-BE54-9A1E7A4F7556}") = "ZigZagArray2", "ZigZagArray2\ZigZagArray2.csproj", "{5EA97D5D-5D1D-49FD-A4AA-83A4FE3B2612}"
EndProject
Project("{9A19103F-16F7-4668-BE54-9A1E7A4F7556}") = "ArrayRotation1", "ArrayRotation1\ArrayRotation1.csproj", "{9FAFE723-FDF5-408C-8EC8-3979C9D6561B}"
EndProject
Project("{9A19103F-16F7-4668-BE54-9A1E7A4F7556}") = "TopIntegers1", "TopIntegers1\TopIntegers1.csproj", "{E4032F9C-C955-4808-A18D-D3B367E47AE1}"
EndProject
Project("{9A19103F-16F7-4668-BE54-9A1E7A4F7556}") = "EqualSums1", "EqualSums1\EqualSums1.csproj", "{75FE3DCF-E629-4928-AAC9-76F39B9C7CDF}"
EndProject
Project("{9A19103F-16F7-4668-BE54-9A1E7A4F7556}") = "MaxSequenceOfEqualElements1", "MaxSequenceOfEqualElements1\MaxSequenceOfEqualElements1.csproj", "{1A4E3268-C514-49FE-BECA-D81702F1B921}"
EndProject
Project("{9A19103F-16F7-4668-BE54-9A1E7A4F7556}") = "MagicSum1", "MagicSum1\MagicSum1.csproj", "{EB048528-C9D1-4534-823E-84C40D459F85}"
EndProject
Project("{9A19103F-16F7-4668-BE54-9A1E7A4F7556}") = "KaminoFactory2", "KaminoFactory2\KaminoFactory2.csproj", "{4B8F4D40-9D3C-4839-B335-FE16C9C87737}"
EndProject
Project("{2150E333-8FDC-42A3-9474-1A3956D46DE8}") = "FUNDArraysMoreExercises", "FUNDArraysMoreExercises", "{FF099CC6-05F8-4766-A080-8BF7E5560994}"
EndProject
Project("{9A19103F-16F7-4668-BE54-9A1E7A4F7556}") = "EncryptSortAndPrintArray", "EncryptSortAndPrintArray\EncryptSortAndPrintArray.csproj", "{E064D541-B56F-4EF5-B74A-516177B1337E}"
EndProject
Project("{9A19103F-16F7-4668-BE54-9A1E7A4F7556}") = "PascalTriangle", "PascalTriangle\PascalTriangle.csproj", "{7E65C04A-89DD-4E65-94A4-17EB927D81AF}"
EndProject
Project("{9A19103F-16F7-4668-BE54-9A1E7A4F7556}") = "LadyBugs", "LadyBugs\LadyBugs.csproj", "{10F9570B-7941-4FBF-AF1F-EACB6B0A28C2}"
EndProject
Project("{9A19103F-16F7-4668-BE54-9A1E7A4F7556}") = "Train1", "Train1\Train1.csproj", "{A567B857-B74A-4875-9218-111D091401C5}"
EndProject
Project("{9A19103F-16F7-4668-BE54-9A1E7A4F7556}") = "CommonElements1", "CommonElements1\CommonElements1.csproj", "{9F227435-AAAF-4DA6-8AE7-FF4614D1F14B}"
EndProject
Project("{9A19103F-16F7-4668-BE54-9A1E7A4F7556}") = "ZigZagArrays1", "ZigZagArrays1\ZigZagArrays1.csproj", "{E97480C0-3EC6-4AA1-A097-0C42D7058B60}"
EndProject
Project("{9A19103F-16F7-4668-BE54-9A1E7A4F7556}") = "ArrayRotation2", "ArrayRotation2\ArrayRotation2.csproj", "{7E355199-40C4-4875-86BB-9C01F41A3059}"
EndProject
Project("{9A19103F-16F7-4668-BE54-9A1E7A4F7556}") = "TopIntegers2", "TopIntegers2\TopIntegers2.csproj", "{90B04989-4DE4-4331-AF9A-6E48C470F7F9}"
EndProject
Project("{9A19103F-16F7-4668-BE54-9A1E7A4F7556}") = "EqualSums2", "EqualSums2\EqualSums2.csproj", "{6BE4723E-E37A-4ACA-8B35-69F3834DD630}"
EndProject
Project("{9A19103F-16F7-4668-BE54-9A1E7A4F7556}") = "MaxSequenceOfEqualElements2", "MaxSequenceOfEqualElements2\MaxSequenceOfEqualElements2.csproj", "{4C241AE1-6922-4721-85EB-B4FA36F080B0}"
EndProject
Project("{9A19103F-16F7-4668-BE54-9A1E7A4F7556}") = "Kamino", "Kamino\Kamino.csproj", "{63CB521D-802E-4C84-B6CC-3A4271ADA5AA}"
EndProject
Project("{9A19103F-16F7-4668-BE54-9A1E7A4F7556}") = "KaminoSolutionAnother", "KaminoSolutionAnother\KaminoSolutionAnother.csproj", "{E981A849-EB55-4F1A-A104-2A214C7E85CC}"
EndProject
Project("{9A19103F-16F7-4668-BE54-9A1E7A4F7556}") = "LadyBugs1", "LadyBugs1\LadyBugs1.csproj", "{FBE02681-BDF1-43C0-BF33-D7150FFE210B}"
EndProject
Project("{9A19103F-16F7-4668-BE54-9A1E7A4F7556}") = "RecursiveFibonacci", "RecursiveFibonacci\RecursiveFibonacci.csproj", "{3AF9E789-0CFA-4067-874A-1EB46E4AB204}"
EndProject
Project("{9A19103F-16F7-4668-BE54-9A1E7A4F7556}") = "FoldAndSum", "FoldAndSum\FoldAndSum.csproj", "{0D89DF2F-CAFB-495D-BC06-F589FB089478}"
EndProject
Project("{9A19103F-16F7-4668-BE54-9A1E7A4F7556}") = "LongestIncreasingSubsequence", "LongestIncreasingSubsequence\LongestIncreasingSubsequence.csproj", "{60BBB9D7-B8DB-4901-8989-71F1EB4148DB}"
EndProject
Project("{9A19103F-16F7-4668-BE54-9A1E7A4F7556}") = "LastKNumbersSumsSequence", "LastKNumbersSumsSequence\LastKNumbersSumsSequence.csproj", "{95C24BCA-EBC8-4400-A177-9B60B183D763}"
EndProject
Project("{9A19103F-16F7-4668-BE54-9A1E7A4F7556}") = "TripleSum", "TripleSum\TripleSum.csproj", "{5C50C9EF-336B-4457-B9BC-2748E277A6AF}"
EndProject
Project("{9A19103F-16F7-4668-BE54-9A1E7A4F7556}") = "RoundingNumbersAwayFromZero", "RoundingNumbersAwayFromZero\RoundingNumbersAwayFromZero.csproj", "{DC8B2037-6B76-4C60-86F2-D28DB4FD8876}"
EndProject
Project("{9A19103F-16F7-4668-BE54-9A1E7A4F7556}") = "SumArrays", "SumArrays\SumArrays.csproj", "{06D3F319-E202-4274-A95D-A7463BDF05AF}"
EndProject
Project("{9A19103F-16F7-4668-BE54-9A1E7A4F7556}") = "CondenseArrayToNumber", "CondenseArrayToNumber\CondenseArrayToNumber.csproj", "{CC5AB793-F6E0-48D1-8553-DEDA825A93C5}"
EndProject
Project("{9A19103F-16F7-4668-BE54-9A1E7A4F7556}") = "ExtractMiddleElements", "ExtractMiddle Elements\ExtractMiddleElements.csproj", "{BE27307E-1AD6-4606-91A9-AA595AEA3B5D}"
EndProject
Project("{9A19103F-16F7-4668-BE54-9A1E7A4F7556}") = "LargestCommonEnd", "LargestCommonEnd\LargestCommonEnd.csproj", "{18C02542-F2DF-4F80-9AB2-A51C3621D064}"
EndProject
Project("{9A19103F-16F7-4668-BE54-9A1E7A4F7556}") = "RotateAndSum", "RotateAndSum\RotateAndSum.csproj", "{52418633-C683-4491-94F7-431541DCE004}"
EndProject
Project("{9A19103F-16F7-4668-BE54-9A1E7A4F7556}") = "SieveOfEratosthenes", "SieveOfEratosthenes\SieveOfEratosthenes.csproj", "{BE3B9CAD-C576-4644-887C-002D636F31FF}"
EndProject
Project("{9A19103F-16F7-4668-BE54-9A1E7A4F7556}") = "CompareCharArrays", "CompareCharArrays\CompareCharArrays.csproj", "{4F924417-4095-4795-8AA2-72E4FEBA9524}"
EndProject
Project("{9A19103F-16F7-4668-BE54-9A1E7A4F7556}") = "MaxSequenceOfIncreasingElements", "MaxSequenceOfIncreasingElements\MaxSequenceOfIncreasingElements.csproj", "{8919AD15-DAEC-433B-AABA-4C824A16EC7F}"
EndProject
Project("{FAE04EC0-301F-11D3-BF4B-00C04F79EFBC}") = "KamionoSanyaSolution", "KamionoSanyaSolution\KamionoSanyaSolution.csproj", "{20C3E07A-4F8D-44A6-AFEF-FE3982B54140}"
EndProject
Project("{FAE04EC0-301F-11D3-BF4B-00C04F79EFBC}") = "LadyBugLastSolution", "LadyBugLastSolution\LadyBugLastSolution.csproj", "{4F66DE4B-5349-4004-9CC3-1472434B647E}"
EndProject
Project("{FAE04EC0-301F-11D3-BF4B-00C04F79EFBC}") = "LadyBugSanyaSolution", "LadyBugSanyaSolution\LadyBugSanyaSolution.csproj", "{EC410287-0C70-4836-8EEC-8DF20757B6F4}"
EndProject
Global
	GlobalSection(SolutionConfigurationPlatforms) = preSolution
		Debug|Any CPU = Debug|Any CPU
		Release|Any CPU = Release|Any CPU
	EndGlobalSection
	GlobalSection(ProjectConfigurationPlatforms) = postSolution
		{CED15F56-1B0E-4F13-A04A-B4227BE44BA6}.Debug|Any CPU.ActiveCfg = Debug|Any CPU
		{CED15F56-1B0E-4F13-A04A-B4227BE44BA6}.Debug|Any CPU.Build.0 = Debug|Any CPU
		{CED15F56-1B0E-4F13-A04A-B4227BE44BA6}.Release|Any CPU.ActiveCfg = Release|Any CPU
		{CED15F56-1B0E-4F13-A04A-B4227BE44BA6}.Release|Any CPU.Build.0 = Release|Any CPU
		{306D9825-97F7-469B-A49E-EEAE86DC2241}.Debug|Any CPU.ActiveCfg = Debug|Any CPU
		{306D9825-97F7-469B-A49E-EEAE86DC2241}.Debug|Any CPU.Build.0 = Debug|Any CPU
		{306D9825-97F7-469B-A49E-EEAE86DC2241}.Release|Any CPU.ActiveCfg = Release|Any CPU
		{306D9825-97F7-469B-A49E-EEAE86DC2241}.Release|Any CPU.Build.0 = Release|Any CPU
		{2A8CDFB4-316B-47FA-949D-FE840E543CC3}.Debug|Any CPU.ActiveCfg = Debug|Any CPU
		{2A8CDFB4-316B-47FA-949D-FE840E543CC3}.Debug|Any CPU.Build.0 = Debug|Any CPU
		{2A8CDFB4-316B-47FA-949D-FE840E543CC3}.Release|Any CPU.ActiveCfg = Release|Any CPU
		{2A8CDFB4-316B-47FA-949D-FE840E543CC3}.Release|Any CPU.Build.0 = Release|Any CPU
		{FCDBC13F-CB0B-470B-A182-1F64B1BE12F7}.Debug|Any CPU.ActiveCfg = Debug|Any CPU
		{FCDBC13F-CB0B-470B-A182-1F64B1BE12F7}.Debug|Any CPU.Build.0 = Debug|Any CPU
		{FCDBC13F-CB0B-470B-A182-1F64B1BE12F7}.Release|Any CPU.ActiveCfg = Release|Any CPU
		{FCDBC13F-CB0B-470B-A182-1F64B1BE12F7}.Release|Any CPU.Build.0 = Release|Any CPU
		{CC66884E-5DD8-43D1-85AC-FB59272D0F25}.Debug|Any CPU.ActiveCfg = Debug|Any CPU
		{CC66884E-5DD8-43D1-85AC-FB59272D0F25}.Debug|Any CPU.Build.0 = Debug|Any CPU
		{CC66884E-5DD8-43D1-85AC-FB59272D0F25}.Release|Any CPU.ActiveCfg = Release|Any CPU
		{CC66884E-5DD8-43D1-85AC-FB59272D0F25}.Release|Any CPU.Build.0 = Release|Any CPU
		{E356EE03-E826-4072-A07C-5CC4B8A29999}.Debug|Any CPU.ActiveCfg = Debug|Any CPU
		{E356EE03-E826-4072-A07C-5CC4B8A29999}.Debug|Any CPU.Build.0 = Debug|Any CPU
		{E356EE03-E826-4072-A07C-5CC4B8A29999}.Release|Any CPU.ActiveCfg = Release|Any CPU
		{E356EE03-E826-4072-A07C-5CC4B8A29999}.Release|Any CPU.Build.0 = Release|Any CPU
		{13BCCD8B-5455-427A-AAE3-75F43569BEA3}.Debug|Any CPU.ActiveCfg = Debug|Any CPU
		{13BCCD8B-5455-427A-AAE3-75F43569BEA3}.Debug|Any CPU.Build.0 = Debug|Any CPU
		{13BCCD8B-5455-427A-AAE3-75F43569BEA3}.Release|Any CPU.ActiveCfg = Release|Any CPU
		{13BCCD8B-5455-427A-AAE3-75F43569BEA3}.Release|Any CPU.Build.0 = Release|Any CPU
		{13CDCAD4-D925-44AD-8039-73BAD62E8A4E}.Debug|Any CPU.ActiveCfg = Debug|Any CPU
		{13CDCAD4-D925-44AD-8039-73BAD62E8A4E}.Debug|Any CPU.Build.0 = Debug|Any CPU
		{13CDCAD4-D925-44AD-8039-73BAD62E8A4E}.Release|Any CPU.ActiveCfg = Release|Any CPU
		{13CDCAD4-D925-44AD-8039-73BAD62E8A4E}.Release|Any CPU.Build.0 = Release|Any CPU
		{A030D539-3035-4FBA-B2F1-318174D28EC4}.Debug|Any CPU.ActiveCfg = Debug|Any CPU
		{A030D539-3035-4FBA-B2F1-318174D28EC4}.Debug|Any CPU.Build.0 = Debug|Any CPU
		{A030D539-3035-4FBA-B2F1-318174D28EC4}.Release|Any CPU.ActiveCfg = Release|Any CPU
		{A030D539-3035-4FBA-B2F1-318174D28EC4}.Release|Any CPU.Build.0 = Release|Any CPU
		{5C6FA9FB-7617-4025-B4BD-5BB9890B70C0}.Debug|Any CPU.ActiveCfg = Debug|Any CPU
		{5C6FA9FB-7617-4025-B4BD-5BB9890B70C0}.Debug|Any CPU.Build.0 = Debug|Any CPU
		{5C6FA9FB-7617-4025-B4BD-5BB9890B70C0}.Release|Any CPU.ActiveCfg = Release|Any CPU
		{5C6FA9FB-7617-4025-B4BD-5BB9890B70C0}.Release|Any CPU.Build.0 = Release|Any CPU
		{DEF2076B-D54D-45BB-9187-B9C79D1E71A8}.Debug|Any CPU.ActiveCfg = Debug|Any CPU
		{DEF2076B-D54D-45BB-9187-B9C79D1E71A8}.Debug|Any CPU.Build.0 = Debug|Any CPU
		{DEF2076B-D54D-45BB-9187-B9C79D1E71A8}.Release|Any CPU.ActiveCfg = Release|Any CPU
		{DEF2076B-D54D-45BB-9187-B9C79D1E71A8}.Release|Any CPU.Build.0 = Release|Any CPU
		{5EA97D5D-5D1D-49FD-A4AA-83A4FE3B2612}.Debug|Any CPU.ActiveCfg = Debug|Any CPU
		{5EA97D5D-5D1D-49FD-A4AA-83A4FE3B2612}.Debug|Any CPU.Build.0 = Debug|Any CPU
		{5EA97D5D-5D1D-49FD-A4AA-83A4FE3B2612}.Release|Any CPU.ActiveCfg = Release|Any CPU
		{5EA97D5D-5D1D-49FD-A4AA-83A4FE3B2612}.Release|Any CPU.Build.0 = Release|Any CPU
		{9FAFE723-FDF5-408C-8EC8-3979C9D6561B}.Debug|Any CPU.ActiveCfg = Debug|Any CPU
		{9FAFE723-FDF5-408C-8EC8-3979C9D6561B}.Debug|Any CPU.Build.0 = Debug|Any CPU
		{9FAFE723-FDF5-408C-8EC8-3979C9D6561B}.Release|Any CPU.ActiveCfg = Release|Any CPU
		{9FAFE723-FDF5-408C-8EC8-3979C9D6561B}.Release|Any CPU.Build.0 = Release|Any CPU
		{E4032F9C-C955-4808-A18D-D3B367E47AE1}.Debug|Any CPU.ActiveCfg = Debug|Any CPU
		{E4032F9C-C955-4808-A18D-D3B367E47AE1}.Debug|Any CPU.Build.0 = Debug|Any CPU
		{E4032F9C-C955-4808-A18D-D3B367E47AE1}.Release|Any CPU.ActiveCfg = Release|Any CPU
		{E4032F9C-C955-4808-A18D-D3B367E47AE1}.Release|Any CPU.Build.0 = Release|Any CPU
		{75FE3DCF-E629-4928-AAC9-76F39B9C7CDF}.Debug|Any CPU.ActiveCfg = Debug|Any CPU
		{75FE3DCF-E629-4928-AAC9-76F39B9C7CDF}.Debug|Any CPU.Build.0 = Debug|Any CPU
		{75FE3DCF-E629-4928-AAC9-76F39B9C7CDF}.Release|Any CPU.ActiveCfg = Release|Any CPU
		{75FE3DCF-E629-4928-AAC9-76F39B9C7CDF}.Release|Any CPU.Build.0 = Release|Any CPU
		{1A4E3268-C514-49FE-BECA-D81702F1B921}.Debug|Any CPU.ActiveCfg = Debug|Any CPU
		{1A4E3268-C514-49FE-BECA-D81702F1B921}.Debug|Any CPU.Build.0 = Debug|Any CPU
		{1A4E3268-C514-49FE-BECA-D81702F1B921}.Release|Any CPU.ActiveCfg = Release|Any CPU
		{1A4E3268-C514-49FE-BECA-D81702F1B921}.Release|Any CPU.Build.0 = Release|Any CPU
		{EB048528-C9D1-4534-823E-84C40D459F85}.Debug|Any CPU.ActiveCfg = Debug|Any CPU
		{EB048528-C9D1-4534-823E-84C40D459F85}.Debug|Any CPU.Build.0 = Debug|Any CPU
		{EB048528-C9D1-4534-823E-84C40D459F85}.Release|Any CPU.ActiveCfg = Release|Any CPU
		{EB048528-C9D1-4534-823E-84C40D459F85}.Release|Any CPU.Build.0 = Release|Any CPU
		{4B8F4D40-9D3C-4839-B335-FE16C9C87737}.Debug|Any CPU.ActiveCfg = Debug|Any CPU
		{4B8F4D40-9D3C-4839-B335-FE16C9C87737}.Debug|Any CPU.Build.0 = Debug|Any CPU
		{4B8F4D40-9D3C-4839-B335-FE16C9C87737}.Release|Any CPU.ActiveCfg = Release|Any CPU
		{4B8F4D40-9D3C-4839-B335-FE16C9C87737}.Release|Any CPU.Build.0 = Release|Any CPU
		{E064D541-B56F-4EF5-B74A-516177B1337E}.Debug|Any CPU.ActiveCfg = Debug|Any CPU
		{E064D541-B56F-4EF5-B74A-516177B1337E}.Debug|Any CPU.Build.0 = Debug|Any CPU
		{E064D541-B56F-4EF5-B74A-516177B1337E}.Release|Any CPU.ActiveCfg = Release|Any CPU
		{E064D541-B56F-4EF5-B74A-516177B1337E}.Release|Any CPU.Build.0 = Release|Any CPU
		{7E65C04A-89DD-4E65-94A4-17EB927D81AF}.Debug|Any CPU.ActiveCfg = Debug|Any CPU
		{7E65C04A-89DD-4E65-94A4-17EB927D81AF}.Debug|Any CPU.Build.0 = Debug|Any CPU
		{7E65C04A-89DD-4E65-94A4-17EB927D81AF}.Release|Any CPU.ActiveCfg = Release|Any CPU
		{7E65C04A-89DD-4E65-94A4-17EB927D81AF}.Release|Any CPU.Build.0 = Release|Any CPU
		{10F9570B-7941-4FBF-AF1F-EACB6B0A28C2}.Debug|Any CPU.ActiveCfg = Debug|Any CPU
		{10F9570B-7941-4FBF-AF1F-EACB6B0A28C2}.Debug|Any CPU.Build.0 = Debug|Any CPU
		{10F9570B-7941-4FBF-AF1F-EACB6B0A28C2}.Release|Any CPU.ActiveCfg = Release|Any CPU
		{10F9570B-7941-4FBF-AF1F-EACB6B0A28C2}.Release|Any CPU.Build.0 = Release|Any CPU
		{A567B857-B74A-4875-9218-111D091401C5}.Debug|Any CPU.ActiveCfg = Debug|Any CPU
		{A567B857-B74A-4875-9218-111D091401C5}.Debug|Any CPU.Build.0 = Debug|Any CPU
		{A567B857-B74A-4875-9218-111D091401C5}.Release|Any CPU.ActiveCfg = Release|Any CPU
		{A567B857-B74A-4875-9218-111D091401C5}.Release|Any CPU.Build.0 = Release|Any CPU
		{9F227435-AAAF-4DA6-8AE7-FF4614D1F14B}.Debug|Any CPU.ActiveCfg = Debug|Any CPU
		{9F227435-AAAF-4DA6-8AE7-FF4614D1F14B}.Debug|Any CPU.Build.0 = Debug|Any CPU
		{9F227435-AAAF-4DA6-8AE7-FF4614D1F14B}.Release|Any CPU.ActiveCfg = Release|Any CPU
		{9F227435-AAAF-4DA6-8AE7-FF4614D1F14B}.Release|Any CPU.Build.0 = Release|Any CPU
		{E97480C0-3EC6-4AA1-A097-0C42D7058B60}.Debug|Any CPU.ActiveCfg = Debug|Any CPU
		{E97480C0-3EC6-4AA1-A097-0C42D7058B60}.Debug|Any CPU.Build.0 = Debug|Any CPU
		{E97480C0-3EC6-4AA1-A097-0C42D7058B60}.Release|Any CPU.ActiveCfg = Release|Any CPU
		{E97480C0-3EC6-4AA1-A097-0C42D7058B60}.Release|Any CPU.Build.0 = Release|Any CPU
		{7E355199-40C4-4875-86BB-9C01F41A3059}.Debug|Any CPU.ActiveCfg = Debug|Any CPU
		{7E355199-40C4-4875-86BB-9C01F41A3059}.Debug|Any CPU.Build.0 = Debug|Any CPU
		{7E355199-40C4-4875-86BB-9C01F41A3059}.Release|Any CPU.ActiveCfg = Release|Any CPU
		{7E355199-40C4-4875-86BB-9C01F41A3059}.Release|Any CPU.Build.0 = Release|Any CPU
		{90B04989-4DE4-4331-AF9A-6E48C470F7F9}.Debug|Any CPU.ActiveCfg = Debug|Any CPU
		{90B04989-4DE4-4331-AF9A-6E48C470F7F9}.Debug|Any CPU.Build.0 = Debug|Any CPU
		{90B04989-4DE4-4331-AF9A-6E48C470F7F9}.Release|Any CPU.ActiveCfg = Release|Any CPU
		{90B04989-4DE4-4331-AF9A-6E48C470F7F9}.Release|Any CPU.Build.0 = Release|Any CPU
		{6BE4723E-E37A-4ACA-8B35-69F3834DD630}.Debug|Any CPU.ActiveCfg = Debug|Any CPU
		{6BE4723E-E37A-4ACA-8B35-69F3834DD630}.Debug|Any CPU.Build.0 = Debug|Any CPU
		{6BE4723E-E37A-4ACA-8B35-69F3834DD630}.Release|Any CPU.ActiveCfg = Release|Any CPU
		{6BE4723E-E37A-4ACA-8B35-69F3834DD630}.Release|Any CPU.Build.0 = Release|Any CPU
		{4C241AE1-6922-4721-85EB-B4FA36F080B0}.Debug|Any CPU.ActiveCfg = Debug|Any CPU
		{4C241AE1-6922-4721-85EB-B4FA36F080B0}.Debug|Any CPU.Build.0 = Debug|Any CPU
		{4C241AE1-6922-4721-85EB-B4FA36F080B0}.Release|Any CPU.ActiveCfg = Release|Any CPU
		{4C241AE1-6922-4721-85EB-B4FA36F080B0}.Release|Any CPU.Build.0 = Release|Any CPU
		{63CB521D-802E-4C84-B6CC-3A4271ADA5AA}.Debug|Any CPU.ActiveCfg = Debug|Any CPU
		{63CB521D-802E-4C84-B6CC-3A4271ADA5AA}.Debug|Any CPU.Build.0 = Debug|Any CPU
		{63CB521D-802E-4C84-B6CC-3A4271ADA5AA}.Release|Any CPU.ActiveCfg = Release|Any CPU
		{63CB521D-802E-4C84-B6CC-3A4271ADA5AA}.Release|Any CPU.Build.0 = Release|Any CPU
		{E981A849-EB55-4F1A-A104-2A214C7E85CC}.Debug|Any CPU.ActiveCfg = Debug|Any CPU
		{E981A849-EB55-4F1A-A104-2A214C7E85CC}.Debug|Any CPU.Build.0 = Debug|Any CPU
		{E981A849-EB55-4F1A-A104-2A214C7E85CC}.Release|Any CPU.ActiveCfg = Release|Any CPU
		{E981A849-EB55-4F1A-A104-2A214C7E85CC}.Release|Any CPU.Build.0 = Release|Any CPU
		{FBE02681-BDF1-43C0-BF33-D7150FFE210B}.Debug|Any CPU.ActiveCfg = Debug|Any CPU
		{FBE02681-BDF1-43C0-BF33-D7150FFE210B}.Debug|Any CPU.Build.0 = Debug|Any CPU
		{FBE02681-BDF1-43C0-BF33-D7150FFE210B}.Release|Any CPU.ActiveCfg = Release|Any CPU
		{FBE02681-BDF1-43C0-BF33-D7150FFE210B}.Release|Any CPU.Build.0 = Release|Any CPU
		{3AF9E789-0CFA-4067-874A-1EB46E4AB204}.Debug|Any CPU.ActiveCfg = Debug|Any CPU
		{3AF9E789-0CFA-4067-874A-1EB46E4AB204}.Debug|Any CPU.Build.0 = Debug|Any CPU
		{3AF9E789-0CFA-4067-874A-1EB46E4AB204}.Release|Any CPU.ActiveCfg = Release|Any CPU
		{3AF9E789-0CFA-4067-874A-1EB46E4AB204}.Release|Any CPU.Build.0 = Release|Any CPU
		{0D89DF2F-CAFB-495D-BC06-F589FB089478}.Debug|Any CPU.ActiveCfg = Debug|Any CPU
		{0D89DF2F-CAFB-495D-BC06-F589FB089478}.Debug|Any CPU.Build.0 = Debug|Any CPU
		{0D89DF2F-CAFB-495D-BC06-F589FB089478}.Release|Any CPU.ActiveCfg = Release|Any CPU
		{0D89DF2F-CAFB-495D-BC06-F589FB089478}.Release|Any CPU.Build.0 = Release|Any CPU
		{60BBB9D7-B8DB-4901-8989-71F1EB4148DB}.Debug|Any CPU.ActiveCfg = Debug|Any CPU
		{60BBB9D7-B8DB-4901-8989-71F1EB4148DB}.Debug|Any CPU.Build.0 = Debug|Any CPU
		{60BBB9D7-B8DB-4901-8989-71F1EB4148DB}.Release|Any CPU.ActiveCfg = Release|Any CPU
		{60BBB9D7-B8DB-4901-8989-71F1EB4148DB}.Release|Any CPU.Build.0 = Release|Any CPU
		{95C24BCA-EBC8-4400-A177-9B60B183D763}.Debug|Any CPU.ActiveCfg = Debug|Any CPU
		{95C24BCA-EBC8-4400-A177-9B60B183D763}.Debug|Any CPU.Build.0 = Debug|Any CPU
		{95C24BCA-EBC8-4400-A177-9B60B183D763}.Release|Any CPU.ActiveCfg = Release|Any CPU
		{95C24BCA-EBC8-4400-A177-9B60B183D763}.Release|Any CPU.Build.0 = Release|Any CPU
		{5C50C9EF-336B-4457-B9BC-2748E277A6AF}.Debug|Any CPU.ActiveCfg = Debug|Any CPU
		{5C50C9EF-336B-4457-B9BC-2748E277A6AF}.Debug|Any CPU.Build.0 = Debug|Any CPU
		{5C50C9EF-336B-4457-B9BC-2748E277A6AF}.Release|Any CPU.ActiveCfg = Release|Any CPU
		{5C50C9EF-336B-4457-B9BC-2748E277A6AF}.Release|Any CPU.Build.0 = Release|Any CPU
		{DC8B2037-6B76-4C60-86F2-D28DB4FD8876}.Debug|Any CPU.ActiveCfg = Debug|Any CPU
		{DC8B2037-6B76-4C60-86F2-D28DB4FD8876}.Debug|Any CPU.Build.0 = Debug|Any CPU
		{DC8B2037-6B76-4C60-86F2-D28DB4FD8876}.Release|Any CPU.ActiveCfg = Release|Any CPU
		{DC8B2037-6B76-4C60-86F2-D28DB4FD8876}.Release|Any CPU.Build.0 = Release|Any CPU
		{06D3F319-E202-4274-A95D-A7463BDF05AF}.Debug|Any CPU.ActiveCfg = Debug|Any CPU
		{06D3F319-E202-4274-A95D-A7463BDF05AF}.Debug|Any CPU.Build.0 = Debug|Any CPU
		{06D3F319-E202-4274-A95D-A7463BDF05AF}.Release|Any CPU.ActiveCfg = Release|Any CPU
		{06D3F319-E202-4274-A95D-A7463BDF05AF}.Release|Any CPU.Build.0 = Release|Any CPU
		{CC5AB793-F6E0-48D1-8553-DEDA825A93C5}.Debug|Any CPU.ActiveCfg = Debug|Any CPU
		{CC5AB793-F6E0-48D1-8553-DEDA825A93C5}.Debug|Any CPU.Build.0 = Debug|Any CPU
		{CC5AB793-F6E0-48D1-8553-DEDA825A93C5}.Release|Any CPU.ActiveCfg = Release|Any CPU
		{CC5AB793-F6E0-48D1-8553-DEDA825A93C5}.Release|Any CPU.Build.0 = Release|Any CPU
		{BE27307E-1AD6-4606-91A9-AA595AEA3B5D}.Debug|Any CPU.ActiveCfg = Debug|Any CPU
		{BE27307E-1AD6-4606-91A9-AA595AEA3B5D}.Debug|Any CPU.Build.0 = Debug|Any CPU
		{BE27307E-1AD6-4606-91A9-AA595AEA3B5D}.Release|Any CPU.ActiveCfg = Release|Any CPU
		{BE27307E-1AD6-4606-91A9-AA595AEA3B5D}.Release|Any CPU.Build.0 = Release|Any CPU
		{18C02542-F2DF-4F80-9AB2-A51C3621D064}.Debug|Any CPU.ActiveCfg = Debug|Any CPU
		{18C02542-F2DF-4F80-9AB2-A51C3621D064}.Debug|Any CPU.Build.0 = Debug|Any CPU
		{18C02542-F2DF-4F80-9AB2-A51C3621D064}.Release|Any CPU.ActiveCfg = Release|Any CPU
		{18C02542-F2DF-4F80-9AB2-A51C3621D064}.Release|Any CPU.Build.0 = Release|Any CPU
		{52418633-C683-4491-94F7-431541DCE004}.Debug|Any CPU.ActiveCfg = Debug|Any CPU
		{52418633-C683-4491-94F7-431541DCE004}.Debug|Any CPU.Build.0 = Debug|Any CPU
		{52418633-C683-4491-94F7-431541DCE004}.Release|Any CPU.ActiveCfg = Release|Any CPU
		{52418633-C683-4491-94F7-431541DCE004}.Release|Any CPU.Build.0 = Release|Any CPU
		{BE3B9CAD-C576-4644-887C-002D636F31FF}.Debug|Any CPU.ActiveCfg = Debug|Any CPU
		{BE3B9CAD-C576-4644-887C-002D636F31FF}.Debug|Any CPU.Build.0 = Debug|Any CPU
		{BE3B9CAD-C576-4644-887C-002D636F31FF}.Release|Any CPU.ActiveCfg = Release|Any CPU
		{BE3B9CAD-C576-4644-887C-002D636F31FF}.Release|Any CPU.Build.0 = Release|Any CPU
		{4F924417-4095-4795-8AA2-72E4FEBA9524}.Debug|Any CPU.ActiveCfg = Debug|Any CPU
		{4F924417-4095-4795-8AA2-72E4FEBA9524}.Debug|Any CPU.Build.0 = Debug|Any CPU
		{4F924417-4095-4795-8AA2-72E4FEBA9524}.Release|Any CPU.ActiveCfg = Release|Any CPU
		{4F924417-4095-4795-8AA2-72E4FEBA9524}.Release|Any CPU.Build.0 = Release|Any CPU
		{8919AD15-DAEC-433B-AABA-4C824A16EC7F}.Debug|Any CPU.ActiveCfg = Debug|Any CPU
		{8919AD15-DAEC-433B-AABA-4C824A16EC7F}.Debug|Any CPU.Build.0 = Debug|Any CPU
		{8919AD15-DAEC-433B-AABA-4C824A16EC7F}.Release|Any CPU.ActiveCfg = Release|Any CPU
		{8919AD15-DAEC-433B-AABA-4C824A16EC7F}.Release|Any CPU.Build.0 = Release|Any CPU
		{20C3E07A-4F8D-44A6-AFEF-FE3982B54140}.Debug|Any CPU.ActiveCfg = Debug|Any CPU
		{20C3E07A-4F8D-44A6-AFEF-FE3982B54140}.Debug|Any CPU.Build.0 = Debug|Any CPU
		{20C3E07A-4F8D-44A6-AFEF-FE3982B54140}.Release|Any CPU.ActiveCfg = Release|Any CPU
		{20C3E07A-4F8D-44A6-AFEF-FE3982B54140}.Release|Any CPU.Build.0 = Release|Any CPU
		{4F66DE4B-5349-4004-9CC3-1472434B647E}.Debug|Any CPU.ActiveCfg = Debug|Any CPU
		{4F66DE4B-5349-4004-9CC3-1472434B647E}.Debug|Any CPU.Build.0 = Debug|Any CPU
		{4F66DE4B-5349-4004-9CC3-1472434B647E}.Release|Any CPU.ActiveCfg = Release|Any CPU
		{4F66DE4B-5349-4004-9CC3-1472434B647E}.Release|Any CPU.Build.0 = Release|Any CPU
		{EC410287-0C70-4836-8EEC-8DF20757B6F4}.Debug|Any CPU.ActiveCfg = Debug|Any CPU
		{EC410287-0C70-4836-8EEC-8DF20757B6F4}.Debug|Any CPU.Build.0 = Debug|Any CPU
		{EC410287-0C70-4836-8EEC-8DF20757B6F4}.Release|Any CPU.ActiveCfg = Release|Any CPU
		{EC410287-0C70-4836-8EEC-8DF20757B6F4}.Release|Any CPU.Build.0 = Release|Any CPU
	EndGlobalSection
	GlobalSection(SolutionProperties) = preSolution
		HideSolutionNode = FALSE
	EndGlobalSection
	GlobalSection(NestedProjects) = preSolution
		{E064D541-B56F-4EF5-B74A-516177B1337E} = {FF099CC6-05F8-4766-A080-8BF7E5560994}
		{7E65C04A-89DD-4E65-94A4-17EB927D81AF} = {FF099CC6-05F8-4766-A080-8BF7E5560994}
		{3AF9E789-0CFA-4067-874A-1EB46E4AB204} = {FF099CC6-05F8-4766-A080-8BF7E5560994}
		{0D89DF2F-CAFB-495D-BC06-F589FB089478} = {FF099CC6-05F8-4766-A080-8BF7E5560994}
		{60BBB9D7-B8DB-4901-8989-71F1EB4148DB} = {FF099CC6-05F8-4766-A080-8BF7E5560994}
		{95C24BCA-EBC8-4400-A177-9B60B183D763} = {FF099CC6-05F8-4766-A080-8BF7E5560994}
		{5C50C9EF-336B-4457-B9BC-2748E277A6AF} = {FF099CC6-05F8-4766-A080-8BF7E5560994}
		{DC8B2037-6B76-4C60-86F2-D28DB4FD8876} = {FF099CC6-05F8-4766-A080-8BF7E5560994}
		{06D3F319-E202-4274-A95D-A7463BDF05AF} = {FF099CC6-05F8-4766-A080-8BF7E5560994}
		{CC5AB793-F6E0-48D1-8553-DEDA825A93C5} = {FF099CC6-05F8-4766-A080-8BF7E5560994}
		{BE27307E-1AD6-4606-91A9-AA595AEA3B5D} = {FF099CC6-05F8-4766-A080-8BF7E5560994}
		{18C02542-F2DF-4F80-9AB2-A51C3621D064} = {FF099CC6-05F8-4766-A080-8BF7E5560994}
		{52418633-C683-4491-94F7-431541DCE004} = {FF099CC6-05F8-4766-A080-8BF7E5560994}
		{BE3B9CAD-C576-4644-887C-002D636F31FF} = {FF099CC6-05F8-4766-A080-8BF7E5560994}
		{4F924417-4095-4795-8AA2-72E4FEBA9524} = {FF099CC6-05F8-4766-A080-8BF7E5560994}
		{8919AD15-DAEC-433B-AABA-4C824A16EC7F} = {FF099CC6-05F8-4766-A080-8BF7E5560994}
	EndGlobalSection
	GlobalSection(ExtensibilityGlobals) = postSolution
		SolutionGuid = {55068986-9517-433B-8744-F4AB4D68E969}
	EndGlobalSection
EndGlobal
