
Microsoft Visual Studio Solution File, Format Version 12.00
# Visual Studio Version 16
VisualStudioVersion = 16.0.30011.22
MinimumVisualStudioVersion = 10.0.40219.1
Project("{9A19103F-16F7-4668-BE54-9A1E7A4F7556}") = "CounterStrike", "CounterStrike\CounterStrike.csproj", "{0B184236-9002-432C-A424-F2358D5B394E}"
EndProject
Project("{9A19103F-16F7-4668-BE54-9A1E7A4F7556}") = "ShootForTheWin", "ShootForTheWin\ShootForTheWin.csproj", "{417AA04E-407A-4F04-94EF-B98FFA6B1DF4}"
EndProject
Project("{9A19103F-16F7-4668-BE54-9A1E7A4F7556}") = "MovingTarget", "MovingTarget\MovingTarget.csproj", "{06048CFE-5084-4637-A971-9FACB9C54FD6}"
EndProject
Project("{FAE04EC0-301F-11D3-BF4B-00C04F79EFBC}") = "CounterStrike1", "CounterStrike1\CounterStrike1.csproj", "{C48DD436-3E05-4CB6-AFBA-CBC8CD992094}"
EndProject
Project("{FAE04EC0-301F-11D3-BF4B-00C04F79EFBC}") = "ShootForTheWin1", "ShootForTheWin1\ShootForTheWin1.csproj", "{9C6AAA48-FF3E-4C31-BADD-8999E6A960AD}"
EndProject
Project("{FAE04EC0-301F-11D3-BF4B-00C04F79EFBC}") = "MovingTarget1", "MovingTarget1\MovingTarget1.csproj", "{9CB83F5B-75B4-4E4D-BC5A-FEE28CDDA2FF}"
EndProject
Global
	GlobalSection(SolutionConfigurationPlatforms) = preSolution
		Debug|Any CPU = Debug|Any CPU
		Release|Any CPU = Release|Any CPU
	EndGlobalSection
	GlobalSection(ProjectConfigurationPlatforms) = postSolution
		{0B184236-9002-432C-A424-F2358D5B394E}.Debug|Any CPU.ActiveCfg = Debug|Any CPU
		{0B184236-9002-432C-A424-F2358D5B394E}.Debug|Any CPU.Build.0 = Debug|Any CPU
		{0B184236-9002-432C-A424-F2358D5B394E}.Release|Any CPU.ActiveCfg = Release|Any CPU
		{0B184236-9002-432C-A424-F2358D5B394E}.Release|Any CPU.Build.0 = Release|Any CPU
		{417AA04E-407A-4F04-94EF-B98FFA6B1DF4}.Debug|Any CPU.ActiveCfg = Debug|Any CPU
		{417AA04E-407A-4F04-94EF-B98FFA6B1DF4}.Debug|Any CPU.Build.0 = Debug|Any CPU
		{417AA04E-407A-4F04-94EF-B98FFA6B1DF4}.Release|Any CPU.ActiveCfg = Release|Any CPU
		{417AA04E-407A-4F04-94EF-B98FFA6B1DF4}.Release|Any CPU.Build.0 = Release|Any CPU
		{06048CFE-5084-4637-A971-9FACB9C54FD6}.Debug|Any CPU.ActiveCfg = Debug|Any CPU
		{06048CFE-5084-4637-A971-9FACB9C54FD6}.Debug|Any CPU.Build.0 = Debug|Any CPU
		{06048CFE-5084-4637-A971-9FACB9C54FD6}.Release|Any CPU.ActiveCfg = Release|Any CPU
		{06048CFE-5084-4637-A971-9FACB9C54FD6}.Release|Any CPU.Build.0 = Release|Any CPU
		{C48DD436-3E05-4CB6-AFBA-CBC8CD992094}.Debug|Any CPU.ActiveCfg = Debug|Any CPU
		{C48DD436-3E05-4CB6-AFBA-CBC8CD992094}.Debug|Any CPU.Build.0 = Debug|Any CPU
		{C48DD436-3E05-4CB6-AFBA-CBC8CD992094}.Release|Any CPU.ActiveCfg = Release|Any CPU
		{C48DD436-3E05-4CB6-AFBA-CBC8CD992094}.Release|Any CPU.Build.0 = Release|Any CPU
		{9C6AAA48-FF3E-4C31-BADD-8999E6A960AD}.Debug|Any CPU.ActiveCfg = Debug|Any CPU
		{9C6AAA48-FF3E-4C31-BADD-8999E6A960AD}.Debug|Any CPU.Build.0 = Debug|Any CPU
		{9C6AAA48-FF3E-4C31-BADD-8999E6A960AD}.Release|Any CPU.ActiveCfg = Release|Any CPU
		{9C6AAA48-FF3E-4C31-BADD-8999E6A960AD}.Release|Any CPU.Build.0 = Release|Any CPU
		{9CB83F5B-75B4-4E4D-BC5A-FEE28CDDA2FF}.Debug|Any CPU.ActiveCfg = Debug|Any CPU
		{9CB83F5B-75B4-4E4D-BC5A-FEE28CDDA2FF}.Debug|Any CPU.Build.0 = Debug|Any CPU
		{9CB83F5B-75B4-4E4D-BC5A-FEE28CDDA2FF}.Release|Any CPU.ActiveCfg = Release|Any CPU
		{9CB83F5B-75B4-4E4D-BC5A-FEE28CDDA2FF}.Release|Any CPU.Build.0 = Release|Any CPU
	EndGlobalSection
	GlobalSection(SolutionProperties) = preSolution
		HideSolutionNode = FALSE
	EndGlobalSection
	GlobalSection(ExtensibilityGlobals) = postSolution
		SolutionGuid = {CE8937C5-45D2-414A-A89C-3ECA140CC70A}
	EndGlobalSection
EndGlobal
