
Microsoft Visual Studio Solution File, Format Version 12.00
# Visual Studio Version 16
VisualStudioVersion = 16.0.30011.22
MinimumVisualStudioVersion = 10.0.40219.1
Project("{9A19103F-16F7-4668-BE54-9A1E7A4F7556}") = "ArrivingInKathmandu", "ArrivingInKathmandu\ArrivingInKathmandu.csproj", "{C1332528-C095-49B4-B63B-ECF6D8D9BCFA}"
EndProject
Project("{9A19103F-16F7-4668-BE54-9A1E7A4F7556}") = "OnTheWayToAnnapurna", "OnTheWayToAnnapurna\OnTheWayToAnnapurna.csproj", "{9BDD2DC7-FD77-4298-A787-E98500804776}"
EndProject
Project("{9A19103F-16F7-4668-BE54-9A1E7A4F7556}") = "Dictionary", "Dictionary\Dictionary.csproj", "{73936464-9CD7-4FFD-94C4-6EFFEAA6B367}"
EndProject
Project("{9A19103F-16F7-4668-BE54-9A1E7A4F7556}") = "Deciphering", "Deciphering\Deciphering.csproj", "{DA292C69-4524-48E6-A333-84F787EF5A1D}"
EndProject
Project("{FAE04EC0-301F-11D3-BF4B-00C04F79EFBC}") = "MessageEncrypter", "MessageEncrypter\MessageEncrypter.csproj", "{8CD8C959-1058-42F3-AF7D-3DA2F5B0F511}"
EndProject
Global
	GlobalSection(SolutionConfigurationPlatforms) = preSolution
		Debug|Any CPU = Debug|Any CPU
		Release|Any CPU = Release|Any CPU
	EndGlobalSection
	GlobalSection(ProjectConfigurationPlatforms) = postSolution
		{C1332528-C095-49B4-B63B-ECF6D8D9BCFA}.Debug|Any CPU.ActiveCfg = Debug|Any CPU
		{C1332528-C095-49B4-B63B-ECF6D8D9BCFA}.Debug|Any CPU.Build.0 = Debug|Any CPU
		{C1332528-C095-49B4-B63B-ECF6D8D9BCFA}.Release|Any CPU.ActiveCfg = Release|Any CPU
		{C1332528-C095-49B4-B63B-ECF6D8D9BCFA}.Release|Any CPU.Build.0 = Release|Any CPU
		{9BDD2DC7-FD77-4298-A787-E98500804776}.Debug|Any CPU.ActiveCfg = Debug|Any CPU
		{9BDD2DC7-FD77-4298-A787-E98500804776}.Debug|Any CPU.Build.0 = Debug|Any CPU
		{9BDD2DC7-FD77-4298-A787-E98500804776}.Release|Any CPU.ActiveCfg = Release|Any CPU
		{9BDD2DC7-FD77-4298-A787-E98500804776}.Release|Any CPU.Build.0 = Release|Any CPU
		{73936464-9CD7-4FFD-94C4-6EFFEAA6B367}.Debug|Any CPU.ActiveCfg = Debug|Any CPU
		{73936464-9CD7-4FFD-94C4-6EFFEAA6B367}.Debug|Any CPU.Build.0 = Debug|Any CPU
		{73936464-9CD7-4FFD-94C4-6EFFEAA6B367}.Release|Any CPU.ActiveCfg = Release|Any CPU
		{73936464-9CD7-4FFD-94C4-6EFFEAA6B367}.Release|Any CPU.Build.0 = Release|Any CPU
		{DA292C69-4524-48E6-A333-84F787EF5A1D}.Debug|Any CPU.ActiveCfg = Debug|Any CPU
		{DA292C69-4524-48E6-A333-84F787EF5A1D}.Debug|Any CPU.Build.0 = Debug|Any CPU
		{DA292C69-4524-48E6-A333-84F787EF5A1D}.Release|Any CPU.ActiveCfg = Release|Any CPU
		{DA292C69-4524-48E6-A333-84F787EF5A1D}.Release|Any CPU.Build.0 = Release|Any CPU
		{8CD8C959-1058-42F3-AF7D-3DA2F5B0F511}.Debug|Any CPU.ActiveCfg = Debug|Any CPU
		{8CD8C959-1058-42F3-AF7D-3DA2F5B0F511}.Debug|Any CPU.Build.0 = Debug|Any CPU
		{8CD8C959-1058-42F3-AF7D-3DA2F5B0F511}.Release|Any CPU.ActiveCfg = Release|Any CPU
		{8CD8C959-1058-42F3-AF7D-3DA2F5B0F511}.Release|Any CPU.Build.0 = Release|Any CPU
	EndGlobalSection
	GlobalSection(SolutionProperties) = preSolution
		HideSolutionNode = FALSE
	EndGlobalSection
	GlobalSection(ExtensibilityGlobals) = postSolution
		SolutionGuid = {CF05543F-D74D-4D64-8FA5-AB72AB017C4D}
	EndGlobalSection
EndGlobal
