
Microsoft Visual Studio Solution File, Format Version 12.00
# Visual Studio Version 16
VisualStudioVersion = 16.0.30011.22
MinimumVisualStudioVersion = 10.0.40219.1
Project("{FAE04EC0-301F-11D3-BF4B-00C04F79EFBC}") = "PracticeSessions", "PracticeSessions\PracticeSessions.csproj", "{73D65087-CBDC-49F2-8FEA-E85D7AF15669}"
EndProject
Global
	GlobalSection(SolutionConfigurationPlatforms) = preSolution
		Debug|Any CPU = Debug|Any CPU
		Release|Any CPU = Release|Any CPU
	EndGlobalSection
	GlobalSection(ProjectConfigurationPlatforms) = postSolution
		{73D65087-CBDC-49F2-8FEA-E85D7AF15669}.Debug|Any CPU.ActiveCfg = Debug|Any CPU
		{73D65087-CBDC-49F2-8FEA-E85D7AF15669}.Debug|Any CPU.Build.0 = Debug|Any CPU
		{73D65087-CBDC-49F2-8FEA-E85D7AF15669}.Release|Any CPU.ActiveCfg = Release|Any CPU
		{73D65087-CBDC-49F2-8FEA-E85D7AF15669}.Release|Any CPU.Build.0 = Release|Any CPU
	EndGlobalSection
	GlobalSection(SolutionProperties) = preSolution
		HideSolutionNode = FALSE
	EndGlobalSection
	GlobalSection(ExtensibilityGlobals) = postSolution
		SolutionGuid = {342CC3AD-3EA0-4859-9024-EB4C8539E7BE}
	EndGlobalSection
EndGlobal
