
Microsoft Visual Studio Solution File, Format Version 12.00
# Visual Studio Version 16
VisualStudioVersion = 16.0.30011.22
MinimumVisualStudioVersion = 10.0.40219.1
Project("{9A19103F-16F7-4668-BE54-9A1E7A4F7556}") = "CSharpBasicSyntax", "CSharpBasicSyntax\CSharpBasicSyntax.csproj", "{BD1598B2-9533-4DD7-8FC2-95AA01969265}"
EndProject
Project("{9A19103F-16F7-4668-BE54-9A1E7A4F7556}") = "StudentInformation", "StudentInformation\StudentInformation.csproj", "{08EABC10-325E-4B43-A0FD-8B53423A2950}"
EndProject
Project("{9A19103F-16F7-4668-BE54-9A1E7A4F7556}") = "Passed", "Passed\Passed.csproj", "{69F9D921-08DE-4342-BC19-CFB4330BBABD}"
EndProject
Project("{9A19103F-16F7-4668-BE54-9A1E7A4F7556}") = "PassedOrFailed", "PassedOrFailed\PassedOrFailed.csproj", "{1809C2ED-6F51-4097-97D6-A55B15BB9B16}"
EndProject
Project("{9A19103F-16F7-4668-BE54-9A1E7A4F7556}") = "BackIn30Minutes", "BackIn30Minutes\BackIn30Minutes.csproj", "{281A109E-1913-4255-A3D4-C65E92031232}"
EndProject
Project("{9A19103F-16F7-4668-BE54-9A1E7A4F7556}") = "MonthPrinter", "MonthPrinter\MonthPrinter.csproj", "{C2EB657A-F45F-4E22-A670-530F73C1B842}"
EndProject
Project("{9A19103F-16F7-4668-BE54-9A1E7A4F7556}") = "ForeignLanguages", "ForeignLanguages\ForeignLanguages.csproj", "{34A8EE92-C834-4A35-BFCE-C47998464CB6}"
EndProject
Project("{9A19103F-16F7-4668-BE54-9A1E7A4F7556}") = "TheatrePromotion", "TheatrePromotion\TheatrePromotion.csproj", "{B6A0283D-FCD6-442A-B736-CD5CA1E7F000}"
EndProject
Project("{9A19103F-16F7-4668-BE54-9A1E7A4F7556}") = "DivisibleBy3", "DivisibleBy3\DivisibleBy3.csproj", "{6D3D453C-DA00-463F-B674-D151A1E558E1}"
EndProject
Project("{9A19103F-16F7-4668-BE54-9A1E7A4F7556}") = "SumOfOddNumbers", "SumOfOddNumbers\SumOfOddNumbers.csproj", "{EFD9C2B6-3539-43F4-9E0D-7673F5BA0308}"
EndProject
Project("{9A19103F-16F7-4668-BE54-9A1E7A4F7556}") = "MultiplicationTable", "MultiplicationTable\MultiplicationTable.csproj", "{3C946856-F668-45B7-A04D-898F9172A78F}"
EndProject
Project("{9A19103F-16F7-4668-BE54-9A1E7A4F7556}") = "MultiplicationTable20", "MultiplicationTable2.0\MultiplicationTable20.csproj", "{99204D78-0B83-4AA7-8364-D3EC8AEC9C0A}"
EndProject
Project("{9A19103F-16F7-4668-BE54-9A1E7A4F7556}") = "EvenNumber", "EvenNumber\EvenNumber.csproj", "{354A7EA2-6DC7-4C99-ACCF-F67F4A93767D}"
EndProject
Project("{9A19103F-16F7-4668-BE54-9A1E7A4F7556}") = "HolidaysBetweenTwoDates", "HolidaysBetweenTwoDates\HolidaysBetweenTwoDates.csproj", "{112294E6-82E8-4180-8216-6D136CD5CD48}"
EndProject
Project("{2150E333-8FDC-42A3-9474-1A3956D46DE8}") = "BasicSyntaxExercise", "BasicSyntaxExercise", "{EDBEC9F6-A79E-4A8F-9574-BFDB4897A7BD}"
	ProjectSection(SolutionItems) = preProject
		HTMLPage1.html = HTMLPage1.html
	EndProjectSection
EndProject
Project("{2150E333-8FDC-42A3-9474-1A3956D46DE8}") = "BasicSyntaxLab", "BasicSyntaxLab", "{7DA9AE06-4DC9-4C8E-9927-7DB76506D677}"
EndProject
Project("{9A19103F-16F7-4668-BE54-9A1E7A4F7556}") = "Ages", "Ages\Ages.csproj", "{C2383114-3AE2-4636-A342-66542D3FFD3D}"
EndProject
Project("{9A19103F-16F7-4668-BE54-9A1E7A4F7556}") = "Division", "Division\Division.csproj", "{DF229748-8E96-4743-A8D4-1FC3162753DC}"
EndProject
Project("{9A19103F-16F7-4668-BE54-9A1E7A4F7556}") = "Vacation", "Vacation\Vacation.csproj", "{86130392-9D08-4621-AF4B-F89B24D1DB47}"
EndProject
Project("{9A19103F-16F7-4668-BE54-9A1E7A4F7556}") = "PrintAndSum", "PrintAndSum\PrintAndSum.csproj", "{44594AC6-04A6-4EE8-B44D-0498066D94DD}"
EndProject
Project("{9A19103F-16F7-4668-BE54-9A1E7A4F7556}") = "Login", "Login\Login.csproj", "{9C63AA10-5B86-431B-B9DF-DDBC4D2954D6}"
EndProject
Project("{9A19103F-16F7-4668-BE54-9A1E7A4F7556}") = "StrongNumber", "StrongNumber\StrongNumber.csproj", "{FA99AF1F-F1C7-408D-81F2-9F07D9F500AC}"
EndProject
Project("{9A19103F-16F7-4668-BE54-9A1E7A4F7556}") = "VendingMachine", "VendingMachine\VendingMachine.csproj", "{73B6A891-9CEC-471F-B70F-41B6F5D433D3}"
EndProject
Project("{9A19103F-16F7-4668-BE54-9A1E7A4F7556}") = "TriangleOfNumbers", "TriangleOfNumbers\TriangleOfNumbers.csproj", "{8DF5770C-F9D1-4D0F-9C04-41050320B1EC}"
EndProject
Project("{9A19103F-16F7-4668-BE54-9A1E7A4F7556}") = "PadawanEquipment", "PadawanEquipment\PadawanEquipment.csproj", "{C6BDF491-B92D-48BB-A724-59BE1F73A77B}"
EndProject
Project("{9A19103F-16F7-4668-BE54-9A1E7A4F7556}") = "RageExpenses", "RageExpenses\RageExpenses.csproj", "{8C0BE363-4199-4865-B45E-6D07A28C041C}"
EndProject
Project("{2150E333-8FDC-42A3-9474-1A3956D46DE8}") = "BasicSyntaxMoreExercise", "BasicSyntaxMoreExercise", "{FA598A54-2C40-4A94-A533-ECB78BF95FC3}"
EndProject
Project("{9A19103F-16F7-4668-BE54-9A1E7A4F7556}") = "SortNumbers", "SortNumbers\SortNumbers.csproj", "{A1688FD0-9B1A-465B-A767-EA9F52F00EBE}"
EndProject
Project("{9A19103F-16F7-4668-BE54-9A1E7A4F7556}") = "EnglishNameOfTheLastDigit", "EnglishNameOfTheLastDigit\EnglishNameOfTheLastDigit.csproj", "{BCC2A4A2-79A9-40A4-9852-8BF6D06472AB}"
EndProject
Project("{9A19103F-16F7-4668-BE54-9A1E7A4F7556}") = "GamingStore", "GamingStore\GamingStore.csproj", "{9EC70CAB-3A8E-4A83-B26F-8C6C76B6A041}"
EndProject
Project("{9A19103F-16F7-4668-BE54-9A1E7A4F7556}") = "ReverseString", "ReverseString\ReverseString.csproj", "{6C027054-3FFC-4F53-9F0A-8DAC8B39BF7A}"
EndProject
Project("{9A19103F-16F7-4668-BE54-9A1E7A4F7556}") = "Messages", "Messages\Messages.csproj", "{FDABD83B-6198-4D1E-9245-B04F34D15135}"
EndProject
Project("{9A19103F-16F7-4668-BE54-9A1E7A4F7556}") = "Greeting", "Greeting\Greeting.csproj", "{F224DFF1-1FA3-49C1-B2CA-0F7A4AB5C6EA}"
EndProject
Project("{9A19103F-16F7-4668-BE54-9A1E7A4F7556}") = "AddTwoNumbers", "AddTwoNumbers\AddTwoNumbers.csproj", "{C5269491-5E00-4DCF-BE44-A9B93466B46B}"
EndProject
Project("{9A19103F-16F7-4668-BE54-9A1E7A4F7556}") = "EmployeeData", "EmployeeData\EmployeeData.csproj", "{26C2ED64-9CC2-4C96-894F-9C17A7497AD4}"
EndProject
Project("{9A19103F-16F7-4668-BE54-9A1E7A4F7556}") = "DebitCardNumber", "DebitCardNumber\DebitCardNumber.csproj", "{7094B0BD-5249-4653-85AB-BC3672967DF4}"
EndProject
Project("{9A19103F-16F7-4668-BE54-9A1E7A4F7556}") = "RectangleArea", "RectangleArea\RectangleArea.csproj", "{C437C7D3-D541-4C4D-8EB6-AB49EAAE18AF}"
EndProject
Project("{9A19103F-16F7-4668-BE54-9A1E7A4F7556}") = "MilesToKilometers", "MilesToKilometers\MilesToKilometers.csproj", "{4A70BF13-4159-45A9-AF70-0A00B8AA355D}"
EndProject
Project("{9A19103F-16F7-4668-BE54-9A1E7A4F7556}") = "BeverageLabels", "BeverageLabels\BeverageLabels.csproj", "{1300DAFC-7F8D-4551-933B-D5780F22B0D2}"
EndProject
Project("{9A19103F-16F7-4668-BE54-9A1E7A4F7556}") = "CharacterStats", "CharacterStats\CharacterStats.csproj", "{E18C77A9-1D40-4C9F-A5F0-234C2DDC2A90}"
EndProject
Global
	GlobalSection(SolutionConfigurationPlatforms) = preSolution
		Debug|Any CPU = Debug|Any CPU
		Release|Any CPU = Release|Any CPU
	EndGlobalSection
	GlobalSection(ProjectConfigurationPlatforms) = postSolution
		{BD1598B2-9533-4DD7-8FC2-95AA01969265}.Debug|Any CPU.ActiveCfg = Debug|Any CPU
		{BD1598B2-9533-4DD7-8FC2-95AA01969265}.Debug|Any CPU.Build.0 = Debug|Any CPU
		{BD1598B2-9533-4DD7-8FC2-95AA01969265}.Release|Any CPU.ActiveCfg = Release|Any CPU
		{BD1598B2-9533-4DD7-8FC2-95AA01969265}.Release|Any CPU.Build.0 = Release|Any CPU
		{08EABC10-325E-4B43-A0FD-8B53423A2950}.Debug|Any CPU.ActiveCfg = Debug|Any CPU
		{08EABC10-325E-4B43-A0FD-8B53423A2950}.Debug|Any CPU.Build.0 = Debug|Any CPU
		{08EABC10-325E-4B43-A0FD-8B53423A2950}.Release|Any CPU.ActiveCfg = Release|Any CPU
		{08EABC10-325E-4B43-A0FD-8B53423A2950}.Release|Any CPU.Build.0 = Release|Any CPU
		{69F9D921-08DE-4342-BC19-CFB4330BBABD}.Debug|Any CPU.ActiveCfg = Debug|Any CPU
		{69F9D921-08DE-4342-BC19-CFB4330BBABD}.Debug|Any CPU.Build.0 = Debug|Any CPU
		{69F9D921-08DE-4342-BC19-CFB4330BBABD}.Release|Any CPU.ActiveCfg = Release|Any CPU
		{69F9D921-08DE-4342-BC19-CFB4330BBABD}.Release|Any CPU.Build.0 = Release|Any CPU
		{1809C2ED-6F51-4097-97D6-A55B15BB9B16}.Debug|Any CPU.ActiveCfg = Debug|Any CPU
		{1809C2ED-6F51-4097-97D6-A55B15BB9B16}.Debug|Any CPU.Build.0 = Debug|Any CPU
		{1809C2ED-6F51-4097-97D6-A55B15BB9B16}.Release|Any CPU.ActiveCfg = Release|Any CPU
		{1809C2ED-6F51-4097-97D6-A55B15BB9B16}.Release|Any CPU.Build.0 = Release|Any CPU
		{281A109E-1913-4255-A3D4-C65E92031232}.Debug|Any CPU.ActiveCfg = Debug|Any CPU
		{281A109E-1913-4255-A3D4-C65E92031232}.Debug|Any CPU.Build.0 = Debug|Any CPU
		{281A109E-1913-4255-A3D4-C65E92031232}.Release|Any CPU.ActiveCfg = Release|Any CPU
		{281A109E-1913-4255-A3D4-C65E92031232}.Release|Any CPU.Build.0 = Release|Any CPU
		{C2EB657A-F45F-4E22-A670-530F73C1B842}.Debug|Any CPU.ActiveCfg = Debug|Any CPU
		{C2EB657A-F45F-4E22-A670-530F73C1B842}.Debug|Any CPU.Build.0 = Debug|Any CPU
		{C2EB657A-F45F-4E22-A670-530F73C1B842}.Release|Any CPU.ActiveCfg = Release|Any CPU
		{C2EB657A-F45F-4E22-A670-530F73C1B842}.Release|Any CPU.Build.0 = Release|Any CPU
		{34A8EE92-C834-4A35-BFCE-C47998464CB6}.Debug|Any CPU.ActiveCfg = Debug|Any CPU
		{34A8EE92-C834-4A35-BFCE-C47998464CB6}.Debug|Any CPU.Build.0 = Debug|Any CPU
		{34A8EE92-C834-4A35-BFCE-C47998464CB6}.Release|Any CPU.ActiveCfg = Release|Any CPU
		{34A8EE92-C834-4A35-BFCE-C47998464CB6}.Release|Any CPU.Build.0 = Release|Any CPU
		{B6A0283D-FCD6-442A-B736-CD5CA1E7F000}.Debug|Any CPU.ActiveCfg = Debug|Any CPU
		{B6A0283D-FCD6-442A-B736-CD5CA1E7F000}.Debug|Any CPU.Build.0 = Debug|Any CPU
		{B6A0283D-FCD6-442A-B736-CD5CA1E7F000}.Release|Any CPU.ActiveCfg = Release|Any CPU
		{B6A0283D-FCD6-442A-B736-CD5CA1E7F000}.Release|Any CPU.Build.0 = Release|Any CPU
		{6D3D453C-DA00-463F-B674-D151A1E558E1}.Debug|Any CPU.ActiveCfg = Debug|Any CPU
		{6D3D453C-DA00-463F-B674-D151A1E558E1}.Debug|Any CPU.Build.0 = Debug|Any CPU
		{6D3D453C-DA00-463F-B674-D151A1E558E1}.Release|Any CPU.ActiveCfg = Release|Any CPU
		{6D3D453C-DA00-463F-B674-D151A1E558E1}.Release|Any CPU.Build.0 = Release|Any CPU
		{EFD9C2B6-3539-43F4-9E0D-7673F5BA0308}.Debug|Any CPU.ActiveCfg = Debug|Any CPU
		{EFD9C2B6-3539-43F4-9E0D-7673F5BA0308}.Debug|Any CPU.Build.0 = Debug|Any CPU
		{EFD9C2B6-3539-43F4-9E0D-7673F5BA0308}.Release|Any CPU.ActiveCfg = Release|Any CPU
		{EFD9C2B6-3539-43F4-9E0D-7673F5BA0308}.Release|Any CPU.Build.0 = Release|Any CPU
		{3C946856-F668-45B7-A04D-898F9172A78F}.Debug|Any CPU.ActiveCfg = Debug|Any CPU
		{3C946856-F668-45B7-A04D-898F9172A78F}.Debug|Any CPU.Build.0 = Debug|Any CPU
		{3C946856-F668-45B7-A04D-898F9172A78F}.Release|Any CPU.ActiveCfg = Release|Any CPU
		{3C946856-F668-45B7-A04D-898F9172A78F}.Release|Any CPU.Build.0 = Release|Any CPU
		{99204D78-0B83-4AA7-8364-D3EC8AEC9C0A}.Debug|Any CPU.ActiveCfg = Debug|Any CPU
		{99204D78-0B83-4AA7-8364-D3EC8AEC9C0A}.Debug|Any CPU.Build.0 = Debug|Any CPU
		{99204D78-0B83-4AA7-8364-D3EC8AEC9C0A}.Release|Any CPU.ActiveCfg = Release|Any CPU
		{99204D78-0B83-4AA7-8364-D3EC8AEC9C0A}.Release|Any CPU.Build.0 = Release|Any CPU
		{354A7EA2-6DC7-4C99-ACCF-F67F4A93767D}.Debug|Any CPU.ActiveCfg = Debug|Any CPU
		{354A7EA2-6DC7-4C99-ACCF-F67F4A93767D}.Debug|Any CPU.Build.0 = Debug|Any CPU
		{354A7EA2-6DC7-4C99-ACCF-F67F4A93767D}.Release|Any CPU.ActiveCfg = Release|Any CPU
		{354A7EA2-6DC7-4C99-ACCF-F67F4A93767D}.Release|Any CPU.Build.0 = Release|Any CPU
		{112294E6-82E8-4180-8216-6D136CD5CD48}.Debug|Any CPU.ActiveCfg = Debug|Any CPU
		{112294E6-82E8-4180-8216-6D136CD5CD48}.Debug|Any CPU.Build.0 = Debug|Any CPU
		{112294E6-82E8-4180-8216-6D136CD5CD48}.Release|Any CPU.ActiveCfg = Release|Any CPU
		{112294E6-82E8-4180-8216-6D136CD5CD48}.Release|Any CPU.Build.0 = Release|Any CPU
		{C2383114-3AE2-4636-A342-66542D3FFD3D}.Debug|Any CPU.ActiveCfg = Debug|Any CPU
		{C2383114-3AE2-4636-A342-66542D3FFD3D}.Debug|Any CPU.Build.0 = Debug|Any CPU
		{C2383114-3AE2-4636-A342-66542D3FFD3D}.Release|Any CPU.ActiveCfg = Release|Any CPU
		{C2383114-3AE2-4636-A342-66542D3FFD3D}.Release|Any CPU.Build.0 = Release|Any CPU
		{DF229748-8E96-4743-A8D4-1FC3162753DC}.Debug|Any CPU.ActiveCfg = Debug|Any CPU
		{DF229748-8E96-4743-A8D4-1FC3162753DC}.Debug|Any CPU.Build.0 = Debug|Any CPU
		{DF229748-8E96-4743-A8D4-1FC3162753DC}.Release|Any CPU.ActiveCfg = Release|Any CPU
		{DF229748-8E96-4743-A8D4-1FC3162753DC}.Release|Any CPU.Build.0 = Release|Any CPU
		{86130392-9D08-4621-AF4B-F89B24D1DB47}.Debug|Any CPU.ActiveCfg = Debug|Any CPU
		{86130392-9D08-4621-AF4B-F89B24D1DB47}.Debug|Any CPU.Build.0 = Debug|Any CPU
		{86130392-9D08-4621-AF4B-F89B24D1DB47}.Release|Any CPU.ActiveCfg = Release|Any CPU
		{86130392-9D08-4621-AF4B-F89B24D1DB47}.Release|Any CPU.Build.0 = Release|Any CPU
		{44594AC6-04A6-4EE8-B44D-0498066D94DD}.Debug|Any CPU.ActiveCfg = Debug|Any CPU
		{44594AC6-04A6-4EE8-B44D-0498066D94DD}.Debug|Any CPU.Build.0 = Debug|Any CPU
		{44594AC6-04A6-4EE8-B44D-0498066D94DD}.Release|Any CPU.ActiveCfg = Release|Any CPU
		{44594AC6-04A6-4EE8-B44D-0498066D94DD}.Release|Any CPU.Build.0 = Release|Any CPU
		{9C63AA10-5B86-431B-B9DF-DDBC4D2954D6}.Debug|Any CPU.ActiveCfg = Debug|Any CPU
		{9C63AA10-5B86-431B-B9DF-DDBC4D2954D6}.Debug|Any CPU.Build.0 = Debug|Any CPU
		{9C63AA10-5B86-431B-B9DF-DDBC4D2954D6}.Release|Any CPU.ActiveCfg = Release|Any CPU
		{9C63AA10-5B86-431B-B9DF-DDBC4D2954D6}.Release|Any CPU.Build.0 = Release|Any CPU
		{FA99AF1F-F1C7-408D-81F2-9F07D9F500AC}.Debug|Any CPU.ActiveCfg = Debug|Any CPU
		{FA99AF1F-F1C7-408D-81F2-9F07D9F500AC}.Debug|Any CPU.Build.0 = Debug|Any CPU
		{FA99AF1F-F1C7-408D-81F2-9F07D9F500AC}.Release|Any CPU.ActiveCfg = Release|Any CPU
		{FA99AF1F-F1C7-408D-81F2-9F07D9F500AC}.Release|Any CPU.Build.0 = Release|Any CPU
		{73B6A891-9CEC-471F-B70F-41B6F5D433D3}.Debug|Any CPU.ActiveCfg = Debug|Any CPU
		{73B6A891-9CEC-471F-B70F-41B6F5D433D3}.Debug|Any CPU.Build.0 = Debug|Any CPU
		{73B6A891-9CEC-471F-B70F-41B6F5D433D3}.Release|Any CPU.ActiveCfg = Release|Any CPU
		{73B6A891-9CEC-471F-B70F-41B6F5D433D3}.Release|Any CPU.Build.0 = Release|Any CPU
		{8DF5770C-F9D1-4D0F-9C04-41050320B1EC}.Debug|Any CPU.ActiveCfg = Debug|Any CPU
		{8DF5770C-F9D1-4D0F-9C04-41050320B1EC}.Debug|Any CPU.Build.0 = Debug|Any CPU
		{8DF5770C-F9D1-4D0F-9C04-41050320B1EC}.Release|Any CPU.ActiveCfg = Release|Any CPU
		{8DF5770C-F9D1-4D0F-9C04-41050320B1EC}.Release|Any CPU.Build.0 = Release|Any CPU
		{C6BDF491-B92D-48BB-A724-59BE1F73A77B}.Debug|Any CPU.ActiveCfg = Debug|Any CPU
		{C6BDF491-B92D-48BB-A724-59BE1F73A77B}.Debug|Any CPU.Build.0 = Debug|Any CPU
		{C6BDF491-B92D-48BB-A724-59BE1F73A77B}.Release|Any CPU.ActiveCfg = Release|Any CPU
		{C6BDF491-B92D-48BB-A724-59BE1F73A77B}.Release|Any CPU.Build.0 = Release|Any CPU
		{8C0BE363-4199-4865-B45E-6D07A28C041C}.Debug|Any CPU.ActiveCfg = Debug|Any CPU
		{8C0BE363-4199-4865-B45E-6D07A28C041C}.Debug|Any CPU.Build.0 = Debug|Any CPU
		{8C0BE363-4199-4865-B45E-6D07A28C041C}.Release|Any CPU.ActiveCfg = Release|Any CPU
		{8C0BE363-4199-4865-B45E-6D07A28C041C}.Release|Any CPU.Build.0 = Release|Any CPU
		{A1688FD0-9B1A-465B-A767-EA9F52F00EBE}.Debug|Any CPU.ActiveCfg = Debug|Any CPU
		{A1688FD0-9B1A-465B-A767-EA9F52F00EBE}.Debug|Any CPU.Build.0 = Debug|Any CPU
		{A1688FD0-9B1A-465B-A767-EA9F52F00EBE}.Release|Any CPU.ActiveCfg = Release|Any CPU
		{A1688FD0-9B1A-465B-A767-EA9F52F00EBE}.Release|Any CPU.Build.0 = Release|Any CPU
		{BCC2A4A2-79A9-40A4-9852-8BF6D06472AB}.Debug|Any CPU.ActiveCfg = Debug|Any CPU
		{BCC2A4A2-79A9-40A4-9852-8BF6D06472AB}.Debug|Any CPU.Build.0 = Debug|Any CPU
		{BCC2A4A2-79A9-40A4-9852-8BF6D06472AB}.Release|Any CPU.ActiveCfg = Release|Any CPU
		{BCC2A4A2-79A9-40A4-9852-8BF6D06472AB}.Release|Any CPU.Build.0 = Release|Any CPU
		{9EC70CAB-3A8E-4A83-B26F-8C6C76B6A041}.Debug|Any CPU.ActiveCfg = Debug|Any CPU
		{9EC70CAB-3A8E-4A83-B26F-8C6C76B6A041}.Debug|Any CPU.Build.0 = Debug|Any CPU
		{9EC70CAB-3A8E-4A83-B26F-8C6C76B6A041}.Release|Any CPU.ActiveCfg = Release|Any CPU
		{9EC70CAB-3A8E-4A83-B26F-8C6C76B6A041}.Release|Any CPU.Build.0 = Release|Any CPU
		{6C027054-3FFC-4F53-9F0A-8DAC8B39BF7A}.Debug|Any CPU.ActiveCfg = Debug|Any CPU
		{6C027054-3FFC-4F53-9F0A-8DAC8B39BF7A}.Debug|Any CPU.Build.0 = Debug|Any CPU
		{6C027054-3FFC-4F53-9F0A-8DAC8B39BF7A}.Release|Any CPU.ActiveCfg = Release|Any CPU
		{6C027054-3FFC-4F53-9F0A-8DAC8B39BF7A}.Release|Any CPU.Build.0 = Release|Any CPU
		{FDABD83B-6198-4D1E-9245-B04F34D15135}.Debug|Any CPU.ActiveCfg = Debug|Any CPU
		{FDABD83B-6198-4D1E-9245-B04F34D15135}.Debug|Any CPU.Build.0 = Debug|Any CPU
		{FDABD83B-6198-4D1E-9245-B04F34D15135}.Release|Any CPU.ActiveCfg = Release|Any CPU
		{FDABD83B-6198-4D1E-9245-B04F34D15135}.Release|Any CPU.Build.0 = Release|Any CPU
		{F224DFF1-1FA3-49C1-B2CA-0F7A4AB5C6EA}.Debug|Any CPU.ActiveCfg = Debug|Any CPU
		{F224DFF1-1FA3-49C1-B2CA-0F7A4AB5C6EA}.Debug|Any CPU.Build.0 = Debug|Any CPU
		{F224DFF1-1FA3-49C1-B2CA-0F7A4AB5C6EA}.Release|Any CPU.ActiveCfg = Release|Any CPU
		{F224DFF1-1FA3-49C1-B2CA-0F7A4AB5C6EA}.Release|Any CPU.Build.0 = Release|Any CPU
		{C5269491-5E00-4DCF-BE44-A9B93466B46B}.Debug|Any CPU.ActiveCfg = Debug|Any CPU
		{C5269491-5E00-4DCF-BE44-A9B93466B46B}.Debug|Any CPU.Build.0 = Debug|Any CPU
		{C5269491-5E00-4DCF-BE44-A9B93466B46B}.Release|Any CPU.ActiveCfg = Release|Any CPU
		{C5269491-5E00-4DCF-BE44-A9B93466B46B}.Release|Any CPU.Build.0 = Release|Any CPU
		{26C2ED64-9CC2-4C96-894F-9C17A7497AD4}.Debug|Any CPU.ActiveCfg = Debug|Any CPU
		{26C2ED64-9CC2-4C96-894F-9C17A7497AD4}.Debug|Any CPU.Build.0 = Debug|Any CPU
		{26C2ED64-9CC2-4C96-894F-9C17A7497AD4}.Release|Any CPU.ActiveCfg = Release|Any CPU
		{26C2ED64-9CC2-4C96-894F-9C17A7497AD4}.Release|Any CPU.Build.0 = Release|Any CPU
		{7094B0BD-5249-4653-85AB-BC3672967DF4}.Debug|Any CPU.ActiveCfg = Debug|Any CPU
		{7094B0BD-5249-4653-85AB-BC3672967DF4}.Debug|Any CPU.Build.0 = Debug|Any CPU
		{7094B0BD-5249-4653-85AB-BC3672967DF4}.Release|Any CPU.ActiveCfg = Release|Any CPU
		{7094B0BD-5249-4653-85AB-BC3672967DF4}.Release|Any CPU.Build.0 = Release|Any CPU
		{C437C7D3-D541-4C4D-8EB6-AB49EAAE18AF}.Debug|Any CPU.ActiveCfg = Debug|Any CPU
		{C437C7D3-D541-4C4D-8EB6-AB49EAAE18AF}.Debug|Any CPU.Build.0 = Debug|Any CPU
		{C437C7D3-D541-4C4D-8EB6-AB49EAAE18AF}.Release|Any CPU.ActiveCfg = Release|Any CPU
		{C437C7D3-D541-4C4D-8EB6-AB49EAAE18AF}.Release|Any CPU.Build.0 = Release|Any CPU
		{4A70BF13-4159-45A9-AF70-0A00B8AA355D}.Debug|Any CPU.ActiveCfg = Debug|Any CPU
		{4A70BF13-4159-45A9-AF70-0A00B8AA355D}.Debug|Any CPU.Build.0 = Debug|Any CPU
		{4A70BF13-4159-45A9-AF70-0A00B8AA355D}.Release|Any CPU.ActiveCfg = Release|Any CPU
		{4A70BF13-4159-45A9-AF70-0A00B8AA355D}.Release|Any CPU.Build.0 = Release|Any CPU
		{1300DAFC-7F8D-4551-933B-D5780F22B0D2}.Debug|Any CPU.ActiveCfg = Debug|Any CPU
		{1300DAFC-7F8D-4551-933B-D5780F22B0D2}.Debug|Any CPU.Build.0 = Debug|Any CPU
		{1300DAFC-7F8D-4551-933B-D5780F22B0D2}.Release|Any CPU.ActiveCfg = Release|Any CPU
		{1300DAFC-7F8D-4551-933B-D5780F22B0D2}.Release|Any CPU.Build.0 = Release|Any CPU
		{E18C77A9-1D40-4C9F-A5F0-234C2DDC2A90}.Debug|Any CPU.ActiveCfg = Debug|Any CPU
		{E18C77A9-1D40-4C9F-A5F0-234C2DDC2A90}.Debug|Any CPU.Build.0 = Debug|Any CPU
		{E18C77A9-1D40-4C9F-A5F0-234C2DDC2A90}.Release|Any CPU.ActiveCfg = Release|Any CPU
		{E18C77A9-1D40-4C9F-A5F0-234C2DDC2A90}.Release|Any CPU.Build.0 = Release|Any CPU
	EndGlobalSection
	GlobalSection(SolutionProperties) = preSolution
		HideSolutionNode = FALSE
	EndGlobalSection
	GlobalSection(NestedProjects) = preSolution
		{BD1598B2-9533-4DD7-8FC2-95AA01969265} = {7DA9AE06-4DC9-4C8E-9927-7DB76506D677}
		{08EABC10-325E-4B43-A0FD-8B53423A2950} = {7DA9AE06-4DC9-4C8E-9927-7DB76506D677}
		{69F9D921-08DE-4342-BC19-CFB4330BBABD} = {7DA9AE06-4DC9-4C8E-9927-7DB76506D677}
		{1809C2ED-6F51-4097-97D6-A55B15BB9B16} = {7DA9AE06-4DC9-4C8E-9927-7DB76506D677}
		{281A109E-1913-4255-A3D4-C65E92031232} = {7DA9AE06-4DC9-4C8E-9927-7DB76506D677}
		{C2EB657A-F45F-4E22-A670-530F73C1B842} = {7DA9AE06-4DC9-4C8E-9927-7DB76506D677}
		{34A8EE92-C834-4A35-BFCE-C47998464CB6} = {7DA9AE06-4DC9-4C8E-9927-7DB76506D677}
		{B6A0283D-FCD6-442A-B736-CD5CA1E7F000} = {7DA9AE06-4DC9-4C8E-9927-7DB76506D677}
		{6D3D453C-DA00-463F-B674-D151A1E558E1} = {7DA9AE06-4DC9-4C8E-9927-7DB76506D677}
		{EFD9C2B6-3539-43F4-9E0D-7673F5BA0308} = {7DA9AE06-4DC9-4C8E-9927-7DB76506D677}
		{3C946856-F668-45B7-A04D-898F9172A78F} = {7DA9AE06-4DC9-4C8E-9927-7DB76506D677}
		{99204D78-0B83-4AA7-8364-D3EC8AEC9C0A} = {7DA9AE06-4DC9-4C8E-9927-7DB76506D677}
		{354A7EA2-6DC7-4C99-ACCF-F67F4A93767D} = {7DA9AE06-4DC9-4C8E-9927-7DB76506D677}
		{112294E6-82E8-4180-8216-6D136CD5CD48} = {7DA9AE06-4DC9-4C8E-9927-7DB76506D677}
		{C2383114-3AE2-4636-A342-66542D3FFD3D} = {EDBEC9F6-A79E-4A8F-9574-BFDB4897A7BD}
		{DF229748-8E96-4743-A8D4-1FC3162753DC} = {EDBEC9F6-A79E-4A8F-9574-BFDB4897A7BD}
		{86130392-9D08-4621-AF4B-F89B24D1DB47} = {EDBEC9F6-A79E-4A8F-9574-BFDB4897A7BD}
		{44594AC6-04A6-4EE8-B44D-0498066D94DD} = {EDBEC9F6-A79E-4A8F-9574-BFDB4897A7BD}
		{9C63AA10-5B86-431B-B9DF-DDBC4D2954D6} = {EDBEC9F6-A79E-4A8F-9574-BFDB4897A7BD}
		{FA99AF1F-F1C7-408D-81F2-9F07D9F500AC} = {EDBEC9F6-A79E-4A8F-9574-BFDB4897A7BD}
		{73B6A891-9CEC-471F-B70F-41B6F5D433D3} = {EDBEC9F6-A79E-4A8F-9574-BFDB4897A7BD}
		{8DF5770C-F9D1-4D0F-9C04-41050320B1EC} = {EDBEC9F6-A79E-4A8F-9574-BFDB4897A7BD}
		{C6BDF491-B92D-48BB-A724-59BE1F73A77B} = {EDBEC9F6-A79E-4A8F-9574-BFDB4897A7BD}
		{8C0BE363-4199-4865-B45E-6D07A28C041C} = {EDBEC9F6-A79E-4A8F-9574-BFDB4897A7BD}
		{A1688FD0-9B1A-465B-A767-EA9F52F00EBE} = {FA598A54-2C40-4A94-A533-ECB78BF95FC3}
		{BCC2A4A2-79A9-40A4-9852-8BF6D06472AB} = {FA598A54-2C40-4A94-A533-ECB78BF95FC3}
		{9EC70CAB-3A8E-4A83-B26F-8C6C76B6A041} = {FA598A54-2C40-4A94-A533-ECB78BF95FC3}
		{6C027054-3FFC-4F53-9F0A-8DAC8B39BF7A} = {FA598A54-2C40-4A94-A533-ECB78BF95FC3}
		{FDABD83B-6198-4D1E-9245-B04F34D15135} = {FA598A54-2C40-4A94-A533-ECB78BF95FC3}
		{F224DFF1-1FA3-49C1-B2CA-0F7A4AB5C6EA} = {7DA9AE06-4DC9-4C8E-9927-7DB76506D677}
		{C5269491-5E00-4DCF-BE44-A9B93466B46B} = {7DA9AE06-4DC9-4C8E-9927-7DB76506D677}
		{26C2ED64-9CC2-4C96-894F-9C17A7497AD4} = {7DA9AE06-4DC9-4C8E-9927-7DB76506D677}
		{7094B0BD-5249-4653-85AB-BC3672967DF4} = {EDBEC9F6-A79E-4A8F-9574-BFDB4897A7BD}
		{C437C7D3-D541-4C4D-8EB6-AB49EAAE18AF} = {EDBEC9F6-A79E-4A8F-9574-BFDB4897A7BD}
		{4A70BF13-4159-45A9-AF70-0A00B8AA355D} = {EDBEC9F6-A79E-4A8F-9574-BFDB4897A7BD}
		{1300DAFC-7F8D-4551-933B-D5780F22B0D2} = {EDBEC9F6-A79E-4A8F-9574-BFDB4897A7BD}
		{E18C77A9-1D40-4C9F-A5F0-234C2DDC2A90} = {EDBEC9F6-A79E-4A8F-9574-BFDB4897A7BD}
	EndGlobalSection
	GlobalSection(ExtensibilityGlobals) = postSolution
		SolutionGuid = {7640A248-8525-4A40-830C-C3A457164C49}
	EndGlobalSection
EndGlobal
