
Microsoft Visual Studio Solution File, Format Version 12.00
# Visual Studio Version 16
VisualStudioVersion = 16.0.30011.22
MinimumVisualStudioVersion = 10.0.40219.1
Project("{2150E333-8FDC-42A3-9474-1A3956D46DE8}") = "REgularExpressionLab", "REgularExpressionLab", "{A81EDAC9-B45E-4618-9BD3-1DD6A7C06FAE}"
EndProject
Project("{9A19103F-16F7-4668-BE54-9A1E7A4F7556}") = "Practice", "Practice\Practice.csproj", "{6F456A8B-D455-495E-9561-558BCE61B799}"
EndProject
Project("{9A19103F-16F7-4668-BE54-9A1E7A4F7556}") = "MatchFullName", "MatchFullName\MatchFullName.csproj", "{972DFEBB-B9DF-4B26-BD3E-7EBE91BB8125}"
EndProject
Project("{9A19103F-16F7-4668-BE54-9A1E7A4F7556}") = "MatchPhoneNumber", "MatchPhoneNumber\MatchPhoneNumber.csproj", "{82B7BEC3-0B4B-4C6C-8B7E-4A954E32F569}"
EndProject
Project("{9A19103F-16F7-4668-BE54-9A1E7A4F7556}") = "MatchDates", "MatchDates\MatchDates.csproj", "{8AB810A6-BA1C-41C9-803A-6B17C7634078}"
EndProject
Project("{2150E333-8FDC-42A3-9474-1A3956D46DE8}") = "RegexExercise", "RegexExercise", "{ECF6860B-14D3-4C81-8564-08EEE161699F}"
EndProject
Project("{9A19103F-16F7-4668-BE54-9A1E7A4F7556}") = "Furniture", "Furniture\Furniture.csproj", "{DE738EF2-9C08-4A6F-9F84-89D20C66F5E5}"
EndProject
Project("{9A19103F-16F7-4668-BE54-9A1E7A4F7556}") = "SoftUniBarIncome", "SoftUniBarIncome\SoftUniBarIncome.csproj", "{3DAE0D9A-131B-4B4F-9F4C-0C8C3B5189F6}"
EndProject
Project("{9A19103F-16F7-4668-BE54-9A1E7A4F7556}") = "StarEnigma", "StarEnigma\StarEnigma.csproj", "{F75005EB-CD9F-49E0-BA93-9D65A6B0250F}"
EndProject
Project("{FAE04EC0-301F-11D3-BF4B-00C04F79EFBC}") = "ExtractEmails", "ExtractEmails\ExtractEmails.csproj", "{5EF5A926-1317-43D3-A06D-48C98C3EA8A1}"
EndProject
Project("{FAE04EC0-301F-11D3-BF4B-00C04F79EFBC}") = "Race", "Race\Race.csproj", "{E150D50A-64D4-425D-BDA1-C71239F13429}"
EndProject
Project("{FAE04EC0-301F-11D3-BF4B-00C04F79EFBC}") = "NetherRealms", "NetherRealms\NetherRealms.csproj", "{612BCBDF-7D3F-4B2A-BC63-C0F437A29D98}"
EndProject
Project("{2150E333-8FDC-42A3-9474-1A3956D46DE8}") = "RegexMoreExercises", "RegexMoreExercises", "{581E383F-5065-4485-A410-2773669E6506}"
EndProject
Project("{FAE04EC0-301F-11D3-BF4B-00C04F79EFBC}") = "WinningTicket", "WinningTicket\WinningTicket.csproj", "{7F8C7713-348C-45CB-837C-890F841A4E87}"
EndProject
Project("{FAE04EC0-301F-11D3-BF4B-00C04F79EFBC}") = "RageQuit", "RageQuit\RageQuit.csproj", "{8BCD9F91-940C-473D-87CC-B7B697DC9206}"
EndProject
Project("{FAE04EC0-301F-11D3-BF4B-00C04F79EFBC}") = "PostOffice", "PostOffice\PostOffice.csproj", "{625D458E-ECDF-4306-92E0-3FAB78BC17EE}"
EndProject
Project("{FAE04EC0-301F-11D3-BF4B-00C04F79EFBC}") = "SantasSecretHelper", "SantasSecretHelper\SantasSecretHelper.csproj", "{C73461D5-3413-458B-A80B-838D06F83BFD}"
EndProject
Global
	GlobalSection(SolutionConfigurationPlatforms) = preSolution
		Debug|Any CPU = Debug|Any CPU
		Release|Any CPU = Release|Any CPU
	EndGlobalSection
	GlobalSection(ProjectConfigurationPlatforms) = postSolution
		{6F456A8B-D455-495E-9561-558BCE61B799}.Debug|Any CPU.ActiveCfg = Debug|Any CPU
		{6F456A8B-D455-495E-9561-558BCE61B799}.Debug|Any CPU.Build.0 = Debug|Any CPU
		{6F456A8B-D455-495E-9561-558BCE61B799}.Release|Any CPU.ActiveCfg = Release|Any CPU
		{6F456A8B-D455-495E-9561-558BCE61B799}.Release|Any CPU.Build.0 = Release|Any CPU
		{972DFEBB-B9DF-4B26-BD3E-7EBE91BB8125}.Debug|Any CPU.ActiveCfg = Debug|Any CPU
		{972DFEBB-B9DF-4B26-BD3E-7EBE91BB8125}.Debug|Any CPU.Build.0 = Debug|Any CPU
		{972DFEBB-B9DF-4B26-BD3E-7EBE91BB8125}.Release|Any CPU.ActiveCfg = Release|Any CPU
		{972DFEBB-B9DF-4B26-BD3E-7EBE91BB8125}.Release|Any CPU.Build.0 = Release|Any CPU
		{82B7BEC3-0B4B-4C6C-8B7E-4A954E32F569}.Debug|Any CPU.ActiveCfg = Debug|Any CPU
		{82B7BEC3-0B4B-4C6C-8B7E-4A954E32F569}.Debug|Any CPU.Build.0 = Debug|Any CPU
		{82B7BEC3-0B4B-4C6C-8B7E-4A954E32F569}.Release|Any CPU.ActiveCfg = Release|Any CPU
		{82B7BEC3-0B4B-4C6C-8B7E-4A954E32F569}.Release|Any CPU.Build.0 = Release|Any CPU
		{8AB810A6-BA1C-41C9-803A-6B17C7634078}.Debug|Any CPU.ActiveCfg = Debug|Any CPU
		{8AB810A6-BA1C-41C9-803A-6B17C7634078}.Debug|Any CPU.Build.0 = Debug|Any CPU
		{8AB810A6-BA1C-41C9-803A-6B17C7634078}.Release|Any CPU.ActiveCfg = Release|Any CPU
		{8AB810A6-BA1C-41C9-803A-6B17C7634078}.Release|Any CPU.Build.0 = Release|Any CPU
		{DE738EF2-9C08-4A6F-9F84-89D20C66F5E5}.Debug|Any CPU.ActiveCfg = Debug|Any CPU
		{DE738EF2-9C08-4A6F-9F84-89D20C66F5E5}.Debug|Any CPU.Build.0 = Debug|Any CPU
		{DE738EF2-9C08-4A6F-9F84-89D20C66F5E5}.Release|Any CPU.ActiveCfg = Release|Any CPU
		{DE738EF2-9C08-4A6F-9F84-89D20C66F5E5}.Release|Any CPU.Build.0 = Release|Any CPU
		{3DAE0D9A-131B-4B4F-9F4C-0C8C3B5189F6}.Debug|Any CPU.ActiveCfg = Debug|Any CPU
		{3DAE0D9A-131B-4B4F-9F4C-0C8C3B5189F6}.Debug|Any CPU.Build.0 = Debug|Any CPU
		{3DAE0D9A-131B-4B4F-9F4C-0C8C3B5189F6}.Release|Any CPU.ActiveCfg = Release|Any CPU
		{3DAE0D9A-131B-4B4F-9F4C-0C8C3B5189F6}.Release|Any CPU.Build.0 = Release|Any CPU
		{F75005EB-CD9F-49E0-BA93-9D65A6B0250F}.Debug|Any CPU.ActiveCfg = Debug|Any CPU
		{F75005EB-CD9F-49E0-BA93-9D65A6B0250F}.Debug|Any CPU.Build.0 = Debug|Any CPU
		{F75005EB-CD9F-49E0-BA93-9D65A6B0250F}.Release|Any CPU.ActiveCfg = Release|Any CPU
		{F75005EB-CD9F-49E0-BA93-9D65A6B0250F}.Release|Any CPU.Build.0 = Release|Any CPU
		{5EF5A926-1317-43D3-A06D-48C98C3EA8A1}.Debug|Any CPU.ActiveCfg = Debug|Any CPU
		{5EF5A926-1317-43D3-A06D-48C98C3EA8A1}.Debug|Any CPU.Build.0 = Debug|Any CPU
		{5EF5A926-1317-43D3-A06D-48C98C3EA8A1}.Release|Any CPU.ActiveCfg = Release|Any CPU
		{5EF5A926-1317-43D3-A06D-48C98C3EA8A1}.Release|Any CPU.Build.0 = Release|Any CPU
		{E150D50A-64D4-425D-BDA1-C71239F13429}.Debug|Any CPU.ActiveCfg = Debug|Any CPU
		{E150D50A-64D4-425D-BDA1-C71239F13429}.Debug|Any CPU.Build.0 = Debug|Any CPU
		{E150D50A-64D4-425D-BDA1-C71239F13429}.Release|Any CPU.ActiveCfg = Release|Any CPU
		{E150D50A-64D4-425D-BDA1-C71239F13429}.Release|Any CPU.Build.0 = Release|Any CPU
		{612BCBDF-7D3F-4B2A-BC63-C0F437A29D98}.Debug|Any CPU.ActiveCfg = Debug|Any CPU
		{612BCBDF-7D3F-4B2A-BC63-C0F437A29D98}.Debug|Any CPU.Build.0 = Debug|Any CPU
		{612BCBDF-7D3F-4B2A-BC63-C0F437A29D98}.Release|Any CPU.ActiveCfg = Release|Any CPU
		{612BCBDF-7D3F-4B2A-BC63-C0F437A29D98}.Release|Any CPU.Build.0 = Release|Any CPU
		{7F8C7713-348C-45CB-837C-890F841A4E87}.Debug|Any CPU.ActiveCfg = Debug|Any CPU
		{7F8C7713-348C-45CB-837C-890F841A4E87}.Debug|Any CPU.Build.0 = Debug|Any CPU
		{7F8C7713-348C-45CB-837C-890F841A4E87}.Release|Any CPU.ActiveCfg = Release|Any CPU
		{7F8C7713-348C-45CB-837C-890F841A4E87}.Release|Any CPU.Build.0 = Release|Any CPU
		{8BCD9F91-940C-473D-87CC-B7B697DC9206}.Debug|Any CPU.ActiveCfg = Debug|Any CPU
		{8BCD9F91-940C-473D-87CC-B7B697DC9206}.Debug|Any CPU.Build.0 = Debug|Any CPU
		{8BCD9F91-940C-473D-87CC-B7B697DC9206}.Release|Any CPU.ActiveCfg = Release|Any CPU
		{8BCD9F91-940C-473D-87CC-B7B697DC9206}.Release|Any CPU.Build.0 = Release|Any CPU
		{625D458E-ECDF-4306-92E0-3FAB78BC17EE}.Debug|Any CPU.ActiveCfg = Debug|Any CPU
		{625D458E-ECDF-4306-92E0-3FAB78BC17EE}.Debug|Any CPU.Build.0 = Debug|Any CPU
		{625D458E-ECDF-4306-92E0-3FAB78BC17EE}.Release|Any CPU.ActiveCfg = Release|Any CPU
		{625D458E-ECDF-4306-92E0-3FAB78BC17EE}.Release|Any CPU.Build.0 = Release|Any CPU
		{C73461D5-3413-458B-A80B-838D06F83BFD}.Debug|Any CPU.ActiveCfg = Debug|Any CPU
		{C73461D5-3413-458B-A80B-838D06F83BFD}.Debug|Any CPU.Build.0 = Debug|Any CPU
		{C73461D5-3413-458B-A80B-838D06F83BFD}.Release|Any CPU.ActiveCfg = Release|Any CPU
		{C73461D5-3413-458B-A80B-838D06F83BFD}.Release|Any CPU.Build.0 = Release|Any CPU
	EndGlobalSection
	GlobalSection(SolutionProperties) = preSolution
		HideSolutionNode = FALSE
	EndGlobalSection
	GlobalSection(NestedProjects) = preSolution
		{6F456A8B-D455-495E-9561-558BCE61B799} = {A81EDAC9-B45E-4618-9BD3-1DD6A7C06FAE}
		{972DFEBB-B9DF-4B26-BD3E-7EBE91BB8125} = {A81EDAC9-B45E-4618-9BD3-1DD6A7C06FAE}
		{82B7BEC3-0B4B-4C6C-8B7E-4A954E32F569} = {A81EDAC9-B45E-4618-9BD3-1DD6A7C06FAE}
		{8AB810A6-BA1C-41C9-803A-6B17C7634078} = {A81EDAC9-B45E-4618-9BD3-1DD6A7C06FAE}
		{DE738EF2-9C08-4A6F-9F84-89D20C66F5E5} = {ECF6860B-14D3-4C81-8564-08EEE161699F}
		{3DAE0D9A-131B-4B4F-9F4C-0C8C3B5189F6} = {ECF6860B-14D3-4C81-8564-08EEE161699F}
		{F75005EB-CD9F-49E0-BA93-9D65A6B0250F} = {ECF6860B-14D3-4C81-8564-08EEE161699F}
		{5EF5A926-1317-43D3-A06D-48C98C3EA8A1} = {ECF6860B-14D3-4C81-8564-08EEE161699F}
		{E150D50A-64D4-425D-BDA1-C71239F13429} = {ECF6860B-14D3-4C81-8564-08EEE161699F}
		{612BCBDF-7D3F-4B2A-BC63-C0F437A29D98} = {ECF6860B-14D3-4C81-8564-08EEE161699F}
		{7F8C7713-348C-45CB-837C-890F841A4E87} = {581E383F-5065-4485-A410-2773669E6506}
		{8BCD9F91-940C-473D-87CC-B7B697DC9206} = {581E383F-5065-4485-A410-2773669E6506}
		{625D458E-ECDF-4306-92E0-3FAB78BC17EE} = {581E383F-5065-4485-A410-2773669E6506}
		{C73461D5-3413-458B-A80B-838D06F83BFD} = {581E383F-5065-4485-A410-2773669E6506}
	EndGlobalSection
	GlobalSection(ExtensibilityGlobals) = postSolution
		SolutionGuid = {F20006A2-E48E-4CDA-B1D5-553A72747AD5}
	EndGlobalSection
EndGlobal
