
Microsoft Visual Studio Solution File, Format Version 12.00
# Visual Studio Version 16
VisualStudioVersion = 16.0.30011.22
MinimumVisualStudioVersion = 10.0.40219.1
Project("{2150E333-8FDC-42A3-9474-1A3956D46DE8}") = "AssociativeArraysLab", "AssociativeArraysLab", "{0668A7DD-BF81-4A8E-8A10-1013DC36239C}"
EndProject
Project("{9A19103F-16F7-4668-BE54-9A1E7A4F7556}") = "Practice", "Practice\Practice.csproj", "{FB1D985E-80BF-46A1-8C64-9ADA5057D744}"
EndProject
Project("{9A19103F-16F7-4668-BE54-9A1E7A4F7556}") = "CountRealNumbers", "CountRealNumbers\CountRealNumbers.csproj", "{AC6E7339-84C2-44A4-AFE4-AE030D965C18}"
EndProject
Project("{9A19103F-16F7-4668-BE54-9A1E7A4F7556}") = "OddOccurrences", "OddOccurrences\OddOccurrences.csproj", "{44E13835-EF60-43B5-8CB9-CB09A58DF2CB}"
EndProject
Project("{9A19103F-16F7-4668-BE54-9A1E7A4F7556}") = "WordSynonyms", "WordSynonyms\WordSynonyms.csproj", "{6D15C4DF-B242-47F8-AD96-A05821BEF3D6}"
EndProject
Project("{9A19103F-16F7-4668-BE54-9A1E7A4F7556}") = "Largest3Numbers", "Largest3Numbers\Largest3Numbers.csproj", "{D671B7E0-C56D-42D2-859F-EE585C06E3F0}"
EndProject
Project("{9A19103F-16F7-4668-BE54-9A1E7A4F7556}") = "SelectExemples", "SelectExemples\SelectExemples.csproj", "{AFC238DC-9E91-4019-B344-1D98082444A2}"
EndProject
Project("{9A19103F-16F7-4668-BE54-9A1E7A4F7556}") = "Lambda", "Lambda\Lambda.csproj", "{E2E32067-2AE9-4C0B-BCB7-28EDEFBD9C3A}"
EndProject
Project("{9A19103F-16F7-4668-BE54-9A1E7A4F7556}") = "WordFilter", "WordFilter\WordFilter.csproj", "{181ED5FF-AC77-4AF9-8A2C-153CB5877594}"
EndProject
Project("{2150E333-8FDC-42A3-9474-1A3956D46DE8}") = "AssociativeArraysExercise", "AssociativeArraysExercise", "{E41DC966-0E02-46B4-B2C2-5963E1C6EA8A}"
EndProject
Project("{9A19103F-16F7-4668-BE54-9A1E7A4F7556}") = "CountCharsInString", "CountCharsInString\CountCharsInString.csproj", "{7837DBC1-4CA0-47B2-ABA9-262BBB5A7C25}"
EndProject
Project("{9A19103F-16F7-4668-BE54-9A1E7A4F7556}") = "AMinerTask", "AMinerTask\AMinerTask.csproj", "{AC89AB6F-4B3C-493B-8BD5-CEFB71DFCA96}"
EndProject
Project("{9A19103F-16F7-4668-BE54-9A1E7A4F7556}") = "LegendaryFarming", "LegendaryFarming\LegendaryFarming.csproj", "{C1A9993A-251B-4940-8F15-16C7639D0F5A}"
EndProject
Project("{9A19103F-16F7-4668-BE54-9A1E7A4F7556}") = "Orders", "Orders\Orders.csproj", "{1AC4AB27-A279-419D-A574-378ACE4A6491}"
EndProject
Project("{9A19103F-16F7-4668-BE54-9A1E7A4F7556}") = "SoftUniParking", "SoftUniParking\SoftUniParking.csproj", "{3B4A1767-F82A-4AE3-8626-642BA6A92E19}"
EndProject
Project("{9A19103F-16F7-4668-BE54-9A1E7A4F7556}") = "Courses", "Courses\Courses.csproj", "{70BB6AA1-C7CE-4BCB-8E36-B77F1D0DAA32}"
EndProject
Project("{9A19103F-16F7-4668-BE54-9A1E7A4F7556}") = "StudentAcademy", "StudentAcademy\StudentAcademy.csproj", "{152A00BD-CBFB-4E5D-9B8B-BF04CEEE6340}"
EndProject
Project("{9A19103F-16F7-4668-BE54-9A1E7A4F7556}") = "CompanyUsers", "CompanyUsers\CompanyUsers.csproj", "{6167580E-98FA-4A6C-88DF-0ABB1E91DBF7}"
EndProject
Project("{9A19103F-16F7-4668-BE54-9A1E7A4F7556}") = "ForceBook", "ForceBook\ForceBook.csproj", "{1A418F52-1930-4B69-88D4-6FF406459D51}"
EndProject
Project("{9A19103F-16F7-4668-BE54-9A1E7A4F7556}") = "ConsoleApp1", "ConsoleApp1\ConsoleApp1.csproj", "{2ECF258D-EFB1-47A6-BF47-6403F9F9A82A}"
EndProject
Project("{9A19103F-16F7-4668-BE54-9A1E7A4F7556}") = "SoftUniExamResults", "SoftUniExamResults\SoftUniExamResults.csproj", "{2C26AF9B-94DE-4932-84D5-BDEB89D102EF}"
EndProject
Project("{2150E333-8FDC-42A3-9474-1A3956D46DE8}") = "AssociativeArraysMoreExercises", "AssociativeArraysMoreExercises", "{6C8A4A26-2F04-4ED3-AD82-29DD7A10B601}"
EndProject
Project("{911E67C6-3D85-4FCE-B560-20A9C3E3FF48}") = "Ranking", "Ranking\bin\Debug\netcoreapp3.1\Ranking.exe", "{92F20EAB-0306-4E5D-829D-0A81A936C3EF}"
	ProjectSection(DebuggerProjectSystem) = preProject
		PortSupplier = 00000000-0000-0000-0000-000000000000
		Executable = C:\Users\LENOVO\source\repos\AssociativeArrays\Ranking\bin\Debug\netcoreapp3.1\Ranking.exe
		RemoteMachine = DESKTOP-LPUSTF5
		StartingDirectory = C:\Users\LENOVO\source\repos\AssociativeArrays\Ranking\bin\Debug\netcoreapp3.1
		Environment = Default
		LaunchingEngine = 00000000-0000-0000-0000-000000000000
		UseLegacyDebugEngines = No
		LaunchSQLEngine = No
		AttachLaunchAction = No
	EndProjectSection
EndProject
Project("{9A19103F-16F7-4668-BE54-9A1E7A4F7556}") = "Judge", "Judge\Judge.csproj", "{E68A9CDF-1714-4C3B-900B-50C9193F6E9C}"
EndProject
Project("{9A19103F-16F7-4668-BE54-9A1E7A4F7556}") = "Ranking2", "Ranking2\Ranking2.csproj", "{E1A582B1-D041-4C02-95AE-1C55FEFE5F5E}"
EndProject
Project("{9A19103F-16F7-4668-BE54-9A1E7A4F7556}") = "MOBAChallenger", "MOBAChallenger\MOBAChallenger.csproj", "{7D845277-5EC6-43BB-83BF-71DC1DC9B846}"
EndProject
Project("{9A19103F-16F7-4668-BE54-9A1E7A4F7556}") = "Snowwhite", "Snowwhite\Snowwhite.csproj", "{9D720070-57C0-42B5-940A-15A13D1F199E}"
EndProject
Project("{9A19103F-16F7-4668-BE54-9A1E7A4F7556}") = "SnowWhite1", "SnowWhite1\SnowWhite1.csproj", "{A405C724-95F7-4ED6-9075-F008EF9FD750}"
EndProject
Project("{9A19103F-16F7-4668-BE54-9A1E7A4F7556}") = "DragonArmy", "DragonArmy\DragonArmy.csproj", "{5ACA06FC-A343-475A-9A0C-A7FD66E973E2}"
EndProject
Project("{9A19103F-16F7-4668-BE54-9A1E7A4F7556}") = "Orders1WithClass", "Orders1WithClass\Orders1WithClass.csproj", "{8381EAF7-A994-48D2-B5DD-77A75B8E592B}"
EndProject
Project("{9A19103F-16F7-4668-BE54-9A1E7A4F7556}") = "СръбскоUnleashed", "СръбскоUnleashed\СръбскоUnleashed.csproj", "{C5A9846B-B231-4BC1-B3FF-92EBA1312766}"
EndProject
Project("{9A19103F-16F7-4668-BE54-9A1E7A4F7556}") = "LogsAggregator", "LogsAggregator\LogsAggregator.csproj", "{2623C36A-91A8-4406-BF48-B8456551F199}"
EndProject
Project("{9A19103F-16F7-4668-BE54-9A1E7A4F7556}") = "PopulationCounter", "PopulationCounter\PopulationCounter.csproj", "{CB6F2F63-2EAC-4182-A00B-D280CC2316E7}"
EndProject
Project("{9A19103F-16F7-4668-BE54-9A1E7A4F7556}") = "UserLogs", "UserLogs\UserLogs.csproj", "{7B27E1A5-384D-4165-9795-83D5E74D4572}"
EndProject
Project("{FAE04EC0-301F-11D3-BF4B-00C04F79EFBC}") = "HandsДfCards", "HandsДfCards\HandsДfCards.csproj", "{ABFAFFFD-26EC-478D-94AD-26B20DA78A5D}"
EndProject
Global
	GlobalSection(SolutionConfigurationPlatforms) = preSolution
		Debug|Any CPU = Debug|Any CPU
		Debug|x64 = Debug|x64
		Release|Any CPU = Release|Any CPU
		Release|x64 = Release|x64
	EndGlobalSection
	GlobalSection(ProjectConfigurationPlatforms) = postSolution
		{FB1D985E-80BF-46A1-8C64-9ADA5057D744}.Debug|Any CPU.ActiveCfg = Debug|Any CPU
		{FB1D985E-80BF-46A1-8C64-9ADA5057D744}.Debug|Any CPU.Build.0 = Debug|Any CPU
		{FB1D985E-80BF-46A1-8C64-9ADA5057D744}.Debug|x64.ActiveCfg = Debug|Any CPU
		{FB1D985E-80BF-46A1-8C64-9ADA5057D744}.Debug|x64.Build.0 = Debug|Any CPU
		{FB1D985E-80BF-46A1-8C64-9ADA5057D744}.Release|Any CPU.ActiveCfg = Release|Any CPU
		{FB1D985E-80BF-46A1-8C64-9ADA5057D744}.Release|Any CPU.Build.0 = Release|Any CPU
		{FB1D985E-80BF-46A1-8C64-9ADA5057D744}.Release|x64.ActiveCfg = Release|Any CPU
		{FB1D985E-80BF-46A1-8C64-9ADA5057D744}.Release|x64.Build.0 = Release|Any CPU
		{AC6E7339-84C2-44A4-AFE4-AE030D965C18}.Debug|Any CPU.ActiveCfg = Debug|Any CPU
		{AC6E7339-84C2-44A4-AFE4-AE030D965C18}.Debug|Any CPU.Build.0 = Debug|Any CPU
		{AC6E7339-84C2-44A4-AFE4-AE030D965C18}.Debug|x64.ActiveCfg = Debug|Any CPU
		{AC6E7339-84C2-44A4-AFE4-AE030D965C18}.Debug|x64.Build.0 = Debug|Any CPU
		{AC6E7339-84C2-44A4-AFE4-AE030D965C18}.Release|Any CPU.ActiveCfg = Release|Any CPU
		{AC6E7339-84C2-44A4-AFE4-AE030D965C18}.Release|Any CPU.Build.0 = Release|Any CPU
		{AC6E7339-84C2-44A4-AFE4-AE030D965C18}.Release|x64.ActiveCfg = Release|Any CPU
		{AC6E7339-84C2-44A4-AFE4-AE030D965C18}.Release|x64.Build.0 = Release|Any CPU
		{44E13835-EF60-43B5-8CB9-CB09A58DF2CB}.Debug|Any CPU.ActiveCfg = Debug|Any CPU
		{44E13835-EF60-43B5-8CB9-CB09A58DF2CB}.Debug|Any CPU.Build.0 = Debug|Any CPU
		{44E13835-EF60-43B5-8CB9-CB09A58DF2CB}.Debug|x64.ActiveCfg = Debug|Any CPU
		{44E13835-EF60-43B5-8CB9-CB09A58DF2CB}.Debug|x64.Build.0 = Debug|Any CPU
		{44E13835-EF60-43B5-8CB9-CB09A58DF2CB}.Release|Any CPU.ActiveCfg = Release|Any CPU
		{44E13835-EF60-43B5-8CB9-CB09A58DF2CB}.Release|Any CPU.Build.0 = Release|Any CPU
		{44E13835-EF60-43B5-8CB9-CB09A58DF2CB}.Release|x64.ActiveCfg = Release|Any CPU
		{44E13835-EF60-43B5-8CB9-CB09A58DF2CB}.Release|x64.Build.0 = Release|Any CPU
		{6D15C4DF-B242-47F8-AD96-A05821BEF3D6}.Debug|Any CPU.ActiveCfg = Debug|Any CPU
		{6D15C4DF-B242-47F8-AD96-A05821BEF3D6}.Debug|Any CPU.Build.0 = Debug|Any CPU
		{6D15C4DF-B242-47F8-AD96-A05821BEF3D6}.Debug|x64.ActiveCfg = Debug|Any CPU
		{6D15C4DF-B242-47F8-AD96-A05821BEF3D6}.Debug|x64.Build.0 = Debug|Any CPU
		{6D15C4DF-B242-47F8-AD96-A05821BEF3D6}.Release|Any CPU.ActiveCfg = Release|Any CPU
		{6D15C4DF-B242-47F8-AD96-A05821BEF3D6}.Release|Any CPU.Build.0 = Release|Any CPU
		{6D15C4DF-B242-47F8-AD96-A05821BEF3D6}.Release|x64.ActiveCfg = Release|Any CPU
		{6D15C4DF-B242-47F8-AD96-A05821BEF3D6}.Release|x64.Build.0 = Release|Any CPU
		{D671B7E0-C56D-42D2-859F-EE585C06E3F0}.Debug|Any CPU.ActiveCfg = Debug|Any CPU
		{D671B7E0-C56D-42D2-859F-EE585C06E3F0}.Debug|Any CPU.Build.0 = Debug|Any CPU
		{D671B7E0-C56D-42D2-859F-EE585C06E3F0}.Debug|x64.ActiveCfg = Debug|Any CPU
		{D671B7E0-C56D-42D2-859F-EE585C06E3F0}.Debug|x64.Build.0 = Debug|Any CPU
		{D671B7E0-C56D-42D2-859F-EE585C06E3F0}.Release|Any CPU.ActiveCfg = Release|Any CPU
		{D671B7E0-C56D-42D2-859F-EE585C06E3F0}.Release|Any CPU.Build.0 = Release|Any CPU
		{D671B7E0-C56D-42D2-859F-EE585C06E3F0}.Release|x64.ActiveCfg = Release|Any CPU
		{D671B7E0-C56D-42D2-859F-EE585C06E3F0}.Release|x64.Build.0 = Release|Any CPU
		{AFC238DC-9E91-4019-B344-1D98082444A2}.Debug|Any CPU.ActiveCfg = Debug|Any CPU
		{AFC238DC-9E91-4019-B344-1D98082444A2}.Debug|Any CPU.Build.0 = Debug|Any CPU
		{AFC238DC-9E91-4019-B344-1D98082444A2}.Debug|x64.ActiveCfg = Debug|Any CPU
		{AFC238DC-9E91-4019-B344-1D98082444A2}.Debug|x64.Build.0 = Debug|Any CPU
		{AFC238DC-9E91-4019-B344-1D98082444A2}.Release|Any CPU.ActiveCfg = Release|Any CPU
		{AFC238DC-9E91-4019-B344-1D98082444A2}.Release|Any CPU.Build.0 = Release|Any CPU
		{AFC238DC-9E91-4019-B344-1D98082444A2}.Release|x64.ActiveCfg = Release|Any CPU
		{AFC238DC-9E91-4019-B344-1D98082444A2}.Release|x64.Build.0 = Release|Any CPU
		{E2E32067-2AE9-4C0B-BCB7-28EDEFBD9C3A}.Debug|Any CPU.ActiveCfg = Debug|Any CPU
		{E2E32067-2AE9-4C0B-BCB7-28EDEFBD9C3A}.Debug|Any CPU.Build.0 = Debug|Any CPU
		{E2E32067-2AE9-4C0B-BCB7-28EDEFBD9C3A}.Debug|x64.ActiveCfg = Debug|Any CPU
		{E2E32067-2AE9-4C0B-BCB7-28EDEFBD9C3A}.Debug|x64.Build.0 = Debug|Any CPU
		{E2E32067-2AE9-4C0B-BCB7-28EDEFBD9C3A}.Release|Any CPU.ActiveCfg = Release|Any CPU
		{E2E32067-2AE9-4C0B-BCB7-28EDEFBD9C3A}.Release|Any CPU.Build.0 = Release|Any CPU
		{E2E32067-2AE9-4C0B-BCB7-28EDEFBD9C3A}.Release|x64.ActiveCfg = Release|Any CPU
		{E2E32067-2AE9-4C0B-BCB7-28EDEFBD9C3A}.Release|x64.Build.0 = Release|Any CPU
		{181ED5FF-AC77-4AF9-8A2C-153CB5877594}.Debug|Any CPU.ActiveCfg = Debug|Any CPU
		{181ED5FF-AC77-4AF9-8A2C-153CB5877594}.Debug|Any CPU.Build.0 = Debug|Any CPU
		{181ED5FF-AC77-4AF9-8A2C-153CB5877594}.Debug|x64.ActiveCfg = Debug|Any CPU
		{181ED5FF-AC77-4AF9-8A2C-153CB5877594}.Debug|x64.Build.0 = Debug|Any CPU
		{181ED5FF-AC77-4AF9-8A2C-153CB5877594}.Release|Any CPU.ActiveCfg = Release|Any CPU
		{181ED5FF-AC77-4AF9-8A2C-153CB5877594}.Release|Any CPU.Build.0 = Release|Any CPU
		{181ED5FF-AC77-4AF9-8A2C-153CB5877594}.Release|x64.ActiveCfg = Release|Any CPU
		{181ED5FF-AC77-4AF9-8A2C-153CB5877594}.Release|x64.Build.0 = Release|Any CPU
		{7837DBC1-4CA0-47B2-ABA9-262BBB5A7C25}.Debug|Any CPU.ActiveCfg = Debug|Any CPU
		{7837DBC1-4CA0-47B2-ABA9-262BBB5A7C25}.Debug|Any CPU.Build.0 = Debug|Any CPU
		{7837DBC1-4CA0-47B2-ABA9-262BBB5A7C25}.Debug|x64.ActiveCfg = Debug|Any CPU
		{7837DBC1-4CA0-47B2-ABA9-262BBB5A7C25}.Debug|x64.Build.0 = Debug|Any CPU
		{7837DBC1-4CA0-47B2-ABA9-262BBB5A7C25}.Release|Any CPU.ActiveCfg = Release|Any CPU
		{7837DBC1-4CA0-47B2-ABA9-262BBB5A7C25}.Release|Any CPU.Build.0 = Release|Any CPU
		{7837DBC1-4CA0-47B2-ABA9-262BBB5A7C25}.Release|x64.ActiveCfg = Release|Any CPU
		{7837DBC1-4CA0-47B2-ABA9-262BBB5A7C25}.Release|x64.Build.0 = Release|Any CPU
		{AC89AB6F-4B3C-493B-8BD5-CEFB71DFCA96}.Debug|Any CPU.ActiveCfg = Debug|Any CPU
		{AC89AB6F-4B3C-493B-8BD5-CEFB71DFCA96}.Debug|Any CPU.Build.0 = Debug|Any CPU
		{AC89AB6F-4B3C-493B-8BD5-CEFB71DFCA96}.Debug|x64.ActiveCfg = Debug|Any CPU
		{AC89AB6F-4B3C-493B-8BD5-CEFB71DFCA96}.Debug|x64.Build.0 = Debug|Any CPU
		{AC89AB6F-4B3C-493B-8BD5-CEFB71DFCA96}.Release|Any CPU.ActiveCfg = Release|Any CPU
		{AC89AB6F-4B3C-493B-8BD5-CEFB71DFCA96}.Release|Any CPU.Build.0 = Release|Any CPU
		{AC89AB6F-4B3C-493B-8BD5-CEFB71DFCA96}.Release|x64.ActiveCfg = Release|Any CPU
		{AC89AB6F-4B3C-493B-8BD5-CEFB71DFCA96}.Release|x64.Build.0 = Release|Any CPU
		{C1A9993A-251B-4940-8F15-16C7639D0F5A}.Debug|Any CPU.ActiveCfg = Debug|Any CPU
		{C1A9993A-251B-4940-8F15-16C7639D0F5A}.Debug|Any CPU.Build.0 = Debug|Any CPU
		{C1A9993A-251B-4940-8F15-16C7639D0F5A}.Debug|x64.ActiveCfg = Debug|Any CPU
		{C1A9993A-251B-4940-8F15-16C7639D0F5A}.Debug|x64.Build.0 = Debug|Any CPU
		{C1A9993A-251B-4940-8F15-16C7639D0F5A}.Release|Any CPU.ActiveCfg = Release|Any CPU
		{C1A9993A-251B-4940-8F15-16C7639D0F5A}.Release|Any CPU.Build.0 = Release|Any CPU
		{C1A9993A-251B-4940-8F15-16C7639D0F5A}.Release|x64.ActiveCfg = Release|Any CPU
		{C1A9993A-251B-4940-8F15-16C7639D0F5A}.Release|x64.Build.0 = Release|Any CPU
		{1AC4AB27-A279-419D-A574-378ACE4A6491}.Debug|Any CPU.ActiveCfg = Debug|Any CPU
		{1AC4AB27-A279-419D-A574-378ACE4A6491}.Debug|Any CPU.Build.0 = Debug|Any CPU
		{1AC4AB27-A279-419D-A574-378ACE4A6491}.Debug|x64.ActiveCfg = Debug|Any CPU
		{1AC4AB27-A279-419D-A574-378ACE4A6491}.Debug|x64.Build.0 = Debug|Any CPU
		{1AC4AB27-A279-419D-A574-378ACE4A6491}.Release|Any CPU.ActiveCfg = Release|Any CPU
		{1AC4AB27-A279-419D-A574-378ACE4A6491}.Release|Any CPU.Build.0 = Release|Any CPU
		{1AC4AB27-A279-419D-A574-378ACE4A6491}.Release|x64.ActiveCfg = Release|Any CPU
		{1AC4AB27-A279-419D-A574-378ACE4A6491}.Release|x64.Build.0 = Release|Any CPU
		{3B4A1767-F82A-4AE3-8626-642BA6A92E19}.Debug|Any CPU.ActiveCfg = Debug|Any CPU
		{3B4A1767-F82A-4AE3-8626-642BA6A92E19}.Debug|Any CPU.Build.0 = Debug|Any CPU
		{3B4A1767-F82A-4AE3-8626-642BA6A92E19}.Debug|x64.ActiveCfg = Debug|Any CPU
		{3B4A1767-F82A-4AE3-8626-642BA6A92E19}.Debug|x64.Build.0 = Debug|Any CPU
		{3B4A1767-F82A-4AE3-8626-642BA6A92E19}.Release|Any CPU.ActiveCfg = Release|Any CPU
		{3B4A1767-F82A-4AE3-8626-642BA6A92E19}.Release|Any CPU.Build.0 = Release|Any CPU
		{3B4A1767-F82A-4AE3-8626-642BA6A92E19}.Release|x64.ActiveCfg = Release|Any CPU
		{3B4A1767-F82A-4AE3-8626-642BA6A92E19}.Release|x64.Build.0 = Release|Any CPU
		{70BB6AA1-C7CE-4BCB-8E36-B77F1D0DAA32}.Debug|Any CPU.ActiveCfg = Debug|Any CPU
		{70BB6AA1-C7CE-4BCB-8E36-B77F1D0DAA32}.Debug|Any CPU.Build.0 = Debug|Any CPU
		{70BB6AA1-C7CE-4BCB-8E36-B77F1D0DAA32}.Debug|x64.ActiveCfg = Debug|Any CPU
		{70BB6AA1-C7CE-4BCB-8E36-B77F1D0DAA32}.Debug|x64.Build.0 = Debug|Any CPU
		{70BB6AA1-C7CE-4BCB-8E36-B77F1D0DAA32}.Release|Any CPU.ActiveCfg = Release|Any CPU
		{70BB6AA1-C7CE-4BCB-8E36-B77F1D0DAA32}.Release|Any CPU.Build.0 = Release|Any CPU
		{70BB6AA1-C7CE-4BCB-8E36-B77F1D0DAA32}.Release|x64.ActiveCfg = Release|Any CPU
		{70BB6AA1-C7CE-4BCB-8E36-B77F1D0DAA32}.Release|x64.Build.0 = Release|Any CPU
		{152A00BD-CBFB-4E5D-9B8B-BF04CEEE6340}.Debug|Any CPU.ActiveCfg = Debug|Any CPU
		{152A00BD-CBFB-4E5D-9B8B-BF04CEEE6340}.Debug|Any CPU.Build.0 = Debug|Any CPU
		{152A00BD-CBFB-4E5D-9B8B-BF04CEEE6340}.Debug|x64.ActiveCfg = Debug|Any CPU
		{152A00BD-CBFB-4E5D-9B8B-BF04CEEE6340}.Debug|x64.Build.0 = Debug|Any CPU
		{152A00BD-CBFB-4E5D-9B8B-BF04CEEE6340}.Release|Any CPU.ActiveCfg = Release|Any CPU
		{152A00BD-CBFB-4E5D-9B8B-BF04CEEE6340}.Release|Any CPU.Build.0 = Release|Any CPU
		{152A00BD-CBFB-4E5D-9B8B-BF04CEEE6340}.Release|x64.ActiveCfg = Release|Any CPU
		{152A00BD-CBFB-4E5D-9B8B-BF04CEEE6340}.Release|x64.Build.0 = Release|Any CPU
		{6167580E-98FA-4A6C-88DF-0ABB1E91DBF7}.Debug|Any CPU.ActiveCfg = Debug|Any CPU
		{6167580E-98FA-4A6C-88DF-0ABB1E91DBF7}.Debug|Any CPU.Build.0 = Debug|Any CPU
		{6167580E-98FA-4A6C-88DF-0ABB1E91DBF7}.Debug|x64.ActiveCfg = Debug|Any CPU
		{6167580E-98FA-4A6C-88DF-0ABB1E91DBF7}.Debug|x64.Build.0 = Debug|Any CPU
		{6167580E-98FA-4A6C-88DF-0ABB1E91DBF7}.Release|Any CPU.ActiveCfg = Release|Any CPU
		{6167580E-98FA-4A6C-88DF-0ABB1E91DBF7}.Release|Any CPU.Build.0 = Release|Any CPU
		{6167580E-98FA-4A6C-88DF-0ABB1E91DBF7}.Release|x64.ActiveCfg = Release|Any CPU
		{6167580E-98FA-4A6C-88DF-0ABB1E91DBF7}.Release|x64.Build.0 = Release|Any CPU
		{1A418F52-1930-4B69-88D4-6FF406459D51}.Debug|Any CPU.ActiveCfg = Debug|Any CPU
		{1A418F52-1930-4B69-88D4-6FF406459D51}.Debug|Any CPU.Build.0 = Debug|Any CPU
		{1A418F52-1930-4B69-88D4-6FF406459D51}.Debug|x64.ActiveCfg = Debug|Any CPU
		{1A418F52-1930-4B69-88D4-6FF406459D51}.Debug|x64.Build.0 = Debug|Any CPU
		{1A418F52-1930-4B69-88D4-6FF406459D51}.Release|Any CPU.ActiveCfg = Release|Any CPU
		{1A418F52-1930-4B69-88D4-6FF406459D51}.Release|Any CPU.Build.0 = Release|Any CPU
		{1A418F52-1930-4B69-88D4-6FF406459D51}.Release|x64.ActiveCfg = Release|Any CPU
		{1A418F52-1930-4B69-88D4-6FF406459D51}.Release|x64.Build.0 = Release|Any CPU
		{2ECF258D-EFB1-47A6-BF47-6403F9F9A82A}.Debug|Any CPU.ActiveCfg = Debug|Any CPU
		{2ECF258D-EFB1-47A6-BF47-6403F9F9A82A}.Debug|Any CPU.Build.0 = Debug|Any CPU
		{2ECF258D-EFB1-47A6-BF47-6403F9F9A82A}.Debug|x64.ActiveCfg = Debug|Any CPU
		{2ECF258D-EFB1-47A6-BF47-6403F9F9A82A}.Debug|x64.Build.0 = Debug|Any CPU
		{2ECF258D-EFB1-47A6-BF47-6403F9F9A82A}.Release|Any CPU.ActiveCfg = Release|Any CPU
		{2ECF258D-EFB1-47A6-BF47-6403F9F9A82A}.Release|Any CPU.Build.0 = Release|Any CPU
		{2ECF258D-EFB1-47A6-BF47-6403F9F9A82A}.Release|x64.ActiveCfg = Release|Any CPU
		{2ECF258D-EFB1-47A6-BF47-6403F9F9A82A}.Release|x64.Build.0 = Release|Any CPU
		{2C26AF9B-94DE-4932-84D5-BDEB89D102EF}.Debug|Any CPU.ActiveCfg = Debug|Any CPU
		{2C26AF9B-94DE-4932-84D5-BDEB89D102EF}.Debug|Any CPU.Build.0 = Debug|Any CPU
		{2C26AF9B-94DE-4932-84D5-BDEB89D102EF}.Debug|x64.ActiveCfg = Debug|Any CPU
		{2C26AF9B-94DE-4932-84D5-BDEB89D102EF}.Debug|x64.Build.0 = Debug|Any CPU
		{2C26AF9B-94DE-4932-84D5-BDEB89D102EF}.Release|Any CPU.ActiveCfg = Release|Any CPU
		{2C26AF9B-94DE-4932-84D5-BDEB89D102EF}.Release|Any CPU.Build.0 = Release|Any CPU
		{2C26AF9B-94DE-4932-84D5-BDEB89D102EF}.Release|x64.ActiveCfg = Release|Any CPU
		{2C26AF9B-94DE-4932-84D5-BDEB89D102EF}.Release|x64.Build.0 = Release|Any CPU
		{92F20EAB-0306-4E5D-829D-0A81A936C3EF}.Debug|Any CPU.ActiveCfg = Release
		{92F20EAB-0306-4E5D-829D-0A81A936C3EF}.Debug|x64.ActiveCfg = Release
		{92F20EAB-0306-4E5D-829D-0A81A936C3EF}.Release|Any CPU.ActiveCfg = Release
		{92F20EAB-0306-4E5D-829D-0A81A936C3EF}.Release|x64.ActiveCfg = Release
		{E68A9CDF-1714-4C3B-900B-50C9193F6E9C}.Debug|Any CPU.ActiveCfg = Debug|Any CPU
		{E68A9CDF-1714-4C3B-900B-50C9193F6E9C}.Debug|Any CPU.Build.0 = Debug|Any CPU
		{E68A9CDF-1714-4C3B-900B-50C9193F6E9C}.Debug|x64.ActiveCfg = Debug|Any CPU
		{E68A9CDF-1714-4C3B-900B-50C9193F6E9C}.Debug|x64.Build.0 = Debug|Any CPU
		{E68A9CDF-1714-4C3B-900B-50C9193F6E9C}.Release|Any CPU.ActiveCfg = Release|Any CPU
		{E68A9CDF-1714-4C3B-900B-50C9193F6E9C}.Release|Any CPU.Build.0 = Release|Any CPU
		{E68A9CDF-1714-4C3B-900B-50C9193F6E9C}.Release|x64.ActiveCfg = Release|Any CPU
		{E68A9CDF-1714-4C3B-900B-50C9193F6E9C}.Release|x64.Build.0 = Release|Any CPU
		{E1A582B1-D041-4C02-95AE-1C55FEFE5F5E}.Debug|Any CPU.ActiveCfg = Debug|Any CPU
		{E1A582B1-D041-4C02-95AE-1C55FEFE5F5E}.Debug|Any CPU.Build.0 = Debug|Any CPU
		{E1A582B1-D041-4C02-95AE-1C55FEFE5F5E}.Debug|x64.ActiveCfg = Debug|Any CPU
		{E1A582B1-D041-4C02-95AE-1C55FEFE5F5E}.Debug|x64.Build.0 = Debug|Any CPU
		{E1A582B1-D041-4C02-95AE-1C55FEFE5F5E}.Release|Any CPU.ActiveCfg = Release|Any CPU
		{E1A582B1-D041-4C02-95AE-1C55FEFE5F5E}.Release|Any CPU.Build.0 = Release|Any CPU
		{E1A582B1-D041-4C02-95AE-1C55FEFE5F5E}.Release|x64.ActiveCfg = Release|Any CPU
		{E1A582B1-D041-4C02-95AE-1C55FEFE5F5E}.Release|x64.Build.0 = Release|Any CPU
		{7D845277-5EC6-43BB-83BF-71DC1DC9B846}.Debug|Any CPU.ActiveCfg = Debug|Any CPU
		{7D845277-5EC6-43BB-83BF-71DC1DC9B846}.Debug|Any CPU.Build.0 = Debug|Any CPU
		{7D845277-5EC6-43BB-83BF-71DC1DC9B846}.Debug|x64.ActiveCfg = Debug|Any CPU
		{7D845277-5EC6-43BB-83BF-71DC1DC9B846}.Debug|x64.Build.0 = Debug|Any CPU
		{7D845277-5EC6-43BB-83BF-71DC1DC9B846}.Release|Any CPU.ActiveCfg = Release|Any CPU
		{7D845277-5EC6-43BB-83BF-71DC1DC9B846}.Release|Any CPU.Build.0 = Release|Any CPU
		{7D845277-5EC6-43BB-83BF-71DC1DC9B846}.Release|x64.ActiveCfg = Release|Any CPU
		{7D845277-5EC6-43BB-83BF-71DC1DC9B846}.Release|x64.Build.0 = Release|Any CPU
		{9D720070-57C0-42B5-940A-15A13D1F199E}.Debug|Any CPU.ActiveCfg = Debug|Any CPU
		{9D720070-57C0-42B5-940A-15A13D1F199E}.Debug|Any CPU.Build.0 = Debug|Any CPU
		{9D720070-57C0-42B5-940A-15A13D1F199E}.Debug|x64.ActiveCfg = Debug|Any CPU
		{9D720070-57C0-42B5-940A-15A13D1F199E}.Debug|x64.Build.0 = Debug|Any CPU
		{9D720070-57C0-42B5-940A-15A13D1F199E}.Release|Any CPU.ActiveCfg = Release|Any CPU
		{9D720070-57C0-42B5-940A-15A13D1F199E}.Release|Any CPU.Build.0 = Release|Any CPU
		{9D720070-57C0-42B5-940A-15A13D1F199E}.Release|x64.ActiveCfg = Release|Any CPU
		{9D720070-57C0-42B5-940A-15A13D1F199E}.Release|x64.Build.0 = Release|Any CPU
		{A405C724-95F7-4ED6-9075-F008EF9FD750}.Debug|Any CPU.ActiveCfg = Debug|Any CPU
		{A405C724-95F7-4ED6-9075-F008EF9FD750}.Debug|Any CPU.Build.0 = Debug|Any CPU
		{A405C724-95F7-4ED6-9075-F008EF9FD750}.Debug|x64.ActiveCfg = Debug|Any CPU
		{A405C724-95F7-4ED6-9075-F008EF9FD750}.Debug|x64.Build.0 = Debug|Any CPU
		{A405C724-95F7-4ED6-9075-F008EF9FD750}.Release|Any CPU.ActiveCfg = Release|Any CPU
		{A405C724-95F7-4ED6-9075-F008EF9FD750}.Release|Any CPU.Build.0 = Release|Any CPU
		{A405C724-95F7-4ED6-9075-F008EF9FD750}.Release|x64.ActiveCfg = Release|Any CPU
		{A405C724-95F7-4ED6-9075-F008EF9FD750}.Release|x64.Build.0 = Release|Any CPU
		{5ACA06FC-A343-475A-9A0C-A7FD66E973E2}.Debug|Any CPU.ActiveCfg = Debug|Any CPU
		{5ACA06FC-A343-475A-9A0C-A7FD66E973E2}.Debug|Any CPU.Build.0 = Debug|Any CPU
		{5ACA06FC-A343-475A-9A0C-A7FD66E973E2}.Debug|x64.ActiveCfg = Debug|Any CPU
		{5ACA06FC-A343-475A-9A0C-A7FD66E973E2}.Debug|x64.Build.0 = Debug|Any CPU
		{5ACA06FC-A343-475A-9A0C-A7FD66E973E2}.Release|Any CPU.ActiveCfg = Release|Any CPU
		{5ACA06FC-A343-475A-9A0C-A7FD66E973E2}.Release|Any CPU.Build.0 = Release|Any CPU
		{5ACA06FC-A343-475A-9A0C-A7FD66E973E2}.Release|x64.ActiveCfg = Release|Any CPU
		{5ACA06FC-A343-475A-9A0C-A7FD66E973E2}.Release|x64.Build.0 = Release|Any CPU
		{8381EAF7-A994-48D2-B5DD-77A75B8E592B}.Debug|Any CPU.ActiveCfg = Debug|Any CPU
		{8381EAF7-A994-48D2-B5DD-77A75B8E592B}.Debug|Any CPU.Build.0 = Debug|Any CPU
		{8381EAF7-A994-48D2-B5DD-77A75B8E592B}.Debug|x64.ActiveCfg = Debug|Any CPU
		{8381EAF7-A994-48D2-B5DD-77A75B8E592B}.Debug|x64.Build.0 = Debug|Any CPU
		{8381EAF7-A994-48D2-B5DD-77A75B8E592B}.Release|Any CPU.ActiveCfg = Release|Any CPU
		{8381EAF7-A994-48D2-B5DD-77A75B8E592B}.Release|Any CPU.Build.0 = Release|Any CPU
		{8381EAF7-A994-48D2-B5DD-77A75B8E592B}.Release|x64.ActiveCfg = Release|Any CPU
		{8381EAF7-A994-48D2-B5DD-77A75B8E592B}.Release|x64.Build.0 = Release|Any CPU
		{C5A9846B-B231-4BC1-B3FF-92EBA1312766}.Debug|Any CPU.ActiveCfg = Debug|Any CPU
		{C5A9846B-B231-4BC1-B3FF-92EBA1312766}.Debug|Any CPU.Build.0 = Debug|Any CPU
		{C5A9846B-B231-4BC1-B3FF-92EBA1312766}.Debug|x64.ActiveCfg = Debug|Any CPU
		{C5A9846B-B231-4BC1-B3FF-92EBA1312766}.Debug|x64.Build.0 = Debug|Any CPU
		{C5A9846B-B231-4BC1-B3FF-92EBA1312766}.Release|Any CPU.ActiveCfg = Release|Any CPU
		{C5A9846B-B231-4BC1-B3FF-92EBA1312766}.Release|Any CPU.Build.0 = Release|Any CPU
		{C5A9846B-B231-4BC1-B3FF-92EBA1312766}.Release|x64.ActiveCfg = Release|Any CPU
		{C5A9846B-B231-4BC1-B3FF-92EBA1312766}.Release|x64.Build.0 = Release|Any CPU
		{2623C36A-91A8-4406-BF48-B8456551F199}.Debug|Any CPU.ActiveCfg = Debug|Any CPU
		{2623C36A-91A8-4406-BF48-B8456551F199}.Debug|Any CPU.Build.0 = Debug|Any CPU
		{2623C36A-91A8-4406-BF48-B8456551F199}.Debug|x64.ActiveCfg = Debug|Any CPU
		{2623C36A-91A8-4406-BF48-B8456551F199}.Debug|x64.Build.0 = Debug|Any CPU
		{2623C36A-91A8-4406-BF48-B8456551F199}.Release|Any CPU.ActiveCfg = Release|Any CPU
		{2623C36A-91A8-4406-BF48-B8456551F199}.Release|Any CPU.Build.0 = Release|Any CPU
		{2623C36A-91A8-4406-BF48-B8456551F199}.Release|x64.ActiveCfg = Release|Any CPU
		{2623C36A-91A8-4406-BF48-B8456551F199}.Release|x64.Build.0 = Release|Any CPU
		{CB6F2F63-2EAC-4182-A00B-D280CC2316E7}.Debug|Any CPU.ActiveCfg = Debug|Any CPU
		{CB6F2F63-2EAC-4182-A00B-D280CC2316E7}.Debug|Any CPU.Build.0 = Debug|Any CPU
		{CB6F2F63-2EAC-4182-A00B-D280CC2316E7}.Debug|x64.ActiveCfg = Debug|Any CPU
		{CB6F2F63-2EAC-4182-A00B-D280CC2316E7}.Debug|x64.Build.0 = Debug|Any CPU
		{CB6F2F63-2EAC-4182-A00B-D280CC2316E7}.Release|Any CPU.ActiveCfg = Release|Any CPU
		{CB6F2F63-2EAC-4182-A00B-D280CC2316E7}.Release|Any CPU.Build.0 = Release|Any CPU
		{CB6F2F63-2EAC-4182-A00B-D280CC2316E7}.Release|x64.ActiveCfg = Release|Any CPU
		{CB6F2F63-2EAC-4182-A00B-D280CC2316E7}.Release|x64.Build.0 = Release|Any CPU
		{7B27E1A5-384D-4165-9795-83D5E74D4572}.Debug|Any CPU.ActiveCfg = Debug|Any CPU
		{7B27E1A5-384D-4165-9795-83D5E74D4572}.Debug|Any CPU.Build.0 = Debug|Any CPU
		{7B27E1A5-384D-4165-9795-83D5E74D4572}.Debug|x64.ActiveCfg = Debug|Any CPU
		{7B27E1A5-384D-4165-9795-83D5E74D4572}.Debug|x64.Build.0 = Debug|Any CPU
		{7B27E1A5-384D-4165-9795-83D5E74D4572}.Release|Any CPU.ActiveCfg = Release|Any CPU
		{7B27E1A5-384D-4165-9795-83D5E74D4572}.Release|Any CPU.Build.0 = Release|Any CPU
		{7B27E1A5-384D-4165-9795-83D5E74D4572}.Release|x64.ActiveCfg = Release|Any CPU
		{7B27E1A5-384D-4165-9795-83D5E74D4572}.Release|x64.Build.0 = Release|Any CPU
		{ABFAFFFD-26EC-478D-94AD-26B20DA78A5D}.Debug|Any CPU.ActiveCfg = Debug|Any CPU
		{ABFAFFFD-26EC-478D-94AD-26B20DA78A5D}.Debug|Any CPU.Build.0 = Debug|Any CPU
		{ABFAFFFD-26EC-478D-94AD-26B20DA78A5D}.Debug|x64.ActiveCfg = Debug|Any CPU
		{ABFAFFFD-26EC-478D-94AD-26B20DA78A5D}.Debug|x64.Build.0 = Debug|Any CPU
		{ABFAFFFD-26EC-478D-94AD-26B20DA78A5D}.Release|Any CPU.ActiveCfg = Release|Any CPU
		{ABFAFFFD-26EC-478D-94AD-26B20DA78A5D}.Release|Any CPU.Build.0 = Release|Any CPU
		{ABFAFFFD-26EC-478D-94AD-26B20DA78A5D}.Release|x64.ActiveCfg = Release|Any CPU
		{ABFAFFFD-26EC-478D-94AD-26B20DA78A5D}.Release|x64.Build.0 = Release|Any CPU
	EndGlobalSection
	GlobalSection(SolutionProperties) = preSolution
		HideSolutionNode = FALSE
	EndGlobalSection
	GlobalSection(NestedProjects) = preSolution
		{FB1D985E-80BF-46A1-8C64-9ADA5057D744} = {0668A7DD-BF81-4A8E-8A10-1013DC36239C}
		{AC6E7339-84C2-44A4-AFE4-AE030D965C18} = {0668A7DD-BF81-4A8E-8A10-1013DC36239C}
		{44E13835-EF60-43B5-8CB9-CB09A58DF2CB} = {0668A7DD-BF81-4A8E-8A10-1013DC36239C}
		{6D15C4DF-B242-47F8-AD96-A05821BEF3D6} = {0668A7DD-BF81-4A8E-8A10-1013DC36239C}
		{D671B7E0-C56D-42D2-859F-EE585C06E3F0} = {0668A7DD-BF81-4A8E-8A10-1013DC36239C}
		{AFC238DC-9E91-4019-B344-1D98082444A2} = {0668A7DD-BF81-4A8E-8A10-1013DC36239C}
		{E2E32067-2AE9-4C0B-BCB7-28EDEFBD9C3A} = {0668A7DD-BF81-4A8E-8A10-1013DC36239C}
		{181ED5FF-AC77-4AF9-8A2C-153CB5877594} = {0668A7DD-BF81-4A8E-8A10-1013DC36239C}
		{7837DBC1-4CA0-47B2-ABA9-262BBB5A7C25} = {E41DC966-0E02-46B4-B2C2-5963E1C6EA8A}
		{AC89AB6F-4B3C-493B-8BD5-CEFB71DFCA96} = {E41DC966-0E02-46B4-B2C2-5963E1C6EA8A}
		{C1A9993A-251B-4940-8F15-16C7639D0F5A} = {E41DC966-0E02-46B4-B2C2-5963E1C6EA8A}
		{1AC4AB27-A279-419D-A574-378ACE4A6491} = {E41DC966-0E02-46B4-B2C2-5963E1C6EA8A}
		{3B4A1767-F82A-4AE3-8626-642BA6A92E19} = {E41DC966-0E02-46B4-B2C2-5963E1C6EA8A}
		{70BB6AA1-C7CE-4BCB-8E36-B77F1D0DAA32} = {E41DC966-0E02-46B4-B2C2-5963E1C6EA8A}
		{152A00BD-CBFB-4E5D-9B8B-BF04CEEE6340} = {E41DC966-0E02-46B4-B2C2-5963E1C6EA8A}
		{6167580E-98FA-4A6C-88DF-0ABB1E91DBF7} = {E41DC966-0E02-46B4-B2C2-5963E1C6EA8A}
		{1A418F52-1930-4B69-88D4-6FF406459D51} = {E41DC966-0E02-46B4-B2C2-5963E1C6EA8A}
		{2ECF258D-EFB1-47A6-BF47-6403F9F9A82A} = {E41DC966-0E02-46B4-B2C2-5963E1C6EA8A}
		{2C26AF9B-94DE-4932-84D5-BDEB89D102EF} = {E41DC966-0E02-46B4-B2C2-5963E1C6EA8A}
		{92F20EAB-0306-4E5D-829D-0A81A936C3EF} = {6C8A4A26-2F04-4ED3-AD82-29DD7A10B601}
		{E68A9CDF-1714-4C3B-900B-50C9193F6E9C} = {6C8A4A26-2F04-4ED3-AD82-29DD7A10B601}
		{E1A582B1-D041-4C02-95AE-1C55FEFE5F5E} = {6C8A4A26-2F04-4ED3-AD82-29DD7A10B601}
		{7D845277-5EC6-43BB-83BF-71DC1DC9B846} = {6C8A4A26-2F04-4ED3-AD82-29DD7A10B601}
		{9D720070-57C0-42B5-940A-15A13D1F199E} = {6C8A4A26-2F04-4ED3-AD82-29DD7A10B601}
		{A405C724-95F7-4ED6-9075-F008EF9FD750} = {6C8A4A26-2F04-4ED3-AD82-29DD7A10B601}
		{5ACA06FC-A343-475A-9A0C-A7FD66E973E2} = {6C8A4A26-2F04-4ED3-AD82-29DD7A10B601}
		{8381EAF7-A994-48D2-B5DD-77A75B8E592B} = {E41DC966-0E02-46B4-B2C2-5963E1C6EA8A}
		{C5A9846B-B231-4BC1-B3FF-92EBA1312766} = {6C8A4A26-2F04-4ED3-AD82-29DD7A10B601}
		{2623C36A-91A8-4406-BF48-B8456551F199} = {6C8A4A26-2F04-4ED3-AD82-29DD7A10B601}
		{CB6F2F63-2EAC-4182-A00B-D280CC2316E7} = {6C8A4A26-2F04-4ED3-AD82-29DD7A10B601}
		{7B27E1A5-384D-4165-9795-83D5E74D4572} = {6C8A4A26-2F04-4ED3-AD82-29DD7A10B601}
		{ABFAFFFD-26EC-478D-94AD-26B20DA78A5D} = {6C8A4A26-2F04-4ED3-AD82-29DD7A10B601}
	EndGlobalSection
	GlobalSection(ExtensibilityGlobals) = postSolution
		SolutionGuid = {D2E60F8E-B248-4E77-81AE-AF36EA2347EE}
	EndGlobalSection
EndGlobal
