
Microsoft Visual Studio Solution File, Format Version 12.00
# Visual Studio Version 16
VisualStudioVersion = 16.0.30011.22
MinimumVisualStudioVersion = 10.0.40219.1
Project("{9A19103F-16F7-4668-BE54-9A1E7A4F7556}") = "MethodsDemo", "MethodsDemo\MethodsDemo.csproj", "{7696DBAC-AF94-45A4-A3A1-9DCADD2B9666}"
EndProject
Project("{2150E333-8FDC-42A3-9474-1A3956D46DE8}") = "MethodsLab", "MethodsLab", "{6F494020-B7AD-46F7-ACB8-3E3DF3BACEA0}"
EndProject
Project("{9A19103F-16F7-4668-BE54-9A1E7A4F7556}") = "SignOfIntegerNumbers", "SignOfIntegerNumbers\SignOfIntegerNumbers.csproj", "{4931E4D7-0D04-4090-9DB9-79E47CB5423B}"
EndProject
Project("{9A19103F-16F7-4668-BE54-9A1E7A4F7556}") = "Grades", "Grades\Grades.csproj", "{C9661A25-1AFE-46A9-A529-ECB553D7C4E3}"
EndProject
Project("{9A19103F-16F7-4668-BE54-9A1E7A4F7556}") = "Calculations", "Calculations\Calculations.csproj", "{2C6E6C28-17AE-4967-ADB0-C1F5077D7F1C}"
EndProject
Project("{9A19103F-16F7-4668-BE54-9A1E7A4F7556}") = "PrintingTriangle", "PrintingTriangle\PrintingTriangle.csproj", "{3045FD83-FC3E-41B2-9029-AF9C1166C45B}"
EndProject
Project("{9A19103F-16F7-4668-BE54-9A1E7A4F7556}") = "Orders", "Orders\Orders.csproj", "{F9052BA4-5A06-45BE-A8D6-453627B2C5A3}"
EndProject
Project("{9A19103F-16F7-4668-BE54-9A1E7A4F7556}") = "CalculateRectangleArea", "CalculateRectangleArea\CalculateRectangleArea.csproj", "{4F2E6759-3105-450F-B143-28F721D5FA64}"
EndProject
Project("{9A19103F-16F7-4668-BE54-9A1E7A4F7556}") = "RepeatString", "RepeatString\RepeatString.csproj", "{5384C148-493D-4011-BD49-E2E2F0C91820}"
EndProject
Project("{9A19103F-16F7-4668-BE54-9A1E7A4F7556}") = "MathPower", "MathPower\MathPower.csproj", "{BFEB7809-FB85-46AA-A87E-7C9565C39DA9}"
EndProject
Project("{9A19103F-16F7-4668-BE54-9A1E7A4F7556}") = "GreaterOfTwoValues", "GreaterOfTwoValues\GreaterOfTwoValues.csproj", "{1321C967-FF78-4319-8C1D-B6353A395C16}"
EndProject
Project("{9A19103F-16F7-4668-BE54-9A1E7A4F7556}") = "MultiplyEvensByOdds", "MultiplyEvensByOdds\MultiplyEvensByOdds.csproj", "{971DDC4A-0DA8-4535-AF27-CD343DBC8388}"
EndProject
Project("{9A19103F-16F7-4668-BE54-9A1E7A4F7556}") = "MathOperations", "MathOperations\MathOperations.csproj", "{6CADA6F9-3D3C-48D7-A0C8-481CA921424D}"
EndProject
Project("{2150E333-8FDC-42A3-9474-1A3956D46DE8}") = "MethodsExercise", "MethodsExercise", "{2BECEEE5-1363-4C9D-B251-206A7E7AF234}"
EndProject
Project("{9A19103F-16F7-4668-BE54-9A1E7A4F7556}") = "SmallestOfThreeNumbers", "SmallestOfThreeNumbers\SmallestOfThreeNumbers.csproj", "{904C19F1-0989-4DA0-9203-7DD29A15382E}"
EndProject
Project("{9A19103F-16F7-4668-BE54-9A1E7A4F7556}") = "VowelsCount", "VowelsCount\VowelsCount.csproj", "{25EA3CFF-6448-4F59-AB22-78EE1C7890B7}"
EndProject
Project("{9A19103F-16F7-4668-BE54-9A1E7A4F7556}") = "CharactersInRange", "CharactersInRange\CharactersInRange.csproj", "{F7AEE941-CB41-45B1-8052-9B526352B746}"
EndProject
Project("{9A19103F-16F7-4668-BE54-9A1E7A4F7556}") = "PasswordValidator1", "PasswordValidator1\PasswordValidator1.csproj", "{DE8BD928-29E0-4605-AAFC-8593A03AB786}"
EndProject
Project("{9A19103F-16F7-4668-BE54-9A1E7A4F7556}") = "AddAndSubtract", "AddAndSubtract\AddAndSubtract.csproj", "{2FF536F4-9D45-4102-9AB8-15AA6A38D1D4}"
EndProject
Project("{9A19103F-16F7-4668-BE54-9A1E7A4F7556}") = "MiddleCharacters", "MiddleCharacters\MiddleCharacters.csproj", "{44D3EB03-C1BA-46C3-B718-188F417DC745}"
EndProject
Project("{9A19103F-16F7-4668-BE54-9A1E7A4F7556}") = "NxNMatrix", "NxNMatrix\NxNMatrix.csproj", "{A250E4BA-1CD3-4142-9394-E64498AB3E64}"
EndProject
Project("{9A19103F-16F7-4668-BE54-9A1E7A4F7556}") = "FactorialDivision", "FactorialDivision\FactorialDivision.csproj", "{E273F157-6BBE-48B9-8D20-240E57FB6646}"
EndProject
Project("{9A19103F-16F7-4668-BE54-9A1E7A4F7556}") = "PalindromeIntegers", "PalindromeIntegers\PalindromeIntegers.csproj", "{54E2CAF0-0E24-4FF0-9440-1448B498864E}"
EndProject
Project("{9A19103F-16F7-4668-BE54-9A1E7A4F7556}") = "TopNumber", "TopNumber\TopNumber.csproj", "{D42857BB-94A2-4D92-A786-2D3EFFA9E48C}"
EndProject
Project("{9A19103F-16F7-4668-BE54-9A1E7A4F7556}") = "ArrayManipulator", "ArrayManipulator\ArrayManipulator.csproj", "{35DA6C91-B563-4F24-BB49-A77634F14774}"
EndProject
Project("{2150E333-8FDC-42A3-9474-1A3956D46DE8}") = "MethodsMoreExercise", "MethodsMoreExercise", "{C86045F2-51AA-4665-9B9F-1BB0F8298C49}"
EndProject
Project("{9A19103F-16F7-4668-BE54-9A1E7A4F7556}") = "DataTypes", "DataTypes\DataTypes.csproj", "{3AD3CEE1-7EE6-4BF0-BBD3-C0A988AE1EC9}"
EndProject
Project("{9A19103F-16F7-4668-BE54-9A1E7A4F7556}") = "CenterPoint", "CenterPoint\CenterPoint.csproj", "{5C6ED4A8-94AA-4777-9191-8A6B267FC63A}"
EndProject
Project("{9A19103F-16F7-4668-BE54-9A1E7A4F7556}") = "LongerLine", "LongerLine\LongerLine.csproj", "{1852845B-1449-4AEE-8B5B-84FCA1999F74}"
EndProject
Project("{9A19103F-16F7-4668-BE54-9A1E7A4F7556}") = "TribonacciSequence", "TribonacciSequence\TribonacciSequence.csproj", "{3616339B-150D-486C-9B27-2438D1DD269A}"
EndProject
Project("{9A19103F-16F7-4668-BE54-9A1E7A4F7556}") = "MultiplicationSign", "MultiplicationSign\MultiplicationSign.csproj", "{52C92DC3-35DB-4EC8-84CB-9597A533471A}"
EndProject
Project("{FAE04EC0-301F-11D3-BF4B-00C04F79EFBC}") = "ArrayManipulatorWithoutMethods", "ArrayManipulatorWithoutMethods\ArrayManipulatorWithoutMethods.csproj", "{9048BC45-7D43-4C60-9E52-038051F1FB15}"
EndProject
Global
	GlobalSection(SolutionConfigurationPlatforms) = preSolution
		Debug|Any CPU = Debug|Any CPU
		Release|Any CPU = Release|Any CPU
	EndGlobalSection
	GlobalSection(ProjectConfigurationPlatforms) = postSolution
		{7696DBAC-AF94-45A4-A3A1-9DCADD2B9666}.Debug|Any CPU.ActiveCfg = Debug|Any CPU
		{7696DBAC-AF94-45A4-A3A1-9DCADD2B9666}.Debug|Any CPU.Build.0 = Debug|Any CPU
		{7696DBAC-AF94-45A4-A3A1-9DCADD2B9666}.Release|Any CPU.ActiveCfg = Release|Any CPU
		{7696DBAC-AF94-45A4-A3A1-9DCADD2B9666}.Release|Any CPU.Build.0 = Release|Any CPU
		{4931E4D7-0D04-4090-9DB9-79E47CB5423B}.Debug|Any CPU.ActiveCfg = Debug|Any CPU
		{4931E4D7-0D04-4090-9DB9-79E47CB5423B}.Debug|Any CPU.Build.0 = Debug|Any CPU
		{4931E4D7-0D04-4090-9DB9-79E47CB5423B}.Release|Any CPU.ActiveCfg = Release|Any CPU
		{4931E4D7-0D04-4090-9DB9-79E47CB5423B}.Release|Any CPU.Build.0 = Release|Any CPU
		{C9661A25-1AFE-46A9-A529-ECB553D7C4E3}.Debug|Any CPU.ActiveCfg = Debug|Any CPU
		{C9661A25-1AFE-46A9-A529-ECB553D7C4E3}.Debug|Any CPU.Build.0 = Debug|Any CPU
		{C9661A25-1AFE-46A9-A529-ECB553D7C4E3}.Release|Any CPU.ActiveCfg = Release|Any CPU
		{C9661A25-1AFE-46A9-A529-ECB553D7C4E3}.Release|Any CPU.Build.0 = Release|Any CPU
		{2C6E6C28-17AE-4967-ADB0-C1F5077D7F1C}.Debug|Any CPU.ActiveCfg = Debug|Any CPU
		{2C6E6C28-17AE-4967-ADB0-C1F5077D7F1C}.Debug|Any CPU.Build.0 = Debug|Any CPU
		{2C6E6C28-17AE-4967-ADB0-C1F5077D7F1C}.Release|Any CPU.ActiveCfg = Release|Any CPU
		{2C6E6C28-17AE-4967-ADB0-C1F5077D7F1C}.Release|Any CPU.Build.0 = Release|Any CPU
		{3045FD83-FC3E-41B2-9029-AF9C1166C45B}.Debug|Any CPU.ActiveCfg = Debug|Any CPU
		{3045FD83-FC3E-41B2-9029-AF9C1166C45B}.Debug|Any CPU.Build.0 = Debug|Any CPU
		{3045FD83-FC3E-41B2-9029-AF9C1166C45B}.Release|Any CPU.ActiveCfg = Release|Any CPU
		{3045FD83-FC3E-41B2-9029-AF9C1166C45B}.Release|Any CPU.Build.0 = Release|Any CPU
		{F9052BA4-5A06-45BE-A8D6-453627B2C5A3}.Debug|Any CPU.ActiveCfg = Debug|Any CPU
		{F9052BA4-5A06-45BE-A8D6-453627B2C5A3}.Debug|Any CPU.Build.0 = Debug|Any CPU
		{F9052BA4-5A06-45BE-A8D6-453627B2C5A3}.Release|Any CPU.ActiveCfg = Release|Any CPU
		{F9052BA4-5A06-45BE-A8D6-453627B2C5A3}.Release|Any CPU.Build.0 = Release|Any CPU
		{4F2E6759-3105-450F-B143-28F721D5FA64}.Debug|Any CPU.ActiveCfg = Debug|Any CPU
		{4F2E6759-3105-450F-B143-28F721D5FA64}.Debug|Any CPU.Build.0 = Debug|Any CPU
		{4F2E6759-3105-450F-B143-28F721D5FA64}.Release|Any CPU.ActiveCfg = Release|Any CPU
		{4F2E6759-3105-450F-B143-28F721D5FA64}.Release|Any CPU.Build.0 = Release|Any CPU
		{5384C148-493D-4011-BD49-E2E2F0C91820}.Debug|Any CPU.ActiveCfg = Debug|Any CPU
		{5384C148-493D-4011-BD49-E2E2F0C91820}.Debug|Any CPU.Build.0 = Debug|Any CPU
		{5384C148-493D-4011-BD49-E2E2F0C91820}.Release|Any CPU.ActiveCfg = Release|Any CPU
		{5384C148-493D-4011-BD49-E2E2F0C91820}.Release|Any CPU.Build.0 = Release|Any CPU
		{BFEB7809-FB85-46AA-A87E-7C9565C39DA9}.Debug|Any CPU.ActiveCfg = Debug|Any CPU
		{BFEB7809-FB85-46AA-A87E-7C9565C39DA9}.Debug|Any CPU.Build.0 = Debug|Any CPU
		{BFEB7809-FB85-46AA-A87E-7C9565C39DA9}.Release|Any CPU.ActiveCfg = Release|Any CPU
		{BFEB7809-FB85-46AA-A87E-7C9565C39DA9}.Release|Any CPU.Build.0 = Release|Any CPU
		{1321C967-FF78-4319-8C1D-B6353A395C16}.Debug|Any CPU.ActiveCfg = Debug|Any CPU
		{1321C967-FF78-4319-8C1D-B6353A395C16}.Debug|Any CPU.Build.0 = Debug|Any CPU
		{1321C967-FF78-4319-8C1D-B6353A395C16}.Release|Any CPU.ActiveCfg = Release|Any CPU
		{1321C967-FF78-4319-8C1D-B6353A395C16}.Release|Any CPU.Build.0 = Release|Any CPU
		{971DDC4A-0DA8-4535-AF27-CD343DBC8388}.Debug|Any CPU.ActiveCfg = Debug|Any CPU
		{971DDC4A-0DA8-4535-AF27-CD343DBC8388}.Debug|Any CPU.Build.0 = Debug|Any CPU
		{971DDC4A-0DA8-4535-AF27-CD343DBC8388}.Release|Any CPU.ActiveCfg = Release|Any CPU
		{971DDC4A-0DA8-4535-AF27-CD343DBC8388}.Release|Any CPU.Build.0 = Release|Any CPU
		{6CADA6F9-3D3C-48D7-A0C8-481CA921424D}.Debug|Any CPU.ActiveCfg = Debug|Any CPU
		{6CADA6F9-3D3C-48D7-A0C8-481CA921424D}.Debug|Any CPU.Build.0 = Debug|Any CPU
		{6CADA6F9-3D3C-48D7-A0C8-481CA921424D}.Release|Any CPU.ActiveCfg = Release|Any CPU
		{6CADA6F9-3D3C-48D7-A0C8-481CA921424D}.Release|Any CPU.Build.0 = Release|Any CPU
		{904C19F1-0989-4DA0-9203-7DD29A15382E}.Debug|Any CPU.ActiveCfg = Debug|Any CPU
		{904C19F1-0989-4DA0-9203-7DD29A15382E}.Debug|Any CPU.Build.0 = Debug|Any CPU
		{904C19F1-0989-4DA0-9203-7DD29A15382E}.Release|Any CPU.ActiveCfg = Release|Any CPU
		{904C19F1-0989-4DA0-9203-7DD29A15382E}.Release|Any CPU.Build.0 = Release|Any CPU
		{25EA3CFF-6448-4F59-AB22-78EE1C7890B7}.Debug|Any CPU.ActiveCfg = Debug|Any CPU
		{25EA3CFF-6448-4F59-AB22-78EE1C7890B7}.Debug|Any CPU.Build.0 = Debug|Any CPU
		{25EA3CFF-6448-4F59-AB22-78EE1C7890B7}.Release|Any CPU.ActiveCfg = Release|Any CPU
		{25EA3CFF-6448-4F59-AB22-78EE1C7890B7}.Release|Any CPU.Build.0 = Release|Any CPU
		{F7AEE941-CB41-45B1-8052-9B526352B746}.Debug|Any CPU.ActiveCfg = Debug|Any CPU
		{F7AEE941-CB41-45B1-8052-9B526352B746}.Debug|Any CPU.Build.0 = Debug|Any CPU
		{F7AEE941-CB41-45B1-8052-9B526352B746}.Release|Any CPU.ActiveCfg = Release|Any CPU
		{F7AEE941-CB41-45B1-8052-9B526352B746}.Release|Any CPU.Build.0 = Release|Any CPU
		{DE8BD928-29E0-4605-AAFC-8593A03AB786}.Debug|Any CPU.ActiveCfg = Debug|Any CPU
		{DE8BD928-29E0-4605-AAFC-8593A03AB786}.Debug|Any CPU.Build.0 = Debug|Any CPU
		{DE8BD928-29E0-4605-AAFC-8593A03AB786}.Release|Any CPU.ActiveCfg = Release|Any CPU
		{DE8BD928-29E0-4605-AAFC-8593A03AB786}.Release|Any CPU.Build.0 = Release|Any CPU
		{2FF536F4-9D45-4102-9AB8-15AA6A38D1D4}.Debug|Any CPU.ActiveCfg = Debug|Any CPU
		{2FF536F4-9D45-4102-9AB8-15AA6A38D1D4}.Debug|Any CPU.Build.0 = Debug|Any CPU
		{2FF536F4-9D45-4102-9AB8-15AA6A38D1D4}.Release|Any CPU.ActiveCfg = Release|Any CPU
		{2FF536F4-9D45-4102-9AB8-15AA6A38D1D4}.Release|Any CPU.Build.0 = Release|Any CPU
		{44D3EB03-C1BA-46C3-B718-188F417DC745}.Debug|Any CPU.ActiveCfg = Debug|Any CPU
		{44D3EB03-C1BA-46C3-B718-188F417DC745}.Debug|Any CPU.Build.0 = Debug|Any CPU
		{44D3EB03-C1BA-46C3-B718-188F417DC745}.Release|Any CPU.ActiveCfg = Release|Any CPU
		{44D3EB03-C1BA-46C3-B718-188F417DC745}.Release|Any CPU.Build.0 = Release|Any CPU
		{A250E4BA-1CD3-4142-9394-E64498AB3E64}.Debug|Any CPU.ActiveCfg = Debug|Any CPU
		{A250E4BA-1CD3-4142-9394-E64498AB3E64}.Debug|Any CPU.Build.0 = Debug|Any CPU
		{A250E4BA-1CD3-4142-9394-E64498AB3E64}.Release|Any CPU.ActiveCfg = Release|Any CPU
		{A250E4BA-1CD3-4142-9394-E64498AB3E64}.Release|Any CPU.Build.0 = Release|Any CPU
		{E273F157-6BBE-48B9-8D20-240E57FB6646}.Debug|Any CPU.ActiveCfg = Debug|Any CPU
		{E273F157-6BBE-48B9-8D20-240E57FB6646}.Debug|Any CPU.Build.0 = Debug|Any CPU
		{E273F157-6BBE-48B9-8D20-240E57FB6646}.Release|Any CPU.ActiveCfg = Release|Any CPU
		{E273F157-6BBE-48B9-8D20-240E57FB6646}.Release|Any CPU.Build.0 = Release|Any CPU
		{54E2CAF0-0E24-4FF0-9440-1448B498864E}.Debug|Any CPU.ActiveCfg = Debug|Any CPU
		{54E2CAF0-0E24-4FF0-9440-1448B498864E}.Debug|Any CPU.Build.0 = Debug|Any CPU
		{54E2CAF0-0E24-4FF0-9440-1448B498864E}.Release|Any CPU.ActiveCfg = Release|Any CPU
		{54E2CAF0-0E24-4FF0-9440-1448B498864E}.Release|Any CPU.Build.0 = Release|Any CPU
		{D42857BB-94A2-4D92-A786-2D3EFFA9E48C}.Debug|Any CPU.ActiveCfg = Debug|Any CPU
		{D42857BB-94A2-4D92-A786-2D3EFFA9E48C}.Debug|Any CPU.Build.0 = Debug|Any CPU
		{D42857BB-94A2-4D92-A786-2D3EFFA9E48C}.Release|Any CPU.ActiveCfg = Release|Any CPU
		{D42857BB-94A2-4D92-A786-2D3EFFA9E48C}.Release|Any CPU.Build.0 = Release|Any CPU
		{35DA6C91-B563-4F24-BB49-A77634F14774}.Debug|Any CPU.ActiveCfg = Debug|Any CPU
		{35DA6C91-B563-4F24-BB49-A77634F14774}.Debug|Any CPU.Build.0 = Debug|Any CPU
		{35DA6C91-B563-4F24-BB49-A77634F14774}.Release|Any CPU.ActiveCfg = Release|Any CPU
		{35DA6C91-B563-4F24-BB49-A77634F14774}.Release|Any CPU.Build.0 = Release|Any CPU
		{3AD3CEE1-7EE6-4BF0-BBD3-C0A988AE1EC9}.Debug|Any CPU.ActiveCfg = Debug|Any CPU
		{3AD3CEE1-7EE6-4BF0-BBD3-C0A988AE1EC9}.Debug|Any CPU.Build.0 = Debug|Any CPU
		{3AD3CEE1-7EE6-4BF0-BBD3-C0A988AE1EC9}.Release|Any CPU.ActiveCfg = Release|Any CPU
		{3AD3CEE1-7EE6-4BF0-BBD3-C0A988AE1EC9}.Release|Any CPU.Build.0 = Release|Any CPU
		{5C6ED4A8-94AA-4777-9191-8A6B267FC63A}.Debug|Any CPU.ActiveCfg = Debug|Any CPU
		{5C6ED4A8-94AA-4777-9191-8A6B267FC63A}.Debug|Any CPU.Build.0 = Debug|Any CPU
		{5C6ED4A8-94AA-4777-9191-8A6B267FC63A}.Release|Any CPU.ActiveCfg = Release|Any CPU
		{5C6ED4A8-94AA-4777-9191-8A6B267FC63A}.Release|Any CPU.Build.0 = Release|Any CPU
		{1852845B-1449-4AEE-8B5B-84FCA1999F74}.Debug|Any CPU.ActiveCfg = Debug|Any CPU
		{1852845B-1449-4AEE-8B5B-84FCA1999F74}.Debug|Any CPU.Build.0 = Debug|Any CPU
		{1852845B-1449-4AEE-8B5B-84FCA1999F74}.Release|Any CPU.ActiveCfg = Release|Any CPU
		{1852845B-1449-4AEE-8B5B-84FCA1999F74}.Release|Any CPU.Build.0 = Release|Any CPU
		{3616339B-150D-486C-9B27-2438D1DD269A}.Debug|Any CPU.ActiveCfg = Debug|Any CPU
		{3616339B-150D-486C-9B27-2438D1DD269A}.Debug|Any CPU.Build.0 = Debug|Any CPU
		{3616339B-150D-486C-9B27-2438D1DD269A}.Release|Any CPU.ActiveCfg = Release|Any CPU
		{3616339B-150D-486C-9B27-2438D1DD269A}.Release|Any CPU.Build.0 = Release|Any CPU
		{52C92DC3-35DB-4EC8-84CB-9597A533471A}.Debug|Any CPU.ActiveCfg = Debug|Any CPU
		{52C92DC3-35DB-4EC8-84CB-9597A533471A}.Debug|Any CPU.Build.0 = Debug|Any CPU
		{52C92DC3-35DB-4EC8-84CB-9597A533471A}.Release|Any CPU.ActiveCfg = Release|Any CPU
		{52C92DC3-35DB-4EC8-84CB-9597A533471A}.Release|Any CPU.Build.0 = Release|Any CPU
		{9048BC45-7D43-4C60-9E52-038051F1FB15}.Debug|Any CPU.ActiveCfg = Debug|Any CPU
		{9048BC45-7D43-4C60-9E52-038051F1FB15}.Debug|Any CPU.Build.0 = Debug|Any CPU
		{9048BC45-7D43-4C60-9E52-038051F1FB15}.Release|Any CPU.ActiveCfg = Release|Any CPU
		{9048BC45-7D43-4C60-9E52-038051F1FB15}.Release|Any CPU.Build.0 = Release|Any CPU
	EndGlobalSection
	GlobalSection(SolutionProperties) = preSolution
		HideSolutionNode = FALSE
	EndGlobalSection
	GlobalSection(NestedProjects) = preSolution
		{4931E4D7-0D04-4090-9DB9-79E47CB5423B} = {6F494020-B7AD-46F7-ACB8-3E3DF3BACEA0}
		{C9661A25-1AFE-46A9-A529-ECB553D7C4E3} = {6F494020-B7AD-46F7-ACB8-3E3DF3BACEA0}
		{2C6E6C28-17AE-4967-ADB0-C1F5077D7F1C} = {6F494020-B7AD-46F7-ACB8-3E3DF3BACEA0}
		{3045FD83-FC3E-41B2-9029-AF9C1166C45B} = {6F494020-B7AD-46F7-ACB8-3E3DF3BACEA0}
		{F9052BA4-5A06-45BE-A8D6-453627B2C5A3} = {6F494020-B7AD-46F7-ACB8-3E3DF3BACEA0}
		{4F2E6759-3105-450F-B143-28F721D5FA64} = {6F494020-B7AD-46F7-ACB8-3E3DF3BACEA0}
		{5384C148-493D-4011-BD49-E2E2F0C91820} = {6F494020-B7AD-46F7-ACB8-3E3DF3BACEA0}
		{BFEB7809-FB85-46AA-A87E-7C9565C39DA9} = {6F494020-B7AD-46F7-ACB8-3E3DF3BACEA0}
		{1321C967-FF78-4319-8C1D-B6353A395C16} = {6F494020-B7AD-46F7-ACB8-3E3DF3BACEA0}
		{971DDC4A-0DA8-4535-AF27-CD343DBC8388} = {6F494020-B7AD-46F7-ACB8-3E3DF3BACEA0}
		{6CADA6F9-3D3C-48D7-A0C8-481CA921424D} = {6F494020-B7AD-46F7-ACB8-3E3DF3BACEA0}
		{904C19F1-0989-4DA0-9203-7DD29A15382E} = {2BECEEE5-1363-4C9D-B251-206A7E7AF234}
		{25EA3CFF-6448-4F59-AB22-78EE1C7890B7} = {2BECEEE5-1363-4C9D-B251-206A7E7AF234}
		{F7AEE941-CB41-45B1-8052-9B526352B746} = {2BECEEE5-1363-4C9D-B251-206A7E7AF234}
		{DE8BD928-29E0-4605-AAFC-8593A03AB786} = {2BECEEE5-1363-4C9D-B251-206A7E7AF234}
		{2FF536F4-9D45-4102-9AB8-15AA6A38D1D4} = {2BECEEE5-1363-4C9D-B251-206A7E7AF234}
		{44D3EB03-C1BA-46C3-B718-188F417DC745} = {2BECEEE5-1363-4C9D-B251-206A7E7AF234}
		{A250E4BA-1CD3-4142-9394-E64498AB3E64} = {2BECEEE5-1363-4C9D-B251-206A7E7AF234}
		{E273F157-6BBE-48B9-8D20-240E57FB6646} = {2BECEEE5-1363-4C9D-B251-206A7E7AF234}
		{54E2CAF0-0E24-4FF0-9440-1448B498864E} = {2BECEEE5-1363-4C9D-B251-206A7E7AF234}
		{D42857BB-94A2-4D92-A786-2D3EFFA9E48C} = {2BECEEE5-1363-4C9D-B251-206A7E7AF234}
		{35DA6C91-B563-4F24-BB49-A77634F14774} = {2BECEEE5-1363-4C9D-B251-206A7E7AF234}
		{3AD3CEE1-7EE6-4BF0-BBD3-C0A988AE1EC9} = {C86045F2-51AA-4665-9B9F-1BB0F8298C49}
		{5C6ED4A8-94AA-4777-9191-8A6B267FC63A} = {C86045F2-51AA-4665-9B9F-1BB0F8298C49}
		{1852845B-1449-4AEE-8B5B-84FCA1999F74} = {C86045F2-51AA-4665-9B9F-1BB0F8298C49}
		{3616339B-150D-486C-9B27-2438D1DD269A} = {C86045F2-51AA-4665-9B9F-1BB0F8298C49}
		{52C92DC3-35DB-4EC8-84CB-9597A533471A} = {C86045F2-51AA-4665-9B9F-1BB0F8298C49}
		{9048BC45-7D43-4C60-9E52-038051F1FB15} = {2BECEEE5-1363-4C9D-B251-206A7E7AF234}
	EndGlobalSection
	GlobalSection(ExtensibilityGlobals) = postSolution
		SolutionGuid = {64F56D2E-C756-4E1E-8A79-473E4B1DCD71}
	EndGlobalSection
EndGlobal
